// !$*UTF8*$!
{
	archiveVersion = 1;
	classes = {
	};
	objectVersion = 46;
	objects = {

/* Begin PBXBuildFile section */
		6B072E6C1A1BEA040018F86D /* CardMapAnnotation.m in Sources */ = {isa = PBXBuildFile; fileRef = 6B072E6B1A1BEA040018F86D /* CardMapAnnotation.m */; };
		6B386F321A344E5C00A69E9B /* CTPrintedCardViewController_Common.m in Sources */ = {isa = PBXBuildFile; fileRef = 6B386F311A344E5C00A69E9B /* CTPrintedCardViewController_Common.m */; };
		6B4C2B0619E6FB6D00FB87DE /* BorderContainerView.m in Sources */ = {isa = PBXBuildFile; fileRef = 6B4C2B0519E6FB6D00FB87DE /* BorderContainerView.m */; };
		6B4C2B0919E6FE7500FB87DE /* PreferredSizingImageView.m in Sources */ = {isa = PBXBuildFile; fileRef = 6B4C2B0819E6FE7500FB87DE /* PreferredSizingImageView.m */; };
		6B5056D219E14BCB006939CC /* CTMainViewController_Common.m in Sources */ = {isa = PBXBuildFile; fileRef = 6B5056D119E14BCB006939CC /* CTMainViewController_Common.m */; };
		6B5056D619E14C92006939CC /* CTMyTemplatesViewController_Common.m in Sources */ = {isa = PBXBuildFile; fileRef = 6B5056D519E14C92006939CC /* CTMyTemplatesViewController_Common.m */; };
		6B5056E119E14D1E006939CC /* CTNewTemplateViewController_Common.m in Sources */ = {isa = PBXBuildFile; fileRef = 6B5056E019E14D1E006939CC /* CTNewTemplateViewController_Common.m */; };
		6B5056EB19E14D65006939CC /* CTPrintTemplateViewController_Common.m in Sources */ = {isa = PBXBuildFile; fileRef = 6B5056EA19E14D65006939CC /* CTPrintTemplateViewController_Common.m */; };
		6B77A8CA19D6C9E200FC0978 /* CTCommonUI.h in CopyFiles */ = {isa = PBXBuildFile; fileRef = 6B77A8C919D6C9E200FC0978 /* CTCommonUI.h */; };
		6B77A8CC19D6C9E200FC0978 /* CTCommonUI.m in Sources */ = {isa = PBXBuildFile; fileRef = 6B77A8CB19D6C9E200FC0978 /* CTCommonUI.m */; };
		6B77A8E719D6CBC100FC0978 /* libCTServices.a in Frameworks */ = {isa = PBXBuildFile; fileRef = 6B77A8E619D6CBC100FC0978 /* libCTServices.a */; };
		6BD769AD1A1408CC006362F2 /* CardMapView.m in Sources */ = {isa = PBXBuildFile; fileRef = 6BD769AC1A1408CC006362F2 /* CardMapView.m */; };
		6BD769B21A140976006362F2 /* CardMapLister.m in Sources */ = {isa = PBXBuildFile; fileRef = 6BD769B11A140976006362F2 /* CardMapLister.m */; };
		6BD769B51A140992006362F2 /* CardMapListerView.m in Sources */ = {isa = PBXBuildFile; fileRef = 6BD769B41A140992006362F2 /* CardMapListerView.m */; };
		6BDCAFB919EC44F700365D32 /* CTPassingViewNavigationViewController.m in Sources */ = {isa = PBXBuildFile; fileRef = 6BDCAFB819EC44F700365D32 /* CTPassingViewNavigationViewController.m */; };
		BD31F30419F9170200AF73D6 /* CTScanViewController_Common.m in Sources */ = {isa = PBXBuildFile; fileRef = BD31F30319F9170200AF73D6 /* CTScanViewController_Common.m */; };
		BD31F31819F9415000AF73D6 /* CTCardsViewController_Common.m in Sources */ = {isa = PBXBuildFile; fileRef = BD31F31719F9415000AF73D6 /* CTCardsViewController_Common.m */; };
		BD31F31C19F944E400AF73D6 /* CTCardsViewController_Common.m in Sources */ = {isa = PBXBuildFile; fileRef = BD31F31719F9415000AF73D6 /* CTCardsViewController_Common.m */; };
		BD7228BC19E165A800EA93A9 /* CTTwoStateButton.m in Sources */ = {isa = PBXBuildFile; fileRef = BD7228BB19E165A800EA93A9 /* CTTwoStateButton.m */; };
		BD7228C319E194A900EA93A9 /* CTValidTextField.m in Sources */ = {isa = PBXBuildFile; fileRef = BD7228C219E194A900EA93A9 /* CTValidTextField.m */; };
		BD7AB1CB19E14A91000D88AB /* CardDrawing.m in Sources */ = {isa = PBXBuildFile; fileRef = BD7AB19519E14A91000D88AB /* CardDrawing.m */; };
		BD7AB1CC19E14A91000D88AB /* CouponDrawingData.m in Sources */ = {isa = PBXBuildFile; fileRef = BD7AB19819E14A91000D88AB /* CouponDrawingData.m */; };
		BD7AB1CD19E14A91000D88AB /* CouponDrawingBaseLayer.m in Sources */ = {isa = PBXBuildFile; fileRef = BD7AB19C19E14A91000D88AB /* CouponDrawingBaseLayer.m */; };
		BD7AB1CE19E14A91000D88AB /* CouponDrawingBoxBaseLayer.m in Sources */ = {isa = PBXBuildFile; fileRef = BD7AB19E19E14A91000D88AB /* CouponDrawingBoxBaseLayer.m */; };
		BD7AB1CF19E14A91000D88AB /* CouponDrawingImageLayer.m in Sources */ = {isa = PBXBuildFile; fileRef = BD7AB1A019E14A91000D88AB /* CouponDrawingImageLayer.m */; };
		BD7AB1D019E14A91000D88AB /* CouponDrawingRectLayer.m in Sources */ = {isa = PBXBuildFile; fileRef = BD7AB1A219E14A91000D88AB /* CouponDrawingRectLayer.m */; };
		BD7AB1D119E14A91000D88AB /* CouponDrawingTextLayer.m in Sources */ = {isa = PBXBuildFile; fileRef = BD7AB1A419E14A91000D88AB /* CouponDrawingTextLayer.m */; };
		BD7AB1D219E14A91000D88AB /* CardDrawingLayerView.m in Sources */ = {isa = PBXBuildFile; fileRef = BD7AB1A719E14A91000D88AB /* CardDrawingLayerView.m */; };
		BD7AB1D319E14A91000D88AB /* CardDrawingOperationAddView.m in Sources */ = {isa = PBXBuildFile; fileRef = BD7AB1AA19E14A91000D88AB /* CardDrawingOperationAddView.m */; };
		BD7AB1D419E14A91000D88AB /* CardDrawingOperationImageEditView.m in Sources */ = {isa = PBXBuildFile; fileRef = BD7AB1AD19E14A91000D88AB /* CardDrawingOperationImageEditView.m */; };
		BD7AB1D519E14A91000D88AB /* CardDrawingOperationRectEditView.m in Sources */ = {isa = PBXBuildFile; fileRef = BD7AB1AF19E14A91000D88AB /* CardDrawingOperationRectEditView.m */; };
		BD7AB1D619E14A91000D88AB /* CardDrawingOperationTextEditView.m in Sources */ = {isa = PBXBuildFile; fileRef = BD7AB1B119E14A91000D88AB /* CardDrawingOperationTextEditView.m */; };
		BD7AB1D719E14A91000D88AB /* CardDrawingOperationView.m in Sources */ = {isa = PBXBuildFile; fileRef = BD7AB1B319E14A91000D88AB /* CardDrawingOperationView.m */; };
		BD7AB1D819E14A91000D88AB /* CardDrawingEditBoxPresentView.m in Sources */ = {isa = PBXBuildFile; fileRef = BD7AB1B619E14A91000D88AB /* CardDrawingEditBoxPresentView.m */; };
		BD7AB1D919E14A91000D88AB /* CardDrawingEditGrabberView.m in Sources */ = {isa = PBXBuildFile; fileRef = BD7AB1B819E14A91000D88AB /* CardDrawingEditGrabberView.m */; };
		BD7AB1DA19E14A91000D88AB /* CardDrawingEditTextPresentView.m in Sources */ = {isa = PBXBuildFile; fileRef = BD7AB1BB19E14A91000D88AB /* CardDrawingEditTextPresentView.m */; };
		BD7AB1DB19E14A91000D88AB /* CardDrawingPresentView.m in Sources */ = {isa = PBXBuildFile; fileRef = BD7AB1BD19E14A91000D88AB /* CardDrawingPresentView.m */; };
		BD7AB1DC19E14A91000D88AB /* CouponCardDrawerManager.m in Sources */ = {isa = PBXBuildFile; fileRef = BD7AB1BF19E14A91000D88AB /* CouponCardDrawerManager.m */; };
		BD7AB1DD19E14A91000D88AB /* CouponCardDrawerManagerListener.m in Sources */ = {isa = PBXBuildFile; fileRef = BD7AB1C119E14A91000D88AB /* CouponCardDrawerManagerListener.m */; };
		BD7AB1DF19E14A91000D88AB /* CTLoginViewController_Common.m in Sources */ = {isa = PBXBuildFile; fileRef = BD7AB1C919E14A91000D88AB /* CTLoginViewController_Common.m */; };
		BD7AB1E319E14AB8000D88AB /* CTViewController.m in Sources */ = {isa = PBXBuildFile; fileRef = BD7AB1E219E14AB8000D88AB /* CTViewController.m */; };
		BD9D49D61A063B13001D2326 /* CTCardContentView.m in Sources */ = {isa = PBXBuildFile; fileRef = BD9D49D51A063B13001D2326 /* CTCardContentView.m */; };
		BD9D49E31A06753D001D2326 /* CTComposeViewController.m in Sources */ = {isa = PBXBuildFile; fileRef = BD9D49E21A06753D001D2326 /* CTComposeViewController.m */; };
		BDBFC19419FD330F0072306F /* CTContentDetailsViewController_Common.m in Sources */ = {isa = PBXBuildFile; fileRef = BDBFC19319FD330F0072306F /* CTContentDetailsViewController_Common.m */; };
		BDBFC19719FD331F0072306F /* CTNewContentViewController_Common.m in Sources */ = {isa = PBXBuildFile; fileRef = BDBFC19619FD331F0072306F /* CTNewContentViewController_Common.m */; };
/* End PBXBuildFile section */

/* Begin PBXContainerItemProxy section */
		6BCB423919D7188C0091E870 /* PBXContainerItemProxy */ = {
			isa = PBXContainerItemProxy;
			containerPortal = 6BCB423319D7188C0091E870 /* CTServices.xcodeproj */;
			proxyType = 2;
			remoteGlobalIDString = 6B77A8A619D6C9BF00FC0978;
			remoteInfo = CTServices;
		};
		6BCB423B19D7188C0091E870 /* PBXContainerItemProxy */ = {
			isa = PBXContainerItemProxy;
			containerPortal = 6BCB423319D7188C0091E870 /* CTServices.xcodeproj */;
			proxyType = 2;
			remoteGlobalIDString = 6B77A8B119D6C9C000FC0978;
			remoteInfo = CTServicesTests;
		};
		6BDFBCAB1A324690006EAE61 /* PBXContainerItemProxy */ = {
			isa = PBXContainerItemProxy;
			containerPortal = 6BCB423319D7188C0091E870 /* CTServices.xcodeproj */;
			proxyType = 1;
			remoteGlobalIDString = 6B77A8A519D6C9BF00FC0978;
			remoteInfo = CTServices;
		};
/* End PBXContainerItemProxy section */

/* Begin PBXCopyFilesBuildPhase section */
		6B77A8C419D6C9E200FC0978 /* CopyFiles */ = {
			isa = PBXCopyFilesBuildPhase;
			buildActionMask = 2147483647;
			dstPath = "include/$(PRODUCT_NAME)";
			dstSubfolderSpec = 16;
			files = (
				6B77A8CA19D6C9E200FC0978 /* CTCommonUI.h in CopyFiles */,
			);
			runOnlyForDeploymentPostprocessing = 0;
		};
/* End PBXCopyFilesBuildPhase section */

/* Begin PBXFileReference section */
		6B072E6A1A1BEA040018F86D /* CardMapAnnotation.h */ = {isa = PBXFileReference; fileEncoding = 4; lastKnownFileType = sourcecode.c.h; name = CardMapAnnotation.h; path = CardMapLister/CardMapAnnotation.h; sourceTree = "<group>"; };
		6B072E6B1A1BEA040018F86D /* CardMapAnnotation.m */ = {isa = PBXFileReference; fileEncoding = 4; lastKnownFileType = sourcecode.c.objc; name = CardMapAnnotation.m; path = CardMapLister/CardMapAnnotation.m; sourceTree = "<group>"; };
		6B386F301A344E5C00A69E9B /* CTPrintedCardViewController_Common.h */ = {isa = PBXFileReference; fileEncoding = 4; lastKnownFileType = sourcecode.c.h; name = CTPrintedCardViewController_Common.h; path = PrintedCard/CTPrintedCardViewController_Common.h; sourceTree = "<group>"; };
		6B386F311A344E5C00A69E9B /* CTPrintedCardViewController_Common.m */ = {isa = PBXFileReference; fileEncoding = 4; lastKnownFileType = sourcecode.c.objc; name = CTPrintedCardViewController_Common.m; path = PrintedCard/CTPrintedCardViewController_Common.m; sourceTree = "<group>"; };
		6B386F371A34543C00A69E9B /* CardMapListing.h */ = {isa = PBXFileReference; fileEncoding = 4; lastKnownFileType = sourcecode.c.h; name = CardMapListing.h; path = CardMapLister/CardMapListing.h; sourceTree = "<group>"; };
		6B4C2B0419E6FB6D00FB87DE /* BorderContainerView.h */ = {isa = PBXFileReference; fileEncoding = 4; lastKnownFileType = sourcecode.c.h; name = BorderContainerView.h; path = BorderContainerView/BorderContainerView.h; sourceTree = "<group>"; };
		6B4C2B0519E6FB6D00FB87DE /* BorderContainerView.m */ = {isa = PBXFileReference; fileEncoding = 4; lastKnownFileType = sourcecode.c.objc; name = BorderContainerView.m; path = BorderContainerView/BorderContainerView.m; sourceTree = "<group>"; };
		6B4C2B0719E6FE7500FB87DE /* PreferredSizingImageView.h */ = {isa = PBXFileReference; fileEncoding = 4; lastKnownFileType = sourcecode.c.h; name = PreferredSizingImageView.h; path = BorderContainerView/PreferredSizingImageView.h; sourceTree = "<group>"; };
		6B4C2B0819E6FE7500FB87DE /* PreferredSizingImageView.m */ = {isa = PBXFileReference; fileEncoding = 4; lastKnownFileType = sourcecode.c.objc; name = PreferredSizingImageView.m; path = BorderContainerView/PreferredSizingImageView.m; sourceTree = "<group>"; };
		6B4C2B0A19E6FE8900FB87DE /* PreferredViewSizing.h */ = {isa = PBXFileReference; fileEncoding = 4; lastKnownFileType = sourcecode.c.h; name = PreferredViewSizing.h; path = BorderContainerView/PreferredViewSizing.h; sourceTree = "<group>"; };
		6B5056D019E14BCB006939CC /* CTMainViewController_Common.h */ = {isa = PBXFileReference; fileEncoding = 4; lastKnownFileType = sourcecode.c.h; name = CTMainViewController_Common.h; path = ViewControllers/Main/CTMainViewController_Common.h; sourceTree = "<group>"; };
		6B5056D119E14BCB006939CC /* CTMainViewController_Common.m */ = {isa = PBXFileReference; fileEncoding = 4; lastKnownFileType = sourcecode.c.objc; name = CTMainViewController_Common.m; path = ViewControllers/Main/CTMainViewController_Common.m; sourceTree = "<group>"; };
		6B5056D419E14C92006939CC /* CTMyTemplatesViewController_Common.h */ = {isa = PBXFileReference; fileEncoding = 4; lastKnownFileType = sourcecode.c.h; name = CTMyTemplatesViewController_Common.h; path = MyTemplates/CTMyTemplatesViewController_Common.h; sourceTree = "<group>"; };
		6B5056D519E14C92006939CC /* CTMyTemplatesViewController_Common.m */ = {isa = PBXFileReference; fileEncoding = 4; lastKnownFileType = sourcecode.c.objc; name = CTMyTemplatesViewController_Common.m; path = MyTemplates/CTMyTemplatesViewController_Common.m; sourceTree = "<group>"; };
		6B5056DF19E14D1E006939CC /* CTNewTemplateViewController_Common.h */ = {isa = PBXFileReference; fileEncoding = 4; lastKnownFileType = sourcecode.c.h; name = CTNewTemplateViewController_Common.h; path = NewTemplate/CTNewTemplateViewController_Common.h; sourceTree = "<group>"; };
		6B5056E019E14D1E006939CC /* CTNewTemplateViewController_Common.m */ = {isa = PBXFileReference; fileEncoding = 4; lastKnownFileType = sourcecode.c.objc; name = CTNewTemplateViewController_Common.m; path = NewTemplate/CTNewTemplateViewController_Common.m; sourceTree = "<group>"; };
		6B5056E919E14D65006939CC /* CTPrintTemplateViewController_Common.h */ = {isa = PBXFileReference; fileEncoding = 4; lastKnownFileType = sourcecode.c.h; name = CTPrintTemplateViewController_Common.h; path = PrintTemplate/CTPrintTemplateViewController_Common.h; sourceTree = "<group>"; };
		6B5056EA19E14D65006939CC /* CTPrintTemplateViewController_Common.m */ = {isa = PBXFileReference; fileEncoding = 4; lastKnownFileType = sourcecode.c.objc; name = CTPrintTemplateViewController_Common.m; path = PrintTemplate/CTPrintTemplateViewController_Common.m; sourceTree = "<group>"; };
		6B5C66EE1A0F9BED000E99EA /* Prefix.pch */ = {isa = PBXFileReference; fileEncoding = 4; lastKnownFileType = sourcecode.c.h; name = Prefix.pch; path = CTCommonUI/Prefix.pch; sourceTree = "<group>"; };
		6B77A8C619D6C9E200FC0978 /* libCTCommonUI.a */ = {isa = PBXFileReference; explicitFileType = archive.ar; includeInIndex = 0; path = libCTCommonUI.a; sourceTree = BUILT_PRODUCTS_DIR; };
		6B77A8C919D6C9E200FC0978 /* CTCommonUI.h */ = {isa = PBXFileReference; lastKnownFileType = sourcecode.c.h; path = CTCommonUI.h; sourceTree = "<group>"; };
		6B77A8CB19D6C9E200FC0978 /* CTCommonUI.m */ = {isa = PBXFileReference; lastKnownFileType = sourcecode.c.objc; path = CTCommonUI.m; sourceTree = "<group>"; };
		6B77A8D119D6C9E200FC0978 /* CTCommonUITests.xctest */ = {isa = PBXFileReference; explicitFileType = wrapper.cfbundle; includeInIndex = 0; path = CTCommonUITests.xctest; sourceTree = BUILT_PRODUCTS_DIR; };
		6B77A8D419D6C9E200FC0978 /* Info.plist */ = {isa = PBXFileReference; lastKnownFileType = text.plist.xml; path = Info.plist; sourceTree = "<group>"; };
		6B77A8E619D6CBC100FC0978 /* libCTServices.a */ = {isa = PBXFileReference; lastKnownFileType = archive.ar; name = libCTServices.a; path = "../CTServices/build/Debug-iphoneos/libCTServices.a"; sourceTree = "<group>"; };
		6BCB423319D7188C0091E870 /* CTServices.xcodeproj */ = {isa = PBXFileReference; lastKnownFileType = "wrapper.pb-project"; name = CTServices.xcodeproj; path = ../CTServices/CTServices.xcodeproj; sourceTree = "<group>"; };
		6BD769A91A1405AB006362F2 /* CardMapListerViewProtocol.h */ = {isa = PBXFileReference; fileEncoding = 4; lastKnownFileType = sourcecode.c.h; name = CardMapListerViewProtocol.h; path = CardMapLister/CardMapListerViewProtocol.h; sourceTree = "<group>"; };
		6BD769AA1A14065C006362F2 /* CardMapViewProtocol.h */ = {isa = PBXFileReference; fileEncoding = 4; lastKnownFileType = sourcecode.c.h; name = CardMapViewProtocol.h; path = CardMapLister/CardMapViewProtocol.h; sourceTree = "<group>"; };
		6BD769AB1A1408CC006362F2 /* CardMapView.h */ = {isa = PBXFileReference; fileEncoding = 4; lastKnownFileType = sourcecode.c.h; name = CardMapView.h; path = CardMapLister/CardMapView.h; sourceTree = "<group>"; };
		6BD769AC1A1408CC006362F2 /* CardMapView.m */ = {isa = PBXFileReference; fileEncoding = 4; lastKnownFileType = sourcecode.c.objc; name = CardMapView.m; path = CardMapLister/CardMapView.m; sourceTree = "<group>"; };
		6BD769B01A140976006362F2 /* CardMapLister.h */ = {isa = PBXFileReference; fileEncoding = 4; lastKnownFileType = sourcecode.c.h; name = CardMapLister.h; path = CardMapLister/CardMapLister.h; sourceTree = "<group>"; };
		6BD769B11A140976006362F2 /* CardMapLister.m */ = {isa = PBXFileReference; fileEncoding = 4; lastKnownFileType = sourcecode.c.objc; name = CardMapLister.m; path = CardMapLister/CardMapLister.m; sourceTree = "<group>"; };
		6BD769B31A140992006362F2 /* CardMapListerView.h */ = {isa = PBXFileReference; fileEncoding = 4; lastKnownFileType = sourcecode.c.h; name = CardMapListerView.h; path = CardMapLister/CardMapListerView.h; sourceTree = "<group>"; };
		6BD769B41A140992006362F2 /* CardMapListerView.m */ = {isa = PBXFileReference; fileEncoding = 4; lastKnownFileType = sourcecode.c.objc; name = CardMapListerView.m; path = CardMapLister/CardMapListerView.m; sourceTree = "<group>"; };
		6BDCAFB719EC44F700365D32 /* CTPassingViewNavigationViewController.h */ = {isa = PBXFileReference; fileEncoding = 4; lastKnownFileType = sourcecode.c.h; path = CTPassingViewNavigationViewController.h; sourceTree = "<group>"; };
		6BDCAFB819EC44F700365D32 /* CTPassingViewNavigationViewController.m */ = {isa = PBXFileReference; fileEncoding = 4; lastKnownFileType = sourcecode.c.objc; path = CTPassingViewNavigationViewController.m; sourceTree = "<group>"; };
		BD31F30219F9170200AF73D6 /* CTScanViewController_Common.h */ = {isa = PBXFileReference; fileEncoding = 4; lastKnownFileType = sourcecode.c.h; path = CTScanViewController_Common.h; sourceTree = "<group>"; };
		BD31F30319F9170200AF73D6 /* CTScanViewController_Common.m */ = {isa = PBXFileReference; fileEncoding = 4; lastKnownFileType = sourcecode.c.objc; path = CTScanViewController_Common.m; sourceTree = "<group>"; };
		BD31F31619F9415000AF73D6 /* CTCardsViewController_Common.h */ = {isa = PBXFileReference; fileEncoding = 4; lastKnownFileType = sourcecode.c.h; path = CTCardsViewController_Common.h; sourceTree = "<group>"; };
		BD31F31719F9415000AF73D6 /* CTCardsViewController_Common.m */ = {isa = PBXFileReference; fileEncoding = 4; lastKnownFileType = sourcecode.c.objc; path = CTCardsViewController_Common.m; sourceTree = "<group>"; };
		BD7228BA19E165A800EA93A9 /* CTTwoStateButton.h */ = {isa = PBXFileReference; fileEncoding = 4; lastKnownFileType = sourcecode.c.h; path = CTTwoStateButton.h; sourceTree = "<group>"; };
		BD7228BB19E165A800EA93A9 /* CTTwoStateButton.m */ = {isa = PBXFileReference; fileEncoding = 4; lastKnownFileType = sourcecode.c.objc; path = CTTwoStateButton.m; sourceTree = "<group>"; };
		BD7228C119E194A900EA93A9 /* CTValidTextField.h */ = {isa = PBXFileReference; fileEncoding = 4; lastKnownFileType = sourcecode.c.h; path = CTValidTextField.h; sourceTree = "<group>"; };
		BD7228C219E194A900EA93A9 /* CTValidTextField.m */ = {isa = PBXFileReference; fileEncoding = 4; lastKnownFileType = sourcecode.c.objc; path = CTValidTextField.m; sourceTree = "<group>"; };
		BD7AB19419E14A91000D88AB /* CardDrawing.h */ = {isa = PBXFileReference; fileEncoding = 4; lastKnownFileType = sourcecode.c.h; path = CardDrawing.h; sourceTree = "<group>"; };
		BD7AB19519E14A91000D88AB /* CardDrawing.m */ = {isa = PBXFileReference; fileEncoding = 4; lastKnownFileType = sourcecode.c.objc; path = CardDrawing.m; sourceTree = "<group>"; };
		BD7AB19719E14A91000D88AB /* CouponDrawingData.h */ = {isa = PBXFileReference; fileEncoding = 4; lastKnownFileType = sourcecode.c.h; path = CouponDrawingData.h; sourceTree = "<group>"; };
		BD7AB19819E14A91000D88AB /* CouponDrawingData.m */ = {isa = PBXFileReference; fileEncoding = 4; lastKnownFileType = sourcecode.c.objc; path = CouponDrawingData.m; sourceTree = "<group>"; };
		BD7AB19919E14A91000D88AB /* CouponDrawingLayerTypes.h */ = {isa = PBXFileReference; fileEncoding = 4; lastKnownFileType = sourcecode.c.h; path = CouponDrawingLayerTypes.h; sourceTree = "<group>"; };
		BD7AB19B19E14A91000D88AB /* CouponDrawingBaseLayer.h */ = {isa = PBXFileReference; fileEncoding = 4; lastKnownFileType = sourcecode.c.h; path = CouponDrawingBaseLayer.h; sourceTree = "<group>"; };
		BD7AB19C19E14A91000D88AB /* CouponDrawingBaseLayer.m */ = {isa = PBXFileReference; fileEncoding = 4; lastKnownFileType = sourcecode.c.objc; path = CouponDrawingBaseLayer.m; sourceTree = "<group>"; };
		BD7AB19D19E14A91000D88AB /* CouponDrawingBoxBaseLayer.h */ = {isa = PBXFileReference; fileEncoding = 4; lastKnownFileType = sourcecode.c.h; path = CouponDrawingBoxBaseLayer.h; sourceTree = "<group>"; };
		BD7AB19E19E14A91000D88AB /* CouponDrawingBoxBaseLayer.m */ = {isa = PBXFileReference; fileEncoding = 4; lastKnownFileType = sourcecode.c.objc; path = CouponDrawingBoxBaseLayer.m; sourceTree = "<group>"; };
		BD7AB19F19E14A91000D88AB /* CouponDrawingImageLayer.h */ = {isa = PBXFileReference; fileEncoding = 4; lastKnownFileType = sourcecode.c.h; path = CouponDrawingImageLayer.h; sourceTree = "<group>"; };
		BD7AB1A019E14A91000D88AB /* CouponDrawingImageLayer.m */ = {isa = PBXFileReference; fileEncoding = 4; lastKnownFileType = sourcecode.c.objc; path = CouponDrawingImageLayer.m; sourceTree = "<group>"; };
		BD7AB1A119E14A91000D88AB /* CouponDrawingRectLayer.h */ = {isa = PBXFileReference; fileEncoding = 4; lastKnownFileType = sourcecode.c.h; path = CouponDrawingRectLayer.h; sourceTree = "<group>"; };
		BD7AB1A219E14A91000D88AB /* CouponDrawingRectLayer.m */ = {isa = PBXFileReference; fileEncoding = 4; lastKnownFileType = sourcecode.c.objc; path = CouponDrawingRectLayer.m; sourceTree = "<group>"; };
		BD7AB1A319E14A91000D88AB /* CouponDrawingTextLayer.h */ = {isa = PBXFileReference; fileEncoding = 4; lastKnownFileType = sourcecode.c.h; path = CouponDrawingTextLayer.h; sourceTree = "<group>"; };
		BD7AB1A419E14A91000D88AB /* CouponDrawingTextLayer.m */ = {isa = PBXFileReference; fileEncoding = 4; lastKnownFileType = sourcecode.c.objc; path = CouponDrawingTextLayer.m; sourceTree = "<group>"; };
		BD7AB1A619E14A91000D88AB /* CardDrawingLayerView.h */ = {isa = PBXFileReference; fileEncoding = 4; lastKnownFileType = sourcecode.c.h; path = CardDrawingLayerView.h; sourceTree = "<group>"; };
		BD7AB1A719E14A91000D88AB /* CardDrawingLayerView.m */ = {isa = PBXFileReference; fileEncoding = 4; lastKnownFileType = sourcecode.c.objc; path = CardDrawingLayerView.m; sourceTree = "<group>"; };
		BD7AB1A919E14A91000D88AB /* CardDrawingOperationAddView.h */ = {isa = PBXFileReference; fileEncoding = 4; lastKnownFileType = sourcecode.c.h; path = CardDrawingOperationAddView.h; sourceTree = "<group>"; };
		BD7AB1AA19E14A91000D88AB /* CardDrawingOperationAddView.m */ = {isa = PBXFileReference; fileEncoding = 4; lastKnownFileType = sourcecode.c.objc; path = CardDrawingOperationAddView.m; sourceTree = "<group>"; };
		BD7AB1AB19E14A91000D88AB /* CardDrawingOperationEditProtocol.h */ = {isa = PBXFileReference; fileEncoding = 4; lastKnownFileType = sourcecode.c.h; path = CardDrawingOperationEditProtocol.h; sourceTree = "<group>"; };
		BD7AB1AC19E14A91000D88AB /* CardDrawingOperationImageEditView.h */ = {isa = PBXFileReference; fileEncoding = 4; lastKnownFileType = sourcecode.c.h; path = CardDrawingOperationImageEditView.h; sourceTree = "<group>"; };
		BD7AB1AD19E14A91000D88AB /* CardDrawingOperationImageEditView.m */ = {isa = PBXFileReference; fileEncoding = 4; lastKnownFileType = sourcecode.c.objc; path = CardDrawingOperationImageEditView.m; sourceTree = "<group>"; };
		BD7AB1AE19E14A91000D88AB /* CardDrawingOperationRectEditView.h */ = {isa = PBXFileReference; fileEncoding = 4; lastKnownFileType = sourcecode.c.h; path = CardDrawingOperationRectEditView.h; sourceTree = "<group>"; };
		BD7AB1AF19E14A91000D88AB /* CardDrawingOperationRectEditView.m */ = {isa = PBXFileReference; fileEncoding = 4; lastKnownFileType = sourcecode.c.objc; path = CardDrawingOperationRectEditView.m; sourceTree = "<group>"; };
		BD7AB1B019E14A91000D88AB /* CardDrawingOperationTextEditView.h */ = {isa = PBXFileReference; fileEncoding = 4; lastKnownFileType = sourcecode.c.h; path = CardDrawingOperationTextEditView.h; sourceTree = "<group>"; };
		BD7AB1B119E14A91000D88AB /* CardDrawingOperationTextEditView.m */ = {isa = PBXFileReference; fileEncoding = 4; lastKnownFileType = sourcecode.c.objc; path = CardDrawingOperationTextEditView.m; sourceTree = "<group>"; };
		BD7AB1B219E14A91000D88AB /* CardDrawingOperationView.h */ = {isa = PBXFileReference; fileEncoding = 4; lastKnownFileType = sourcecode.c.h; path = CardDrawingOperationView.h; sourceTree = "<group>"; };
		BD7AB1B319E14A91000D88AB /* CardDrawingOperationView.m */ = {isa = PBXFileReference; fileEncoding = 4; lastKnownFileType = sourcecode.c.objc; path = CardDrawingOperationView.m; sourceTree = "<group>"; };
		BD7AB1B519E14A91000D88AB /* CardDrawingEditBoxPresentView.h */ = {isa = PBXFileReference; fileEncoding = 4; lastKnownFileType = sourcecode.c.h; path = CardDrawingEditBoxPresentView.h; sourceTree = "<group>"; };
		BD7AB1B619E14A91000D88AB /* CardDrawingEditBoxPresentView.m */ = {isa = PBXFileReference; fileEncoding = 4; lastKnownFileType = sourcecode.c.objc; path = CardDrawingEditBoxPresentView.m; sourceTree = "<group>"; };
		BD7AB1B719E14A91000D88AB /* CardDrawingEditGrabberView.h */ = {isa = PBXFileReference; fileEncoding = 4; lastKnownFileType = sourcecode.c.h; path = CardDrawingEditGrabberView.h; sourceTree = "<group>"; };
		BD7AB1B819E14A91000D88AB /* CardDrawingEditGrabberView.m */ = {isa = PBXFileReference; fileEncoding = 4; lastKnownFileType = sourcecode.c.objc; path = CardDrawingEditGrabberView.m; sourceTree = "<group>"; };
		BD7AB1B919E14A91000D88AB /* CardDrawingEditPresentViewProtocol.h */ = {isa = PBXFileReference; fileEncoding = 4; lastKnownFileType = sourcecode.c.h; path = CardDrawingEditPresentViewProtocol.h; sourceTree = "<group>"; };
		BD7AB1BA19E14A91000D88AB /* CardDrawingEditTextPresentView.h */ = {isa = PBXFileReference; fileEncoding = 4; lastKnownFileType = sourcecode.c.h; path = CardDrawingEditTextPresentView.h; sourceTree = "<group>"; };
		BD7AB1BB19E14A91000D88AB /* CardDrawingEditTextPresentView.m */ = {isa = PBXFileReference; fileEncoding = 4; lastKnownFileType = sourcecode.c.objc; path = CardDrawingEditTextPresentView.m; sourceTree = "<group>"; };
		BD7AB1BC19E14A91000D88AB /* CardDrawingPresentView.h */ = {isa = PBXFileReference; fileEncoding = 4; lastKnownFileType = sourcecode.c.h; path = CardDrawingPresentView.h; sourceTree = "<group>"; };
		BD7AB1BD19E14A91000D88AB /* CardDrawingPresentView.m */ = {isa = PBXFileReference; fileEncoding = 4; lastKnownFileType = sourcecode.c.objc; path = CardDrawingPresentView.m; sourceTree = "<group>"; };
		BD7AB1BE19E14A91000D88AB /* CouponCardDrawerManager.h */ = {isa = PBXFileReference; fileEncoding = 4; lastKnownFileType = sourcecode.c.h; path = CouponCardDrawerManager.h; sourceTree = "<group>"; };
		BD7AB1BF19E14A91000D88AB /* CouponCardDrawerManager.m */ = {isa = PBXFileReference; fileEncoding = 4; lastKnownFileType = sourcecode.c.objc; path = CouponCardDrawerManager.m; sourceTree = "<group>"; };
		BD7AB1C019E14A91000D88AB /* CouponCardDrawerManagerListener.h */ = {isa = PBXFileReference; fileEncoding = 4; lastKnownFileType = sourcecode.c.h; path = CouponCardDrawerManagerListener.h; sourceTree = "<group>"; };
		BD7AB1C119E14A91000D88AB /* CouponCardDrawerManagerListener.m */ = {isa = PBXFileReference; fileEncoding = 4; lastKnownFileType = sourcecode.c.objc; path = CouponCardDrawerManagerListener.m; sourceTree = "<group>"; };
		BD7AB1C219E14A91000D88AB /* CouponCardDrawerManagerProtocol.h */ = {isa = PBXFileReference; fileEncoding = 4; lastKnownFileType = sourcecode.c.h; path = CouponCardDrawerManagerProtocol.h; sourceTree = "<group>"; };
		BD7AB1C819E14A91000D88AB /* CTLoginViewController_Common.h */ = {isa = PBXFileReference; fileEncoding = 4; lastKnownFileType = sourcecode.c.h; path = CTLoginViewController_Common.h; sourceTree = "<group>"; };
		BD7AB1C919E14A91000D88AB /* CTLoginViewController_Common.m */ = {isa = PBXFileReference; fileEncoding = 4; lastKnownFileType = sourcecode.c.objc; path = CTLoginViewController_Common.m; sourceTree = "<group>"; };
		BD7AB1E119E14AB8000D88AB /* CTViewController.h */ = {isa = PBXFileReference; fileEncoding = 4; lastKnownFileType = sourcecode.c.h; path = CTViewController.h; sourceTree = "<group>"; };
		BD7AB1E219E14AB8000D88AB /* CTViewController.m */ = {isa = PBXFileReference; fileEncoding = 4; lastKnownFileType = sourcecode.c.objc; path = CTViewController.m; sourceTree = "<group>"; };
		BD9D49D41A063B13001D2326 /* CTCardContentView.h */ = {isa = PBXFileReference; fileEncoding = 4; lastKnownFileType = sourcecode.c.h; path = CTCardContentView.h; sourceTree = "<group>"; };
		BD9D49D51A063B13001D2326 /* CTCardContentView.m */ = {isa = PBXFileReference; fileEncoding = 4; lastKnownFileType = sourcecode.c.objc; path = CTCardContentView.m; sourceTree = "<group>"; };
		BD9D49E11A06753D001D2326 /* CTComposeViewController.h */ = {isa = PBXFileReference; fileEncoding = 4; lastKnownFileType = sourcecode.c.h; path = CTComposeViewController.h; sourceTree = "<group>"; };
		BD9D49E21A06753D001D2326 /* CTComposeViewController.m */ = {isa = PBXFileReference; fileEncoding = 4; lastKnownFileType = sourcecode.c.objc; path = CTComposeViewController.m; sourceTree = "<group>"; };
		BDBFC19219FD330F0072306F /* CTContentDetailsViewController_Common.h */ = {isa = PBXFileReference; fileEncoding = 4; lastKnownFileType = sourcecode.c.h; path = CTContentDetailsViewController_Common.h; sourceTree = "<group>"; };
		BDBFC19319FD330F0072306F /* CTContentDetailsViewController_Common.m */ = {isa = PBXFileReference; fileEncoding = 4; lastKnownFileType = sourcecode.c.objc; path = CTContentDetailsViewController_Common.m; sourceTree = "<group>"; };
		BDBFC19519FD331F0072306F /* CTNewContentViewController_Common.h */ = {isa = PBXFileReference; fileEncoding = 4; lastKnownFileType = sourcecode.c.h; path = CTNewContentViewController_Common.h; sourceTree = "<group>"; };
		BDBFC19619FD331F0072306F /* CTNewContentViewController_Common.m */ = {isa = PBXFileReference; fileEncoding = 4; lastKnownFileType = sourcecode.c.objc; path = CTNewContentViewController_Common.m; sourceTree = "<group>"; };
/* End PBXFileReference section */

/* Begin PBXFrameworksBuildPhase section */
		6B77A8C319D6C9E200FC0978 /* Frameworks */ = {
			isa = PBXFrameworksBuildPhase;
			buildActionMask = 2147483647;
			files = (
				6B77A8E719D6CBC100FC0978 /* libCTServices.a in Frameworks */,
			);
			runOnlyForDeploymentPostprocessing = 0;
		};
		6B77A8CE19D6C9E200FC0978 /* Frameworks */ = {
			isa = PBXFrameworksBuildPhase;
			buildActionMask = 2147483647;
			files = (
			);
			runOnlyForDeploymentPostprocessing = 0;
		};
/* End PBXFrameworksBuildPhase section */

/* Begin PBXGroup section */
		6B386F2B1A344E0400A69E9B /* PrintedCard */ = {
			isa = PBXGroup;
			children = (
				6B386F301A344E5C00A69E9B /* CTPrintedCardViewController_Common.h */,
				6B386F311A344E5C00A69E9B /* CTPrintedCardViewController_Common.m */,
			);
			name = PrintedCard;
			sourceTree = "<group>";
		};
		6B4C2B0319E6FB4900FB87DE /* BorderContainerView */ = {
			isa = PBXGroup;
			children = (
				6B4C2B0419E6FB6D00FB87DE /* BorderContainerView.h */,
				6B4C2B0519E6FB6D00FB87DE /* BorderContainerView.m */,
				6B4C2B0719E6FE7500FB87DE /* PreferredSizingImageView.h */,
				6B4C2B0819E6FE7500FB87DE /* PreferredSizingImageView.m */,
				6B4C2B0A19E6FE8900FB87DE /* PreferredViewSizing.h */,
			);
			name = BorderContainerView;
			sourceTree = "<group>";
		};
		6B5056CD19E14BB3006939CC /* Main */ = {
			isa = PBXGroup;
			children = (
				6B5056D019E14BCB006939CC /* CTMainViewController_Common.h */,
				6B5056D119E14BCB006939CC /* CTMainViewController_Common.m */,
			);
			name = Main;
			path = ..;
			sourceTree = "<group>";
		};
		6B5056D319E14C7E006939CC /* MyTemplates */ = {
			isa = PBXGroup;
			children = (
				6B5056D419E14C92006939CC /* CTMyTemplatesViewController_Common.h */,
				6B5056D519E14C92006939CC /* CTMyTemplatesViewController_Common.m */,
			);
			name = MyTemplates;
			sourceTree = "<group>";
		};
		6B5056DE19E14CF1006939CC /* NewTemplate */ = {
			isa = PBXGroup;
			children = (
				6B5056DF19E14D1E006939CC /* CTNewTemplateViewController_Common.h */,
				6B5056E019E14D1E006939CC /* CTNewTemplateViewController_Common.m */,
			);
			name = NewTemplate;
			sourceTree = "<group>";
		};
		6B5056E819E14D4B006939CC /* PrintTemplate */ = {
			isa = PBXGroup;
			children = (
				6B5056E919E14D65006939CC /* CTPrintTemplateViewController_Common.h */,
				6B5056EA19E14D65006939CC /* CTPrintTemplateViewController_Common.m */,
			);
			name = PrintTemplate;
			sourceTree = "<group>";
		};
		6B77A8BD19D6C9E200FC0978 = {
			isa = PBXGroup;
			children = (
				6BCB423319D7188C0091E870 /* CTServices.xcodeproj */,
				6B5C66EE1A0F9BED000E99EA /* Prefix.pch */,
				6B77A8E819D6CBC600FC0978 /* framework */,
				6B77A8C819D6C9E200FC0978 /* CTCommonUI */,
				6B77A8D219D6C9E200FC0978 /* CTCommonUITests */,
				6B77A8C719D6C9E200FC0978 /* Products */,
			);
			sourceTree = "<group>";
		};
		6B77A8C719D6C9E200FC0978 /* Products */ = {
			isa = PBXGroup;
			children = (
				6B77A8C619D6C9E200FC0978 /* libCTCommonUI.a */,
				6B77A8D119D6C9E200FC0978 /* CTCommonUITests.xctest */,
			);
			name = Products;
			sourceTree = "<group>";
		};
		6B77A8C819D6C9E200FC0978 /* CTCommonUI */ = {
			isa = PBXGroup;
			children = (
				BD7AB19119E14A91000D88AB /* ReusableComponents */,
				BD7AB1C319E14A91000D88AB /* ViewControllers */,
				BD7AB1CA19E14A91000D88AB /* Views */,
				6B77A8C919D6C9E200FC0978 /* CTCommonUI.h */,
				6B77A8CB19D6C9E200FC0978 /* CTCommonUI.m */,
			);
			path = CTCommonUI;
			sourceTree = "<group>";
		};
		6B77A8D219D6C9E200FC0978 /* CTCommonUITests */ = {
			isa = PBXGroup;
			children = (
				6B77A8D319D6C9E200FC0978 /* Supporting Files */,
			);
			path = CTCommonUITests;
			sourceTree = "<group>";
		};
		6B77A8D319D6C9E200FC0978 /* Supporting Files */ = {
			isa = PBXGroup;
			children = (
				6B77A8D419D6C9E200FC0978 /* Info.plist */,
			);
			name = "Supporting Files";
			sourceTree = "<group>";
		};
		6B77A8E819D6CBC600FC0978 /* framework */ = {
			isa = PBXGroup;
			children = (
				6B77A8E619D6CBC100FC0978 /* libCTServices.a */,
			);
			name = framework;
			sourceTree = "<group>";
		};
		6BCB423419D7188C0091E870 /* Products */ = {
			isa = PBXGroup;
			children = (
				6BCB423A19D7188C0091E870 /* libCTServices.a */,
				6BCB423C19D7188C0091E870 /* CTServicesTests.xctest */,
			);
			name = Products;
			sourceTree = "<group>";
		};
		6BD769A01A14054E006362F2 /* CardMapLister */ = {
			isa = PBXGroup;
			children = (
				6BD769A91A1405AB006362F2 /* CardMapListerViewProtocol.h */,
				6BD769AA1A14065C006362F2 /* CardMapViewProtocol.h */,
				6BD769AB1A1408CC006362F2 /* CardMapView.h */,
				6BD769AC1A1408CC006362F2 /* CardMapView.m */,
				6BD769B01A140976006362F2 /* CardMapLister.h */,
				6BD769B11A140976006362F2 /* CardMapLister.m */,
				6BD769B31A140992006362F2 /* CardMapListerView.h */,
				6BD769B41A140992006362F2 /* CardMapListerView.m */,
				6B072E6A1A1BEA040018F86D /* CardMapAnnotation.h */,
				6B072E6B1A1BEA040018F86D /* CardMapAnnotation.m */,
				6B386F371A34543C00A69E9B /* CardMapListing.h */,
			);
			name = CardMapLister;
			sourceTree = "<group>";
		};
		BD31F2FF19F916E500AF73D6 /* Scan */ = {
			isa = PBXGroup;
			children = (
				BD31F30219F9170200AF73D6 /* CTScanViewController_Common.h */,
				BD31F30319F9170200AF73D6 /* CTScanViewController_Common.m */,
			);
			path = Scan;
			sourceTree = "<group>";
		};
		BD31F31519F9415000AF73D6 /* Cards */ = {
			isa = PBXGroup;
			children = (
				BD31F31619F9415000AF73D6 /* CTCardsViewController_Common.h */,
				BD31F31719F9415000AF73D6 /* CTCardsViewController_Common.m */,
			);
			path = Cards;
			sourceTree = "<group>";
		};
		BD7AB19119E14A91000D88AB /* ReusableComponents */ = {
			isa = PBXGroup;
			children = (
				6BD769A01A14054E006362F2 /* CardMapLister */,
				6B4C2B0319E6FB4900FB87DE /* BorderContainerView */,
				BD7AB19219E14A91000D88AB /* CouponCardDrawer */,
			);
			path = ReusableComponents;
			sourceTree = "<group>";
		};
		BD7AB19219E14A91000D88AB /* CouponCardDrawer */ = {
			isa = PBXGroup;
			children = (
				BD7AB19319E14A91000D88AB /* CardDrawing */,
				BD7AB19619E14A91000D88AB /* CardDrawingData */,
				BD7AB1A519E14A91000D88AB /* CardDrawingViews */,
				BD7AB1BE19E14A91000D88AB /* CouponCardDrawerManager.h */,
				BD7AB1BF19E14A91000D88AB /* CouponCardDrawerManager.m */,
				BD7AB1C019E14A91000D88AB /* CouponCardDrawerManagerListener.h */,
				BD7AB1C119E14A91000D88AB /* CouponCardDrawerManagerListener.m */,
				BD7AB1C219E14A91000D88AB /* CouponCardDrawerManagerProtocol.h */,
			);
			path = CouponCardDrawer;
			sourceTree = "<group>";
		};
		BD7AB19319E14A91000D88AB /* CardDrawing */ = {
			isa = PBXGroup;
			children = (
				BD7AB19419E14A91000D88AB /* CardDrawing.h */,
				BD7AB19519E14A91000D88AB /* CardDrawing.m */,
			);
			path = CardDrawing;
			sourceTree = "<group>";
		};
		BD7AB19619E14A91000D88AB /* CardDrawingData */ = {
			isa = PBXGroup;
			children = (
				BD7AB19719E14A91000D88AB /* CouponDrawingData.h */,
				BD7AB19819E14A91000D88AB /* CouponDrawingData.m */,
				BD7AB19919E14A91000D88AB /* CouponDrawingLayerTypes.h */,
				BD7AB19A19E14A91000D88AB /* Layers */,
			);
			path = CardDrawingData;
			sourceTree = "<group>";
		};
		BD7AB19A19E14A91000D88AB /* Layers */ = {
			isa = PBXGroup;
			children = (
				BD7AB19B19E14A91000D88AB /* CouponDrawingBaseLayer.h */,
				BD7AB19C19E14A91000D88AB /* CouponDrawingBaseLayer.m */,
				BD7AB19D19E14A91000D88AB /* CouponDrawingBoxBaseLayer.h */,
				BD7AB19E19E14A91000D88AB /* CouponDrawingBoxBaseLayer.m */,
				BD7AB19F19E14A91000D88AB /* CouponDrawingImageLayer.h */,
				BD7AB1A019E14A91000D88AB /* CouponDrawingImageLayer.m */,
				BD7AB1A119E14A91000D88AB /* CouponDrawingRectLayer.h */,
				BD7AB1A219E14A91000D88AB /* CouponDrawingRectLayer.m */,
				BD7AB1A319E14A91000D88AB /* CouponDrawingTextLayer.h */,
				BD7AB1A419E14A91000D88AB /* CouponDrawingTextLayer.m */,
			);
			path = Layers;
			sourceTree = "<group>";
		};
		BD7AB1A519E14A91000D88AB /* CardDrawingViews */ = {
			isa = PBXGroup;
			children = (
				BD7AB1A619E14A91000D88AB /* CardDrawingLayerView.h */,
				BD7AB1A719E14A91000D88AB /* CardDrawingLayerView.m */,
				BD7AB1A819E14A91000D88AB /* OperationView */,
				BD7AB1B419E14A91000D88AB /* PresentView */,
			);
			path = CardDrawingViews;
			sourceTree = "<group>";
		};
		BD7AB1A819E14A91000D88AB /* OperationView */ = {
			isa = PBXGroup;
			children = (
				BD7AB1A919E14A91000D88AB /* CardDrawingOperationAddView.h */,
				BD7AB1AA19E14A91000D88AB /* CardDrawingOperationAddView.m */,
				BD7AB1AB19E14A91000D88AB /* CardDrawingOperationEditProtocol.h */,
				BD7AB1AC19E14A91000D88AB /* CardDrawingOperationImageEditView.h */,
				BD7AB1AD19E14A91000D88AB /* CardDrawingOperationImageEditView.m */,
				BD7AB1AE19E14A91000D88AB /* CardDrawingOperationRectEditView.h */,
				BD7AB1AF19E14A91000D88AB /* CardDrawingOperationRectEditView.m */,
				BD7AB1B019E14A91000D88AB /* CardDrawingOperationTextEditView.h */,
				BD7AB1B119E14A91000D88AB /* CardDrawingOperationTextEditView.m */,
				BD7AB1B219E14A91000D88AB /* CardDrawingOperationView.h */,
				BD7AB1B319E14A91000D88AB /* CardDrawingOperationView.m */,
			);
			path = OperationView;
			sourceTree = "<group>";
		};
		BD7AB1B419E14A91000D88AB /* PresentView */ = {
			isa = PBXGroup;
			children = (
				BD7AB1B519E14A91000D88AB /* CardDrawingEditBoxPresentView.h */,
				BD7AB1B619E14A91000D88AB /* CardDrawingEditBoxPresentView.m */,
				BD7AB1B719E14A91000D88AB /* CardDrawingEditGrabberView.h */,
				BD7AB1B819E14A91000D88AB /* CardDrawingEditGrabberView.m */,
				BD7AB1B919E14A91000D88AB /* CardDrawingEditPresentViewProtocol.h */,
				BD7AB1BA19E14A91000D88AB /* CardDrawingEditTextPresentView.h */,
				BD7AB1BB19E14A91000D88AB /* CardDrawingEditTextPresentView.m */,
				BD7AB1BC19E14A91000D88AB /* CardDrawingPresentView.h */,
				BD7AB1BD19E14A91000D88AB /* CardDrawingPresentView.m */,
			);
			path = PresentView;
			sourceTree = "<group>";
		};
		BD7AB1C319E14A91000D88AB /* ViewControllers */ = {
			isa = PBXGroup;
			children = (
				6B386F2B1A344E0400A69E9B /* PrintedCard */,
				BDBFC18F19FD32FA0072306F /* Content */,
				BD31F31519F9415000AF73D6 /* Cards */,
				BD31F2FF19F916E500AF73D6 /* Scan */,
				6B5056E819E14D4B006939CC /* PrintTemplate */,
				6B5056DE19E14CF1006939CC /* NewTemplate */,
				6B5056D319E14C7E006939CC /* MyTemplates */,
				6B5056CD19E14BB3006939CC /* Main */,
				BD7AB1E019E14AB8000D88AB /* Base */,
				BD7AB1C719E14A91000D88AB /* Login */,
			);
			path = ViewControllers;
			sourceTree = "<group>";
		};
		BD7AB1C719E14A91000D88AB /* Login */ = {
			isa = PBXGroup;
			children = (
				BD7AB1C819E14A91000D88AB /* CTLoginViewController_Common.h */,
				BD7AB1C919E14A91000D88AB /* CTLoginViewController_Common.m */,
			);
			path = Login;
			sourceTree = "<group>";
		};
		BD7AB1CA19E14A91000D88AB /* Views */ = {
			isa = PBXGroup;
			children = (
				BD7228BA19E165A800EA93A9 /* CTTwoStateButton.h */,
				BD7228BB19E165A800EA93A9 /* CTTwoStateButton.m */,
				BD7228C119E194A900EA93A9 /* CTValidTextField.h */,
				BD7228C219E194A900EA93A9 /* CTValidTextField.m */,
				BD9D49D41A063B13001D2326 /* CTCardContentView.h */,
				BD9D49D51A063B13001D2326 /* CTCardContentView.m */,
				BD9D49E11A06753D001D2326 /* CTComposeViewController.h */,
				BD9D49E21A06753D001D2326 /* CTComposeViewController.m */,
			);
			path = Views;
			sourceTree = "<group>";
		};
		BD7AB1E019E14AB8000D88AB /* Base */ = {
			isa = PBXGroup;
			children = (
				BD7AB1E119E14AB8000D88AB /* CTViewController.h */,
				BD7AB1E219E14AB8000D88AB /* CTViewController.m */,
				6BDCAFB719EC44F700365D32 /* CTPassingViewNavigationViewController.h */,
				6BDCAFB819EC44F700365D32 /* CTPassingViewNavigationViewController.m */,
			);
			path = Base;
			sourceTree = "<group>";
		};
		BDBFC18F19FD32FA0072306F /* Content */ = {
			isa = PBXGroup;
			children = (
				BDBFC19219FD330F0072306F /* CTContentDetailsViewController_Common.h */,
				BDBFC19319FD330F0072306F /* CTContentDetailsViewController_Common.m */,
				BDBFC19519FD331F0072306F /* CTNewContentViewController_Common.h */,
				BDBFC19619FD331F0072306F /* CTNewContentViewController_Common.m */,
			);
			path = Content;
			sourceTree = "<group>";
		};
/* End PBXGroup section */

/* Begin PBXNativeTarget section */
		6B77A8C519D6C9E200FC0978 /* CTCommonUI */ = {
			isa = PBXNativeTarget;
			buildConfigurationList = 6B77A8D719D6C9E200FC0978 /* Build configuration list for PBXNativeTarget "CTCommonUI" */;
			buildPhases = (
				6B77A8C219D6C9E200FC0978 /* Sources */,
				6B77A8C319D6C9E200FC0978 /* Frameworks */,
				6B77A8C419D6C9E200FC0978 /* CopyFiles */,
			);
			buildRules = (
			);
			dependencies = (
				6BDFBCAC1A324690006EAE61 /* PBXTargetDependency */,
			);
			name = CTCommonUI;
			productName = CTCommonUI;
			productReference = 6B77A8C619D6C9E200FC0978 /* libCTCommonUI.a */;
			productType = "com.apple.product-type.library.static";
		};
		6B77A8D019D6C9E200FC0978 /* CTCommonUITests */ = {
			isa = PBXNativeTarget;
			buildConfigurationList = 6B77A8DA19D6C9E200FC0978 /* Build configuration list for PBXNativeTarget "CTCommonUITests" */;
			buildPhases = (
				6B77A8CD19D6C9E200FC0978 /* Sources */,
				6B77A8CE19D6C9E200FC0978 /* Frameworks */,
				6B77A8CF19D6C9E200FC0978 /* Resources */,
			);
			buildRules = (
			);
			dependencies = (
			);
			name = CTCommonUITests;
			productName = CTCommonUITests;
			productReference = 6B77A8D119D6C9E200FC0978 /* CTCommonUITests.xctest */;
			productType = "com.apple.product-type.bundle.unit-test";
		};
/* End PBXNativeTarget section */

/* Begin PBXProject section */
		6B77A8BE19D6C9E200FC0978 /* Project object */ = {
			isa = PBXProject;
			attributes = {
				LastUpgradeCheck = 0600;
				ORGANIZATIONNAME = "Balazs Ilsinszki";
				TargetAttributes = {
					6B77A8C519D6C9E200FC0978 = {
						CreatedOnToolsVersion = 6.0;
					};
					6B77A8D019D6C9E200FC0978 = {
						CreatedOnToolsVersion = 6.0;
					};
				};
			};
			buildConfigurationList = 6B77A8C119D6C9E200FC0978 /* Build configuration list for PBXProject "CTCommonUI" */;
			compatibilityVersion = "Xcode 3.2";
			developmentRegion = English;
			hasScannedForEncodings = 0;
			knownRegions = (
				en,
			);
			mainGroup = 6B77A8BD19D6C9E200FC0978;
			productRefGroup = 6B77A8C719D6C9E200FC0978 /* Products */;
			projectDirPath = "";
			projectReferences = (
				{
					ProductGroup = 6BCB423419D7188C0091E870 /* Products */;
					ProjectRef = 6BCB423319D7188C0091E870 /* CTServices.xcodeproj */;
				},
			);
			projectRoot = "";
			targets = (
				6B77A8C519D6C9E200FC0978 /* CTCommonUI */,
				6B77A8D019D6C9E200FC0978 /* CTCommonUITests */,
			);
		};
/* End PBXProject section */

/* Begin PBXReferenceProxy section */
		6BCB423A19D7188C0091E870 /* libCTServices.a */ = {
			isa = PBXReferenceProxy;
			fileType = archive.ar;
			path = libCTServices.a;
			remoteRef = 6BCB423919D7188C0091E870 /* PBXContainerItemProxy */;
			sourceTree = BUILT_PRODUCTS_DIR;
		};
		6BCB423C19D7188C0091E870 /* CTServicesTests.xctest */ = {
			isa = PBXReferenceProxy;
			fileType = wrapper.cfbundle;
			path = CTServicesTests.xctest;
			remoteRef = 6BCB423B19D7188C0091E870 /* PBXContainerItemProxy */;
			sourceTree = BUILT_PRODUCTS_DIR;
		};
/* End PBXReferenceProxy section */

/* Begin PBXResourcesBuildPhase section */
		6B77A8CF19D6C9E200FC0978 /* Resources */ = {
			isa = PBXResourcesBuildPhase;
			buildActionMask = 2147483647;
			files = (
			);
			runOnlyForDeploymentPostprocessing = 0;
		};
/* End PBXResourcesBuildPhase section */

/* Begin PBXSourcesBuildPhase section */
		6B77A8C219D6C9E200FC0978 /* Sources */ = {
			isa = PBXSourcesBuildPhase;
			buildActionMask = 2147483647;
			files = (
				BD31F31C19F944E400AF73D6 /* CTCardsViewController_Common.m in Sources */,
				BD7AB1CF19E14A91000D88AB /* CouponDrawingImageLayer.m in Sources */,
				BD7AB1D719E14A91000D88AB /* CardDrawingOperationView.m in Sources */,
				BD9D49E31A06753D001D2326 /* CTComposeViewController.m in Sources */,
				6B4C2B0919E6FE7500FB87DE /* PreferredSizingImageView.m in Sources */,
				6BD769AD1A1408CC006362F2 /* CardMapView.m in Sources */,
				6BDCAFB919EC44F700365D32 /* CTPassingViewNavigationViewController.m in Sources */,
				BD7AB1DF19E14A91000D88AB /* CTLoginViewController_Common.m in Sources */,
				BD7AB1E319E14AB8000D88AB /* CTViewController.m in Sources */,
				BD7AB1D419E14A91000D88AB /* CardDrawingOperationImageEditView.m in Sources */,
				BD7AB1D919E14A91000D88AB /* CardDrawingEditGrabberView.m in Sources */,
				BD7AB1D319E14A91000D88AB /* CardDrawingOperationAddView.m in Sources */,
				BD7AB1D519E14A91000D88AB /* CardDrawingOperationRectEditView.m in Sources */,
				BD7AB1D019E14A91000D88AB /* CouponDrawingRectLayer.m in Sources */,
				BD7228BC19E165A800EA93A9 /* CTTwoStateButton.m in Sources */,
				BD7AB1CC19E14A91000D88AB /* CouponDrawingData.m in Sources */,
				BD7AB1DD19E14A91000D88AB /* CouponCardDrawerManagerListener.m in Sources */,
				BD7AB1D619E14A91000D88AB /* CardDrawingOperationTextEditView.m in Sources */,
				BD7AB1D819E14A91000D88AB /* CardDrawingEditBoxPresentView.m in Sources */,
				BD7AB1CB19E14A91000D88AB /* CardDrawing.m in Sources */,
				BD7AB1D219E14A91000D88AB /* CardDrawingLayerView.m in Sources */,
				BD7AB1DC19E14A91000D88AB /* CouponCardDrawerManager.m in Sources */,
				6B4C2B0619E6FB6D00FB87DE /* BorderContainerView.m in Sources */,
				BDBFC19419FD330F0072306F /* CTContentDetailsViewController_Common.m in Sources */,
				6B77A8CC19D6C9E200FC0978 /* CTCommonUI.m in Sources */,
				6BD769B21A140976006362F2 /* CardMapLister.m in Sources */,
				6B5056D219E14BCB006939CC /* CTMainViewController_Common.m in Sources */,
				6B5056D619E14C92006939CC /* CTMyTemplatesViewController_Common.m in Sources */,
				6B386F321A344E5C00A69E9B /* CTPrintedCardViewController_Common.m in Sources */,
				6BD769B51A140992006362F2 /* CardMapListerView.m in Sources */,
				BDBFC19719FD331F0072306F /* CTNewContentViewController_Common.m in Sources */,
				BD31F30419F9170200AF73D6 /* CTScanViewController_Common.m in Sources */,
				BD7AB1D119E14A91000D88AB /* CouponDrawingTextLayer.m in Sources */,
				BD7228C319E194A900EA93A9 /* CTValidTextField.m in Sources */,
				BD7AB1DA19E14A91000D88AB /* CardDrawingEditTextPresentView.m in Sources */,
				6B5056E119E14D1E006939CC /* CTNewTemplateViewController_Common.m in Sources */,
				BD7AB1DB19E14A91000D88AB /* CardDrawingPresentView.m in Sources */,
				BD7AB1CE19E14A91000D88AB /* CouponDrawingBoxBaseLayer.m in Sources */,
				BD9D49D61A063B13001D2326 /* CTCardContentView.m in Sources */,
				6B5056EB19E14D65006939CC /* CTPrintTemplateViewController_Common.m in Sources */,
				6B072E6C1A1BEA040018F86D /* CardMapAnnotation.m in Sources */,
				BD7AB1CD19E14A91000D88AB /* CouponDrawingBaseLayer.m in Sources */,
			);
			runOnlyForDeploymentPostprocessing = 0;
		};
		6B77A8CD19D6C9E200FC0978 /* Sources */ = {
			isa = PBXSourcesBuildPhase;
			buildActionMask = 2147483647;
			files = (
				BD31F31819F9415000AF73D6 /* CTCardsViewController_Common.m in Sources */,
			);
			runOnlyForDeploymentPostprocessing = 0;
		};
/* End PBXSourcesBuildPhase section */

/* Begin PBXTargetDependency section */
		6BDFBCAC1A324690006EAE61 /* PBXTargetDependency */ = {
			isa = PBXTargetDependency;
			name = CTServices;
			targetProxy = 6BDFBCAB1A324690006EAE61 /* PBXContainerItemProxy */;
		};
/* End PBXTargetDependency section */

/* Begin XCBuildConfiguration section */
		6B77A8D519D6C9E200FC0978 /* Debug */ = {
			isa = XCBuildConfiguration;
			buildSettings = {
				ALWAYS_SEARCH_USER_PATHS = NO;
				CLANG_CXX_LANGUAGE_STANDARD = "gnu++0x";
				CLANG_CXX_LIBRARY = "libc++";
				CLANG_ENABLE_MODULES = YES;
				CLANG_ENABLE_OBJC_ARC = YES;
				CLANG_WARN_BOOL_CONVERSION = YES;
				CLANG_WARN_CONSTANT_CONVERSION = YES;
				CLANG_WARN_DIRECT_OBJC_ISA_USAGE = YES_ERROR;
				CLANG_WARN_EMPTY_BODY = YES;
				CLANG_WARN_ENUM_CONVERSION = YES;
				CLANG_WARN_INT_CONVERSION = YES;
				CLANG_WARN_OBJC_ROOT_CLASS = YES_ERROR;
				CLANG_WARN_UNREACHABLE_CODE = YES;
				CLANG_WARN__DUPLICATE_METHOD_MATCH = YES;
				COPY_PHASE_STRIP = NO;
				ENABLE_STRICT_OBJC_MSGSEND = YES;
				GCC_C_LANGUAGE_STANDARD = gnu99;
				GCC_DYNAMIC_NO_PIC = NO;
				GCC_OPTIMIZATION_LEVEL = 0;
				GCC_PREPROCESSOR_DEFINITIONS = (
					"DEBUG=1",
					"$(inherited)",
				);
				GCC_SYMBOLS_PRIVATE_EXTERN = NO;
				GCC_WARN_64_TO_32_BIT_CONVERSION = YES;
				GCC_WARN_ABOUT_RETURN_TYPE = YES_ERROR;
				GCC_WARN_UNDECLARED_SELECTOR = YES;
				GCC_WARN_UNINITIALIZED_AUTOS = YES_AGGRESSIVE;
				GCC_WARN_UNUSED_FUNCTION = YES;
				GCC_WARN_UNUSED_VARIABLE = YES;
				IPHONEOS_DEPLOYMENT_TARGET = 8.0;
				MTL_ENABLE_DEBUG_INFO = YES;
				ONLY_ACTIVE_ARCH = YES;
				SDKROOT = iphoneos;
			};
			name = Debug;
		};
		6B77A8D619D6C9E200FC0978 /* Release */ = {
			isa = XCBuildConfiguration;
			buildSettings = {
				ALWAYS_SEARCH_USER_PATHS = NO;
				CLANG_CXX_LANGUAGE_STANDARD = "gnu++0x";
				CLANG_CXX_LIBRARY = "libc++";
				CLANG_ENABLE_MODULES = YES;
				CLANG_ENABLE_OBJC_ARC = YES;
				CLANG_WARN_BOOL_CONVERSION = YES;
				CLANG_WARN_CONSTANT_CONVERSION = YES;
				CLANG_WARN_DIRECT_OBJC_ISA_USAGE = YES_ERROR;
				CLANG_WARN_EMPTY_BODY = YES;
				CLANG_WARN_ENUM_CONVERSION = YES;
				CLANG_WARN_INT_CONVERSION = YES;
				CLANG_WARN_OBJC_ROOT_CLASS = YES_ERROR;
				CLANG_WARN_UNREACHABLE_CODE = YES;
				CLANG_WARN__DUPLICATE_METHOD_MATCH = YES;
				COPY_PHASE_STRIP = YES;
				ENABLE_NS_ASSERTIONS = NO;
				ENABLE_STRICT_OBJC_MSGSEND = YES;
				GCC_C_LANGUAGE_STANDARD = gnu99;
				GCC_WARN_64_TO_32_BIT_CONVERSION = YES;
				GCC_WARN_ABOUT_RETURN_TYPE = YES_ERROR;
				GCC_WARN_UNDECLARED_SELECTOR = YES;
				GCC_WARN_UNINITIALIZED_AUTOS = YES_AGGRESSIVE;
				GCC_WARN_UNUSED_FUNCTION = YES;
				GCC_WARN_UNUSED_VARIABLE = YES;
				IPHONEOS_DEPLOYMENT_TARGET = 8.0;
				MTL_ENABLE_DEBUG_INFO = NO;
				SDKROOT = iphoneos;
				VALIDATE_PRODUCT = YES;
			};
			name = Release;
		};
		6B77A8D819D6C9E200FC0978 /* Debug */ = {
			isa = XCBuildConfiguration;
			buildSettings = {
				FRAMEWORK_SEARCH_PATHS = "$(PROJECT_DIR)/../**";
				GCC_PREFIX_HEADER = CTCommonUI/Prefix.pch;
				HEADER_SEARCH_PATHS = (
					"$(inherited)",
					/Applications/Xcode.app/Contents/Developer/Toolchains/XcodeDefault.xctoolchain/usr/include,
					"$(SRCROOT)/../**",
				);
				LIBRARY_SEARCH_PATHS = "$(PROJECT_DIR)/../**";
				OTHER_LDFLAGS = "-ObjC";
				PRODUCT_NAME = "$(TARGET_NAME)";
				SKIP_INSTALL = YES;
			};
			name = Debug;
		};
		6B77A8D919D6C9E200FC0978 /* Release */ = {
			isa = XCBuildConfiguration;
			buildSettings = {
				FRAMEWORK_SEARCH_PATHS = "$(PROJECT_DIR)/../**";
				GCC_PREFIX_HEADER = CTCommonUI/Prefix.pch;
				HEADER_SEARCH_PATHS = (
					"$(inherited)",
					/Applications/Xcode.app/Contents/Developer/Toolchains/XcodeDefault.xctoolchain/usr/include,
					"$(SRCROOT)/../**",
				);
				LIBRARY_SEARCH_PATHS = "$(PROJECT_DIR)/../**";
				OTHER_LDFLAGS = "-ObjC";
				PRODUCT_NAME = "$(TARGET_NAME)";
				SKIP_INSTALL = YES;
			};
			name = Release;
		};
		6B77A8DB19D6C9E200FC0978 /* Debug */ = {
			isa = XCBuildConfiguration;
			buildSettings = {
				FRAMEWORK_SEARCH_PATHS = (
					"$(SDKROOT)/Developer/Library/Frameworks",
					"$(inherited)",
				);
				GCC_PREPROCESSOR_DEFINITIONS = (
					"DEBUG=1",
					"$(inherited)",
				);
				INFOPLIST_FILE = CTCommonUITests/Info.plist;
				LD_RUNPATH_SEARCH_PATHS = "$(inherited) @executable_path/Frameworks @loader_path/Frameworks";
				PRODUCT_NAME = "$(TARGET_NAME)";
			};
			name = Debug;
		};
		6B77A8DC19D6C9E200FC0978 /* Release */ = {
			isa = XCBuildConfiguration;
			buildSettings = {
				FRAMEWORK_SEARCH_PATHS = (
					"$(SDKROOT)/Developer/Library/Frameworks",
					"$(inherited)",
				);
				INFOPLIST_FILE = CTCommonUITests/Info.plist;
				LD_RUNPATH_SEARCH_PATHS = "$(inherited) @executable_path/Frameworks @loader_path/Frameworks";
				PRODUCT_NAME = "$(TARGET_NAME)";
			};
			name = Release;
		};
/* End XCBuildConfiguration section */

/* Begin XCConfigurationList section */
		6B77A8C119D6C9E200FC0978 /* Build configuration list for PBXProject "CTCommonUI" */ = {
			isa = XCConfigurationList;
			buildConfigurations = (
				6B77A8D519D6C9E200FC0978 /* Debug */,
				6B77A8D619D6C9E200FC0978 /* Release */,
			);
			defaultConfigurationIsVisible = 0;
			defaultConfigurationName = Release;
		};
		6B77A8D719D6C9E200FC0978 /* Build configuration list for PBXNativeTarget "CTCommonUI" */ = {
			isa = XCConfigurationList;
			buildConfigurations = (
				6B77A8D819D6C9E200FC0978 /* Debug */,
				6B77A8D919D6C9E200FC0978 /* Release */,
			);
			defaultConfigurationIsVisible = 0;
			defaultConfigurationName = Release;
		};
		6B77A8DA19D6C9E200FC0978 /* Build configuration list for PBXNativeTarget "CTCommonUITests" */ = {
			isa = XCConfigurationList;
			buildConfigurations = (
				6B77A8DB19D6C9E200FC0978 /* Debug */,
				6B77A8DC19D6C9E200FC0978 /* Release */,
			);
			defaultConfigurationIsVisible = 0;
			defaultConfigurationName = Release;
		};
/* End XCConfigurationList section */
	};
	rootObject = 6B77A8BE19D6C9E200FC0978 /* Project object */;
}
