// !$*UTF8*$!
{
	archiveVersion = 1;
	classes = {
	};
	objectVersion = 46;
	objects = {

/* Begin PBXBuildFile section */
		6B77A8AA19D6C9BF00FC0978 /* CTServices.h in CopyFiles */ = {isa = PBXBuildFile; fileRef = 6B77A8A919D6C9BF00FC0978 /* CTServices.h */; };
		6B77A8AC19D6C9BF00FC0978 /* CTServices.m in Sources */ = {isa = PBXBuildFile; fileRef = 6B77A8AB19D6C9BF00FC0978 /* CTServices.m */; };
		6B77A8E019D6CA5100FC0978 /* libCTAnalytics.a in Frameworks */ = {isa = PBXBuildFile; fileRef = 6B77A8DF19D6CA5100FC0978 /* libCTAnalytics.a */; };
		6BA6311519EAA7AF00D56532 /* CTBackgroundService.m in Sources */ = {isa = PBXBuildFile; fileRef = 6BA6311419EAA7AF00D56532 /* CTBackgroundService.m */; };
		BD7AB23D19E14ECB000D88AB /* CTBaseManager.m in Sources */ = {isa = PBXBuildFile; fileRef = BD7AB20819E14ECB000D88AB /* CTBaseManager.m */; };
		BD7AB23F19E14ECB000D88AB /* CTUserManager.m in Sources */ = {isa = PBXBuildFile; fileRef = BD7AB20E19E14ECB000D88AB /* CTUserManager.m */; };
		BD7AB24019E14ECB000D88AB /* CCValidationManager.m in Sources */ = {isa = PBXBuildFile; fileRef = BD7AB21119E14ECB000D88AB /* CCValidationManager.m */; };
		BD7AB24119E14ECB000D88AB /* CCAlphanumericCondition.m in Sources */ = {isa = PBXBuildFile; fileRef = BD7AB21419E14ECB000D88AB /* CCAlphanumericCondition.m */; };
		BD7AB24219E14ECB000D88AB /* CCEmailCondition.m in Sources */ = {isa = PBXBuildFile; fileRef = BD7AB21719E14ECB000D88AB /* CCEmailCondition.m */; };
		BD7AB24319E14ECB000D88AB /* CCIncludingCondition.m in Sources */ = {isa = PBXBuildFile; fileRef = BD7AB21919E14ECB000D88AB /* CCIncludingCondition.m */; };
		BD7AB24419E14ECB000D88AB /* CCLengthCondition.m in Sources */ = {isa = PBXBuildFile; fileRef = BD7AB21B19E14ECB000D88AB /* CCLengthCondition.m */; };
		BD7AB24519E14ECB000D88AB /* CCMatchingCondition.m in Sources */ = {isa = PBXBuildFile; fileRef = BD7AB21D19E14ECB000D88AB /* CCMatchingCondition.m */; };
		BD7AB24619E14ECB000D88AB /* CCNumericCondition.m in Sources */ = {isa = PBXBuildFile; fileRef = BD7AB21F19E14ECB000D88AB /* CCNumericCondition.m */; };
		BD7AB24719E14ECB000D88AB /* CCRegexCondition.m in Sources */ = {isa = PBXBuildFile; fileRef = BD7AB22119E14ECB000D88AB /* CCRegexCondition.m */; };
		BD7AB24819E14ECB000D88AB /* CCRequiredCondition.m in Sources */ = {isa = PBXBuildFile; fileRef = BD7AB22319E14ECB000D88AB /* CCRequiredCondition.m */; };
		BD7AB24919E14ECB000D88AB /* CCUniqueCondition.m in Sources */ = {isa = PBXBuildFile; fileRef = BD7AB22519E14ECB000D88AB /* CCUniqueCondition.m */; };
		BD7AB24A19E14ECB000D88AB /* CCUrlCondition.m in Sources */ = {isa = PBXBuildFile; fileRef = BD7AB22719E14ECB000D88AB /* CCUrlCondition.m */; };
		BD7AB24B19E14ECB000D88AB /* CCValidationCondition.m in Sources */ = {isa = PBXBuildFile; fileRef = BD7AB22919E14ECB000D88AB /* CCValidationCondition.m */; };
		BD7AB24C19E14ECB000D88AB /* CCFormValdator.m in Sources */ = {isa = PBXBuildFile; fileRef = BD7AB22C19E14ECB000D88AB /* CCFormValdator.m */; };
		BD7AB24D19E14ECB000D88AB /* CCArrayValidator.m in Sources */ = {isa = PBXBuildFile; fileRef = BD7AB22F19E14ECB000D88AB /* CCArrayValidator.m */; };
		BD7AB24E19E14ECB000D88AB /* CCDataValidator.m in Sources */ = {isa = PBXBuildFile; fileRef = BD7AB23119E14ECB000D88AB /* CCDataValidator.m */; };
		BD7AB24F19E14ECB000D88AB /* CCDateValidator.m in Sources */ = {isa = PBXBuildFile; fileRef = BD7AB23319E14ECB000D88AB /* CCDateValidator.m */; };
		BD7AB25019E14ECB000D88AB /* CCDictionaryValidator.m in Sources */ = {isa = PBXBuildFile; fileRef = BD7AB23519E14ECB000D88AB /* CCDictionaryValidator.m */; };
		BD7AB25119E14ECB000D88AB /* CCNumberValidator.m in Sources */ = {isa = PBXBuildFile; fileRef = BD7AB23719E14ECB000D88AB /* CCNumberValidator.m */; };
		BD7AB25219E14ECB000D88AB /* CCStringValidator.m in Sources */ = {isa = PBXBuildFile; fileRef = BD7AB23919E14ECB000D88AB /* CCStringValidator.m */; };
		BD7AB25319E14ECB000D88AB /* CCValidator.m in Sources */ = {isa = PBXBuildFile; fileRef = BD7AB23B19E14ECB000D88AB /* CCValidator.m */; };
		BD7AB25B19E15247000D88AB /* CTNetworkingManager.m in Sources */ = {isa = PBXBuildFile; fileRef = BD7AB25A19E15247000D88AB /* CTNetworkingManager.m */; };
/* End PBXBuildFile section */

/* Begin PBXContainerItemProxy section */
		6BCB424319D718B10091E870 /* PBXContainerItemProxy */ = {
			isa = PBXContainerItemProxy;
			containerPortal = 6BCB423D19D718B10091E870 /* CTAnalytics.xcodeproj */;
			proxyType = 2;
			remoteGlobalIDString = 6B77A84A19D6C51600FC0978;
			remoteInfo = CTAnalytics;
		};
		6BCB424519D718B10091E870 /* PBXContainerItemProxy */ = {
			isa = PBXContainerItemProxy;
			containerPortal = 6BCB423D19D718B10091E870 /* CTAnalytics.xcodeproj */;
			proxyType = 2;
			remoteGlobalIDString = 6B77A85519D6C51600FC0978;
			remoteInfo = CTAnalyticsTests;
		};
/* End PBXContainerItemProxy section */

/* Begin PBXCopyFilesBuildPhase section */
		6B77A8A419D6C9BF00FC0978 /* CopyFiles */ = {
			isa = PBXCopyFilesBuildPhase;
			buildActionMask = 2147483647;
			dstPath = "include/$(PRODUCT_NAME)";
			dstSubfolderSpec = 16;
			files = (
				6B77A8AA19D6C9BF00FC0978 /* CTServices.h in CopyFiles */,
			);
			runOnlyForDeploymentPostprocessing = 0;
		};
/* End PBXCopyFilesBuildPhase section */

/* Begin PBXFileReference section */
		6B77A8A619D6C9BF00FC0978 /* libCTServices.a */ = {isa = PBXFileReference; explicitFileType = archive.ar; includeInIndex = 0; path = libCTServices.a; sourceTree = BUILT_PRODUCTS_DIR; };
		6B77A8A919D6C9BF00FC0978 /* CTServices.h */ = {isa = PBXFileReference; lastKnownFileType = sourcecode.c.h; path = CTServices.h; sourceTree = "<group>"; };
		6B77A8AB19D6C9BF00FC0978 /* CTServices.m */ = {isa = PBXFileReference; lastKnownFileType = sourcecode.c.objc; path = CTServices.m; sourceTree = "<group>"; };
		6B77A8B119D6C9C000FC0978 /* CTServicesTests.xctest */ = {isa = PBXFileReference; explicitFileType = wrapper.cfbundle; includeInIndex = 0; path = CTServicesTests.xctest; sourceTree = BUILT_PRODUCTS_DIR; };
		6B77A8B419D6C9C000FC0978 /* Info.plist */ = {isa = PBXFileReference; lastKnownFileType = text.plist.xml; path = Info.plist; sourceTree = "<group>"; };
		6B77A8DF19D6CA5100FC0978 /* libCTAnalytics.a */ = {isa = PBXFileReference; lastKnownFileType = archive.ar; name = libCTAnalytics.a; path = "../CTAnalytics/build/Debug-iphoneos/libCTAnalytics.a"; sourceTree = "<group>"; };
		6BA6311319EAA7AF00D56532 /* CTBackgroundService.h */ = {isa = PBXFileReference; fileEncoding = 4; lastKnownFileType = sourcecode.c.h; name = CTBackgroundService.h; path = BackgroundService/CTBackgroundService.h; sourceTree = "<group>"; };
		6BA6311419EAA7AF00D56532 /* CTBackgroundService.m */ = {isa = PBXFileReference; fileEncoding = 4; lastKnownFileType = sourcecode.c.objc; name = CTBackgroundService.m; path = BackgroundService/CTBackgroundService.m; sourceTree = "<group>"; };
		6BCB423D19D718B10091E870 /* CTAnalytics.xcodeproj */ = {isa = PBXFileReference; lastKnownFileType = "wrapper.pb-project"; name = CTAnalytics.xcodeproj; path = ../CTAnalytics/CTAnalytics.xcodeproj; sourceTree = "<group>"; };
		BD7AB20719E14ECB000D88AB /* CTBaseManager.h */ = {isa = PBXFileReference; fileEncoding = 4; lastKnownFileType = sourcecode.c.h; path = CTBaseManager.h; sourceTree = "<group>"; };
		BD7AB20819E14ECB000D88AB /* CTBaseManager.m */ = {isa = PBXFileReference; fileEncoding = 4; lastKnownFileType = sourcecode.c.objc; path = CTBaseManager.m; sourceTree = "<group>"; };
		BD7AB20D19E14ECB000D88AB /* CTUserManager.h */ = {isa = PBXFileReference; fileEncoding = 4; lastKnownFileType = sourcecode.c.h; path = CTUserManager.h; sourceTree = "<group>"; };
		BD7AB20E19E14ECB000D88AB /* CTUserManager.m */ = {isa = PBXFileReference; fileEncoding = 4; lastKnownFileType = sourcecode.c.objc; path = CTUserManager.m; sourceTree = "<group>"; };
		BD7AB21019E14ECB000D88AB /* CCValidationManager.h */ = {isa = PBXFileReference; fileEncoding = 4; lastKnownFileType = sourcecode.c.h; path = CCValidationManager.h; sourceTree = "<group>"; };
		BD7AB21119E14ECB000D88AB /* CCValidationManager.m */ = {isa = PBXFileReference; fileEncoding = 4; lastKnownFileType = sourcecode.c.objc; path = CCValidationManager.m; sourceTree = "<group>"; };
		BD7AB21319E14ECB000D88AB /* CCAlphanumericCondition.h */ = {isa = PBXFileReference; fileEncoding = 4; lastKnownFileType = sourcecode.c.h; path = CCAlphanumericCondition.h; sourceTree = "<group>"; };
		BD7AB21419E14ECB000D88AB /* CCAlphanumericCondition.m */ = {isa = PBXFileReference; fileEncoding = 4; lastKnownFileType = sourcecode.c.objc; path = CCAlphanumericCondition.m; sourceTree = "<group>"; };
		BD7AB21519E14ECB000D88AB /* CCConditions.h */ = {isa = PBXFileReference; fileEncoding = 4; lastKnownFileType = sourcecode.c.h; path = CCConditions.h; sourceTree = "<group>"; };
		BD7AB21619E14ECB000D88AB /* CCEmailCondition.h */ = {isa = PBXFileReference; fileEncoding = 4; lastKnownFileType = sourcecode.c.h; path = CCEmailCondition.h; sourceTree = "<group>"; };
		BD7AB21719E14ECB000D88AB /* CCEmailCondition.m */ = {isa = PBXFileReference; fileEncoding = 4; lastKnownFileType = sourcecode.c.objc; path = CCEmailCondition.m; sourceTree = "<group>"; };
		BD7AB21819E14ECB000D88AB /* CCIncludingCondition.h */ = {isa = PBXFileReference; fileEncoding = 4; lastKnownFileType = sourcecode.c.h; path = CCIncludingCondition.h; sourceTree = "<group>"; };
		BD7AB21919E14ECB000D88AB /* CCIncludingCondition.m */ = {isa = PBXFileReference; fileEncoding = 4; lastKnownFileType = sourcecode.c.objc; path = CCIncludingCondition.m; sourceTree = "<group>"; };
		BD7AB21A19E14ECB000D88AB /* CCLengthCondition.h */ = {isa = PBXFileReference; fileEncoding = 4; lastKnownFileType = sourcecode.c.h; path = CCLengthCondition.h; sourceTree = "<group>"; };
		BD7AB21B19E14ECB000D88AB /* CCLengthCondition.m */ = {isa = PBXFileReference; fileEncoding = 4; lastKnownFileType = sourcecode.c.objc; path = CCLengthCondition.m; sourceTree = "<group>"; };
		BD7AB21C19E14ECB000D88AB /* CCMatchingCondition.h */ = {isa = PBXFileReference; fileEncoding = 4; lastKnownFileType = sourcecode.c.h; path = CCMatchingCondition.h; sourceTree = "<group>"; };
		BD7AB21D19E14ECB000D88AB /* CCMatchingCondition.m */ = {isa = PBXFileReference; fileEncoding = 4; lastKnownFileType = sourcecode.c.objc; path = CCMatchingCondition.m; sourceTree = "<group>"; };
		BD7AB21E19E14ECB000D88AB /* CCNumericCondition.h */ = {isa = PBXFileReference; fileEncoding = 4; lastKnownFileType = sourcecode.c.h; path = CCNumericCondition.h; sourceTree = "<group>"; };
		BD7AB21F19E14ECB000D88AB /* CCNumericCondition.m */ = {isa = PBXFileReference; fileEncoding = 4; lastKnownFileType = sourcecode.c.objc; path = CCNumericCondition.m; sourceTree = "<group>"; };
		BD7AB22019E14ECB000D88AB /* CCRegexCondition.h */ = {isa = PBXFileReference; fileEncoding = 4; lastKnownFileType = sourcecode.c.h; path = CCRegexCondition.h; sourceTree = "<group>"; };
		BD7AB22119E14ECB000D88AB /* CCRegexCondition.m */ = {isa = PBXFileReference; fileEncoding = 4; lastKnownFileType = sourcecode.c.objc; path = CCRegexCondition.m; sourceTree = "<group>"; };
		BD7AB22219E14ECB000D88AB /* CCRequiredCondition.h */ = {isa = PBXFileReference; fileEncoding = 4; lastKnownFileType = sourcecode.c.h; path = CCRequiredCondition.h; sourceTree = "<group>"; };
		BD7AB22319E14ECB000D88AB /* CCRequiredCondition.m */ = {isa = PBXFileReference; fileEncoding = 4; lastKnownFileType = sourcecode.c.objc; path = CCRequiredCondition.m; sourceTree = "<group>"; };
		BD7AB22419E14ECB000D88AB /* CCUniqueCondition.h */ = {isa = PBXFileReference; fileEncoding = 4; lastKnownFileType = sourcecode.c.h; path = CCUniqueCondition.h; sourceTree = "<group>"; };
		BD7AB22519E14ECB000D88AB /* CCUniqueCondition.m */ = {isa = PBXFileReference; fileEncoding = 4; lastKnownFileType = sourcecode.c.objc; path = CCUniqueCondition.m; sourceTree = "<group>"; };
		BD7AB22619E14ECB000D88AB /* CCUrlCondition.h */ = {isa = PBXFileReference; fileEncoding = 4; lastKnownFileType = sourcecode.c.h; path = CCUrlCondition.h; sourceTree = "<group>"; };
		BD7AB22719E14ECB000D88AB /* CCUrlCondition.m */ = {isa = PBXFileReference; fileEncoding = 4; lastKnownFileType = sourcecode.c.objc; path = CCUrlCondition.m; sourceTree = "<group>"; };
		BD7AB22819E14ECB000D88AB /* CCValidationCondition.h */ = {isa = PBXFileReference; fileEncoding = 4; lastKnownFileType = sourcecode.c.h; path = CCValidationCondition.h; sourceTree = "<group>"; };
		BD7AB22919E14ECB000D88AB /* CCValidationCondition.m */ = {isa = PBXFileReference; fileEncoding = 4; lastKnownFileType = sourcecode.c.objc; path = CCValidationCondition.m; sourceTree = "<group>"; };
		BD7AB22B19E14ECB000D88AB /* CCFormValdator.h */ = {isa = PBXFileReference; fileEncoding = 4; lastKnownFileType = sourcecode.c.h; path = CCFormValdator.h; sourceTree = "<group>"; };
		BD7AB22C19E14ECB000D88AB /* CCFormValdator.m */ = {isa = PBXFileReference; fileEncoding = 4; lastKnownFileType = sourcecode.c.objc; path = CCFormValdator.m; sourceTree = "<group>"; };
		BD7AB22E19E14ECB000D88AB /* CCArrayValidator.h */ = {isa = PBXFileReference; fileEncoding = 4; lastKnownFileType = sourcecode.c.h; path = CCArrayValidator.h; sourceTree = "<group>"; };
		BD7AB22F19E14ECB000D88AB /* CCArrayValidator.m */ = {isa = PBXFileReference; fileEncoding = 4; lastKnownFileType = sourcecode.c.objc; path = CCArrayValidator.m; sourceTree = "<group>"; };
		BD7AB23019E14ECB000D88AB /* CCDataValidator.h */ = {isa = PBXFileReference; fileEncoding = 4; lastKnownFileType = sourcecode.c.h; path = CCDataValidator.h; sourceTree = "<group>"; };
		BD7AB23119E14ECB000D88AB /* CCDataValidator.m */ = {isa = PBXFileReference; fileEncoding = 4; lastKnownFileType = sourcecode.c.objc; path = CCDataValidator.m; sourceTree = "<group>"; };
		BD7AB23219E14ECB000D88AB /* CCDateValidator.h */ = {isa = PBXFileReference; fileEncoding = 4; lastKnownFileType = sourcecode.c.h; path = CCDateValidator.h; sourceTree = "<group>"; };
		BD7AB23319E14ECB000D88AB /* CCDateValidator.m */ = {isa = PBXFileReference; fileEncoding = 4; lastKnownFileType = sourcecode.c.objc; path = CCDateValidator.m; sourceTree = "<group>"; };
		BD7AB23419E14ECB000D88AB /* CCDictionaryValidator.h */ = {isa = PBXFileReference; fileEncoding = 4; lastKnownFileType = sourcecode.c.h; path = CCDictionaryValidator.h; sourceTree = "<group>"; };
		BD7AB23519E14ECB000D88AB /* CCDictionaryValidator.m */ = {isa = PBXFileReference; fileEncoding = 4; lastKnownFileType = sourcecode.c.objc; path = CCDictionaryValidator.m; sourceTree = "<group>"; };
		BD7AB23619E14ECB000D88AB /* CCNumberValidator.h */ = {isa = PBXFileReference; fileEncoding = 4; lastKnownFileType = sourcecode.c.h; path = CCNumberValidator.h; sourceTree = "<group>"; };
		BD7AB23719E14ECB000D88AB /* CCNumberValidator.m */ = {isa = PBXFileReference; fileEncoding = 4; lastKnownFileType = sourcecode.c.objc; path = CCNumberValidator.m; sourceTree = "<group>"; };
		BD7AB23819E14ECB000D88AB /* CCStringValidator.h */ = {isa = PBXFileReference; fileEncoding = 4; lastKnownFileType = sourcecode.c.h; path = CCStringValidator.h; sourceTree = "<group>"; };
		BD7AB23919E14ECB000D88AB /* CCStringValidator.m */ = {isa = PBXFileReference; fileEncoding = 4; lastKnownFileType = sourcecode.c.objc; path = CCStringValidator.m; sourceTree = "<group>"; };
		BD7AB23A19E14ECB000D88AB /* CCValidator.h */ = {isa = PBXFileReference; fileEncoding = 4; lastKnownFileType = sourcecode.c.h; path = CCValidator.h; sourceTree = "<group>"; };
		BD7AB23B19E14ECB000D88AB /* CCValidator.m */ = {isa = PBXFileReference; fileEncoding = 4; lastKnownFileType = sourcecode.c.objc; path = CCValidator.m; sourceTree = "<group>"; };
		BD7AB23C19E14ECB000D88AB /* CCValidators.h */ = {isa = PBXFileReference; fileEncoding = 4; lastKnownFileType = sourcecode.c.h; path = CCValidators.h; sourceTree = "<group>"; };
		BD7AB25919E15247000D88AB /* CTNetworkingManager.h */ = {isa = PBXFileReference; fileEncoding = 4; lastKnownFileType = sourcecode.c.h; path = CTNetworkingManager.h; sourceTree = "<group>"; };
		BD7AB25A19E15247000D88AB /* CTNetworkingManager.m */ = {isa = PBXFileReference; fileEncoding = 4; lastKnownFileType = sourcecode.c.objc; path = CTNetworkingManager.m; sourceTree = "<group>"; };
/* End PBXFileReference section */

/* Begin PBXFrameworksBuildPhase section */
		6B77A8A319D6C9BF00FC0978 /* Frameworks */ = {
			isa = PBXFrameworksBuildPhase;
			buildActionMask = 2147483647;
			files = (
				6B77A8E019D6CA5100FC0978 /* libCTAnalytics.a in Frameworks */,
			);
			runOnlyForDeploymentPostprocessing = 0;
		};
		6B77A8AE19D6C9C000FC0978 /* Frameworks */ = {
			isa = PBXFrameworksBuildPhase;
			buildActionMask = 2147483647;
			files = (
			);
			runOnlyForDeploymentPostprocessing = 0;
		};
/* End PBXFrameworksBuildPhase section */

/* Begin PBXGroup section */
		6B77A89D19D6C9BF00FC0978 = {
			isa = PBXGroup;
			children = (
				6BCB423D19D718B10091E870 /* CTAnalytics.xcodeproj */,
				6B77A8E519D6CBA100FC0978 /* framework */,
				6B77A8A819D6C9BF00FC0978 /* CTServices */,
				6B77A8B219D6C9C000FC0978 /* CTServicesTests */,
				6B77A8A719D6C9BF00FC0978 /* Products */,
			);
			sourceTree = "<group>";
		};
		6B77A8A719D6C9BF00FC0978 /* Products */ = {
			isa = PBXGroup;
			children = (
				6B77A8A619D6C9BF00FC0978 /* libCTServices.a */,
				6B77A8B119D6C9C000FC0978 /* CTServicesTests.xctest */,
			);
			name = Products;
			sourceTree = "<group>";
		};
		6B77A8A819D6C9BF00FC0978 /* CTServices */ = {
			isa = PBXGroup;
			children = (
				6BA6311019EAA78C00D56532 /* BackgroundService */,
				BD7AB25819E15247000D88AB /* Networking */,
				6B77A8A919D6C9BF00FC0978 /* CTServices.h */,
				6B77A8AB19D6C9BF00FC0978 /* CTServices.m */,
				BD7AB20719E14ECB000D88AB /* CTBaseManager.h */,
				BD7AB20819E14ECB000D88AB /* CTBaseManager.m */,
				BD7AB20C19E14ECB000D88AB /* User */,
				BD7AB20F19E14ECB000D88AB /* Validation */,
			);
			path = CTServices;
			sourceTree = "<group>";
		};
		6B77A8B219D6C9C000FC0978 /* CTServicesTests */ = {
			isa = PBXGroup;
			children = (
				6B77A8B319D6C9C000FC0978 /* Supporting Files */,
			);
			path = CTServicesTests;
			sourceTree = "<group>";
		};
		6B77A8B319D6C9C000FC0978 /* Supporting Files */ = {
			isa = PBXGroup;
			children = (
				6B77A8B419D6C9C000FC0978 /* Info.plist */,
			);
			name = "Supporting Files";
			sourceTree = "<group>";
		};
		6B77A8E519D6CBA100FC0978 /* framework */ = {
			isa = PBXGroup;
			children = (
				6B77A8DF19D6CA5100FC0978 /* libCTAnalytics.a */,
			);
			name = framework;
			sourceTree = "<group>";
		};
		6BA6311019EAA78C00D56532 /* BackgroundService */ = {
			isa = PBXGroup;
			children = (
				6BA6311319EAA7AF00D56532 /* CTBackgroundService.h */,
				6BA6311419EAA7AF00D56532 /* CTBackgroundService.m */,
			);
			name = BackgroundService;
			sourceTree = "<group>";
		};
		6BCB423E19D718B10091E870 /* Products */ = {
			isa = PBXGroup;
			children = (
				6BCB424419D718B10091E870 /* libCTAnalytics.a */,
				6BCB424619D718B10091E870 /* CTAnalyticsTests.xctest */,
			);
			name = Products;
			sourceTree = "<group>";
		};
		BD7AB20C19E14ECB000D88AB /* User */ = {
			isa = PBXGroup;
			children = (
				BD7AB20D19E14ECB000D88AB /* CTUserManager.h */,
				BD7AB20E19E14ECB000D88AB /* CTUserManager.m */,
			);
			path = User;
			sourceTree = "<group>";
		};
		BD7AB20F19E14ECB000D88AB /* Validation */ = {
			isa = PBXGroup;
			children = (
				BD7AB21019E14ECB000D88AB /* CCValidationManager.h */,
				BD7AB21119E14ECB000D88AB /* CCValidationManager.m */,
				BD7AB21219E14ECB000D88AB /* Conditions */,
				BD7AB22A19E14ECB000D88AB /* Form */,
				BD7AB22D19E14ECB000D88AB /* Validators */,
			);
			path = Validation;
			sourceTree = "<group>";
		};
		BD7AB21219E14ECB000D88AB /* Conditions */ = {
			isa = PBXGroup;
			children = (
				BD7AB21319E14ECB000D88AB /* CCAlphanumericCondition.h */,
				BD7AB21419E14ECB000D88AB /* CCAlphanumericCondition.m */,
				BD7AB21519E14ECB000D88AB /* CCConditions.h */,
				BD7AB21619E14ECB000D88AB /* CCEmailCondition.h */,
				BD7AB21719E14ECB000D88AB /* CCEmailCondition.m */,
				BD7AB21819E14ECB000D88AB /* CCIncludingCondition.h */,
				BD7AB21919E14ECB000D88AB /* CCIncludingCondition.m */,
				BD7AB21A19E14ECB000D88AB /* CCLengthCondition.h */,
				BD7AB21B19E14ECB000D88AB /* CCLengthCondition.m */,
				BD7AB21C19E14ECB000D88AB /* CCMatchingCondition.h */,
				BD7AB21D19E14ECB000D88AB /* CCMatchingCondition.m */,
				BD7AB21E19E14ECB000D88AB /* CCNumericCondition.h */,
				BD7AB21F19E14ECB000D88AB /* CCNumericCondition.m */,
				BD7AB22019E14ECB000D88AB /* CCRegexCondition.h */,
				BD7AB22119E14ECB000D88AB /* CCRegexCondition.m */,
				BD7AB22219E14ECB000D88AB /* CCRequiredCondition.h */,
				BD7AB22319E14ECB000D88AB /* CCRequiredCondition.m */,
				BD7AB22419E14ECB000D88AB /* CCUniqueCondition.h */,
				BD7AB22519E14ECB000D88AB /* CCUniqueCondition.m */,
				BD7AB22619E14ECB000D88AB /* CCUrlCondition.h */,
				BD7AB22719E14ECB000D88AB /* CCUrlCondition.m */,
				BD7AB22819E14ECB000D88AB /* CCValidationCondition.h */,
				BD7AB22919E14ECB000D88AB /* CCValidationCondition.m */,
			);
			path = Conditions;
			sourceTree = "<group>";
		};
		BD7AB22A19E14ECB000D88AB /* Form */ = {
			isa = PBXGroup;
			children = (
				BD7AB22B19E14ECB000D88AB /* CCFormValdator.h */,
				BD7AB22C19E14ECB000D88AB /* CCFormValdator.m */,
			);
			path = Form;
			sourceTree = "<group>";
		};
		BD7AB22D19E14ECB000D88AB /* Validators */ = {
			isa = PBXGroup;
			children = (
				BD7AB22E19E14ECB000D88AB /* CCArrayValidator.h */,
				BD7AB22F19E14ECB000D88AB /* CCArrayValidator.m */,
				BD7AB23019E14ECB000D88AB /* CCDataValidator.h */,
				BD7AB23119E14ECB000D88AB /* CCDataValidator.m */,
				BD7AB23219E14ECB000D88AB /* CCDateValidator.h */,
				BD7AB23319E14ECB000D88AB /* CCDateValidator.m */,
				BD7AB23419E14ECB000D88AB /* CCDictionaryValidator.h */,
				BD7AB23519E14ECB000D88AB /* CCDictionaryValidator.m */,
				BD7AB23619E14ECB000D88AB /* CCNumberValidator.h */,
				BD7AB23719E14ECB000D88AB /* CCNumberValidator.m */,
				BD7AB23819E14ECB000D88AB /* CCStringValidator.h */,
				BD7AB23919E14ECB000D88AB /* CCStringValidator.m */,
				BD7AB23A19E14ECB000D88AB /* CCValidator.h */,
				BD7AB23B19E14ECB000D88AB /* CCValidator.m */,
				BD7AB23C19E14ECB000D88AB /* CCValidators.h */,
			);
			path = Validators;
			sourceTree = "<group>";
		};
		BD7AB25819E15247000D88AB /* Networking */ = {
			isa = PBXGroup;
			children = (
				BD7AB25919E15247000D88AB /* CTNetworkingManager.h */,
				BD7AB25A19E15247000D88AB /* CTNetworkingManager.m */,
			);
			path = Networking;
			sourceTree = "<group>";
		};
/* End PBXGroup section */

/* Begin PBXNativeTarget section */
		6B77A8A519D6C9BF00FC0978 /* CTServices */ = {
			isa = PBXNativeTarget;
			buildConfigurationList = 6B77A8B719D6C9C000FC0978 /* Build configuration list for PBXNativeTarget "CTServices" */;
			buildPhases = (
				6B77A8A219D6C9BF00FC0978 /* Sources */,
				6B77A8A319D6C9BF00FC0978 /* Frameworks */,
				6B77A8A419D6C9BF00FC0978 /* CopyFiles */,
			);
			buildRules = (
			);
			dependencies = (
			);
			name = CTServices;
			productName = CTServices;
			productReference = 6B77A8A619D6C9BF00FC0978 /* libCTServices.a */;
			productType = "com.apple.product-type.library.static";
		};
		6B77A8B019D6C9C000FC0978 /* CTServicesTests */ = {
			isa = PBXNativeTarget;
			buildConfigurationList = 6B77A8BA19D6C9C000FC0978 /* Build configuration list for PBXNativeTarget "CTServicesTests" */;
			buildPhases = (
				6B77A8AD19D6C9C000FC0978 /* Sources */,
				6B77A8AE19D6C9C000FC0978 /* Frameworks */,
				6B77A8AF19D6C9C000FC0978 /* Resources */,
			);
			buildRules = (
			);
			dependencies = (
			);
			name = CTServicesTests;
			productName = CTServicesTests;
			productReference = 6B77A8B119D6C9C000FC0978 /* CTServicesTests.xctest */;
			productType = "com.apple.product-type.bundle.unit-test";
		};
/* End PBXNativeTarget section */

/* Begin PBXProject section */
		6B77A89E19D6C9BF00FC0978 /* Project object */ = {
			isa = PBXProject;
			attributes = {
				LastUpgradeCheck = 0600;
				ORGANIZATIONNAME = "Balazs Ilsinszki";
				TargetAttributes = {
					6B77A8A519D6C9BF00FC0978 = {
						CreatedOnToolsVersion = 6.0;
					};
					6B77A8B019D6C9C000FC0978 = {
						CreatedOnToolsVersion = 6.0;
					};
				};
			};
			buildConfigurationList = 6B77A8A119D6C9BF00FC0978 /* Build configuration list for PBXProject "CTServices" */;
			compatibilityVersion = "Xcode 3.2";
			developmentRegion = English;
			hasScannedForEncodings = 0;
			knownRegions = (
				en,
			);
			mainGroup = 6B77A89D19D6C9BF00FC0978;
			productRefGroup = 6B77A8A719D6C9BF00FC0978 /* Products */;
			projectDirPath = "";
			projectReferences = (
				{
					ProductGroup = 6BCB423E19D718B10091E870 /* Products */;
					ProjectRef = 6BCB423D19D718B10091E870 /* CTAnalytics.xcodeproj */;
				},
			);
			projectRoot = "";
			targets = (
				6B77A8A519D6C9BF00FC0978 /* CTServices */,
				6B77A8B019D6C9C000FC0978 /* CTServicesTests */,
			);
		};
/* End PBXProject section */

/* Begin PBXReferenceProxy section */
		6BCB424419D718B10091E870 /* libCTAnalytics.a */ = {
			isa = PBXReferenceProxy;
			fileType = archive.ar;
			path = libCTAnalytics.a;
			remoteRef = 6BCB424319D718B10091E870 /* PBXContainerItemProxy */;
			sourceTree = BUILT_PRODUCTS_DIR;
		};
		6BCB424619D718B10091E870 /* CTAnalyticsTests.xctest */ = {
			isa = PBXReferenceProxy;
			fileType = wrapper.cfbundle;
			path = CTAnalyticsTests.xctest;
			remoteRef = 6BCB424519D718B10091E870 /* PBXContainerItemProxy */;
			sourceTree = BUILT_PRODUCTS_DIR;
		};
/* End PBXReferenceProxy section */

/* Begin PBXResourcesBuildPhase section */
		6B77A8AF19D6C9C000FC0978 /* Resources */ = {
			isa = PBXResourcesBuildPhase;
			buildActionMask = 2147483647;
			files = (
			);
			runOnlyForDeploymentPostprocessing = 0;
		};
/* End PBXResourcesBuildPhase section */

/* Begin PBXSourcesBuildPhase section */
		6B77A8A219D6C9BF00FC0978 /* Sources */ = {
			isa = PBXSourcesBuildPhase;
			buildActionMask = 2147483647;
			files = (
				BD7AB23F19E14ECB000D88AB /* CTUserManager.m in Sources */,
				BD7AB24519E14ECB000D88AB /* CCMatchingCondition.m in Sources */,
				BD7AB24B19E14ECB000D88AB /* CCValidationCondition.m in Sources */,
				BD7AB24319E14ECB000D88AB /* CCIncludingCondition.m in Sources */,
				BD7AB25319E14ECB000D88AB /* CCValidator.m in Sources */,
				BD7AB24D19E14ECB000D88AB /* CCArrayValidator.m in Sources */,
				BD7AB24819E14ECB000D88AB /* CCRequiredCondition.m in Sources */,
				BD7AB24219E14ECB000D88AB /* CCEmailCondition.m in Sources */,
				BD7AB25019E14ECB000D88AB /* CCDictionaryValidator.m in Sources */,
				BD7AB25219E14ECB000D88AB /* CCStringValidator.m in Sources */,
				6B77A8AC19D6C9BF00FC0978 /* CTServices.m in Sources */,
				BD7AB24119E14ECB000D88AB /* CCAlphanumericCondition.m in Sources */,
				BD7AB24C19E14ECB000D88AB /* CCFormValdator.m in Sources */,
				BD7AB24419E14ECB000D88AB /* CCLengthCondition.m in Sources */,
				BD7AB24019E14ECB000D88AB /* CCValidationManager.m in Sources */,
				BD7AB24A19E14ECB000D88AB /* CCUrlCondition.m in Sources */,
				BD7AB24919E14ECB000D88AB /* CCUniqueCondition.m in Sources */,
				BD7AB25119E14ECB000D88AB /* CCNumberValidator.m in Sources */,
				BD7AB23D19E14ECB000D88AB /* CTBaseManager.m in Sources */,
				BD7AB24619E14ECB000D88AB /* CCNumericCondition.m in Sources */,
				BD7AB24E19E14ECB000D88AB /* CCDataValidator.m in Sources */,
				BD7AB24F19E14ECB000D88AB /* CCDateValidator.m in Sources */,
				6BA6311519EAA7AF00D56532 /* CTBackgroundService.m in Sources */,
				BD7AB24719E14ECB000D88AB /* CCRegexCondition.m in Sources */,
				BD7AB25B19E15247000D88AB /* CTNetworkingManager.m in Sources */,
			);
			runOnlyForDeploymentPostprocessing = 0;
		};
		6B77A8AD19D6C9C000FC0978 /* Sources */ = {
			isa = PBXSourcesBuildPhase;
			buildActionMask = 2147483647;
			files = (
			);
			runOnlyForDeploymentPostprocessing = 0;
		};
/* End PBXSourcesBuildPhase section */

/* Begin XCBuildConfiguration section */
		6B77A8B519D6C9C000FC0978 /* Debug */ = {
			isa = XCBuildConfiguration;
			buildSettings = {
				ALWAYS_SEARCH_USER_PATHS = NO;
				CLANG_CXX_LANGUAGE_STANDARD = "gnu++0x";
				CLANG_CXX_LIBRARY = "libc++";
				CLANG_ENABLE_MODULES = YES;
				CLANG_ENABLE_OBJC_ARC = YES;
				CLANG_WARN_BOOL_CONVERSION = YES;
				CLANG_WARN_CONSTANT_CONVERSION = YES;
				CLANG_WARN_DIRECT_OBJC_ISA_USAGE = YES_ERROR;
				CLANG_WARN_EMPTY_BODY = YES;
				CLANG_WARN_ENUM_CONVERSION = YES;
				CLANG_WARN_INT_CONVERSION = YES;
				CLANG_WARN_OBJC_ROOT_CLASS = YES_ERROR;
				CLANG_WARN_UNREACHABLE_CODE = YES;
				CLANG_WARN__DUPLICATE_METHOD_MATCH = YES;
				COPY_PHASE_STRIP = NO;
				ENABLE_STRICT_OBJC_MSGSEND = YES;
				GCC_C_LANGUAGE_STANDARD = gnu99;
				GCC_DYNAMIC_NO_PIC = NO;
				GCC_OPTIMIZATION_LEVEL = 0;
				GCC_PREPROCESSOR_DEFINITIONS = (
					"DEBUG=1",
					"$(inherited)",
				);
				GCC_SYMBOLS_PRIVATE_EXTERN = NO;
				GCC_WARN_64_TO_32_BIT_CONVERSION = YES;
				GCC_WARN_ABOUT_RETURN_TYPE = YES_ERROR;
				GCC_WARN_UNDECLARED_SELECTOR = YES;
				GCC_WARN_UNINITIALIZED_AUTOS = YES_AGGRESSIVE;
				GCC_WARN_UNUSED_FUNCTION = YES;
				GCC_WARN_UNUSED_VARIABLE = YES;
				IPHONEOS_DEPLOYMENT_TARGET = 8.0;
				MTL_ENABLE_DEBUG_INFO = YES;
				ONLY_ACTIVE_ARCH = YES;
				SDKROOT = iphoneos;
			};
			name = Debug;
		};
		6B77A8B619D6C9C000FC0978 /* Release */ = {
			isa = XCBuildConfiguration;
			buildSettings = {
				ALWAYS_SEARCH_USER_PATHS = NO;
				CLANG_CXX_LANGUAGE_STANDARD = "gnu++0x";
				CLANG_CXX_LIBRARY = "libc++";
				CLANG_ENABLE_MODULES = YES;
				CLANG_ENABLE_OBJC_ARC = YES;
				CLANG_WARN_BOOL_CONVERSION = YES;
				CLANG_WARN_CONSTANT_CONVERSION = YES;
				CLANG_WARN_DIRECT_OBJC_ISA_USAGE = YES_ERROR;
				CLANG_WARN_EMPTY_BODY = YES;
				CLANG_WARN_ENUM_CONVERSION = YES;
				CLANG_WARN_INT_CONVERSION = YES;
				CLANG_WARN_OBJC_ROOT_CLASS = YES_ERROR;
				CLANG_WARN_UNREACHABLE_CODE = YES;
				CLANG_WARN__DUPLICATE_METHOD_MATCH = YES;
				COPY_PHASE_STRIP = YES;
				ENABLE_NS_ASSERTIONS = NO;
				ENABLE_STRICT_OBJC_MSGSEND = YES;
				GCC_C_LANGUAGE_STANDARD = gnu99;
				GCC_WARN_64_TO_32_BIT_CONVERSION = YES;
				GCC_WARN_ABOUT_RETURN_TYPE = YES_ERROR;
				GCC_WARN_UNDECLARED_SELECTOR = YES;
				GCC_WARN_UNINITIALIZED_AUTOS = YES_AGGRESSIVE;
				GCC_WARN_UNUSED_FUNCTION = YES;
				GCC_WARN_UNUSED_VARIABLE = YES;
				IPHONEOS_DEPLOYMENT_TARGET = 8.0;
				MTL_ENABLE_DEBUG_INFO = NO;
				SDKROOT = iphoneos;
				VALIDATE_PRODUCT = YES;
			};
			name = Release;
		};
		6B77A8B819D6C9C000FC0978 /* Debug */ = {
			isa = XCBuildConfiguration;
			buildSettings = {
				FRAMEWORK_SEARCH_PATHS = "$(PROJECT_DIR)/../**";
				HEADER_SEARCH_PATHS = (
					"$(inherited)",
					/Applications/Xcode.app/Contents/Developer/Toolchains/XcodeDefault.xctoolchain/usr/include,
					"$(SRCROOT)/../**",
				);
				LIBRARY_SEARCH_PATHS = (
					"$(inherited)",
					"/Users/balazsilsinszki/Desktop/CouponTracker/CTAnalytics/build/Debug-iphoneos",
					"$(PROJECT_DIR)/../**",
				);
				OTHER_LDFLAGS = "-ObjC";
				PRODUCT_NAME = "$(TARGET_NAME)";
				SKIP_INSTALL = YES;
			};
			name = Debug;
		};
		6B77A8B919D6C9C000FC0978 /* Release */ = {
			isa = XCBuildConfiguration;
			buildSettings = {
				FRAMEWORK_SEARCH_PATHS = "$(PROJECT_DIR)/../**";
				HEADER_SEARCH_PATHS = (
					"$(inherited)",
					/Applications/Xcode.app/Contents/Developer/Toolchains/XcodeDefault.xctoolchain/usr/include,
					"$(SRCROOT)/../**",
				);
				LIBRARY_SEARCH_PATHS = (
					"$(inherited)",
					"/Users/balazsilsinszki/Desktop/CouponTracker/CTAnalytics/build/Debug-iphoneos",
					"$(PROJECT_DIR)/../**",
				);
				OTHER_LDFLAGS = "-ObjC";
				PRODUCT_NAME = "$(TARGET_NAME)";
				SKIP_INSTALL = YES;
			};
			name = Release;
		};
		6B77A8BB19D6C9C000FC0978 /* Debug */ = {
			isa = XCBuildConfiguration;
			buildSettings = {
				FRAMEWORK_SEARCH_PATHS = (
					"$(SDKROOT)/Developer/Library/Frameworks",
					"$(inherited)",
				);
				GCC_PREPROCESSOR_DEFINITIONS = (
					"DEBUG=1",
					"$(inherited)",
				);
				INFOPLIST_FILE = CTServicesTests/Info.plist;
				LD_RUNPATH_SEARCH_PATHS = "$(inherited) @executable_path/Frameworks @loader_path/Frameworks";
				PRODUCT_NAME = "$(TARGET_NAME)";
			};
			name = Debug;
		};
		6B77A8BC19D6C9C000FC0978 /* Release */ = {
			isa = XCBuildConfiguration;
			buildSettings = {
				FRAMEWORK_SEARCH_PATHS = (
					"$(SDKROOT)/Developer/Library/Frameworks",
					"$(inherited)",
				);
				INFOPLIST_FILE = CTServicesTests/Info.plist;
				LD_RUNPATH_SEARCH_PATHS = "$(inherited) @executable_path/Frameworks @loader_path/Frameworks";
				PRODUCT_NAME = "$(TARGET_NAME)";
			};
			name = Release;
		};
/* End XCBuildConfiguration section */

/* Begin XCConfigurationList section */
		6B77A8A119D6C9BF00FC0978 /* Build configuration list for PBXProject "CTServices" */ = {
			isa = XCConfigurationList;
			buildConfigurations = (
				6B77A8B519D6C9C000FC0978 /* Debug */,
				6B77A8B619D6C9C000FC0978 /* Release */,
			);
			defaultConfigurationIsVisible = 0;
			defaultConfigurationName = Release;
		};
		6B77A8B719D6C9C000FC0978 /* Build configuration list for PBXNativeTarget "CTServices" */ = {
			isa = XCConfigurationList;
			buildConfigurations = (
				6B77A8B819D6C9C000FC0978 /* Debug */,
				6B77A8B919D6C9C000FC0978 /* Release */,
			);
			defaultConfigurationIsVisible = 0;
			defaultConfigurationName = Release;
		};
		6B77A8BA19D6C9C000FC0978 /* Build configuration list for PBXNativeTarget "CTServicesTests" */ = {
			isa = XCConfigurationList;
			buildConfigurations = (
				6B77A8BB19D6C9C000FC0978 /* Debug */,
				6B77A8BC19D6C9C000FC0978 /* Release */,
			);
			defaultConfigurationIsVisible = 0;
			defaultConfigurationName = Release;
		};
/* End XCConfigurationList section */
	};
	rootObject = 6B77A89E19D6C9BF00FC0978 /* Project object */;
}
