// !$*UTF8*$!
{
	archiveVersion = 1;
	classes = {
	};
	objectVersion = 46;
	objects = {

/* Begin PBXBuildFile section */
		6BC6219219D3515A00597D4D /* CouponAnalytics.h in CopyFiles */ = {isa = PBXBuildFile; fileRef = 6BC6219119D3515A00597D4D /* CouponAnalytics.h */; };
		6BC6219419D3515A00597D4D /* CouponAnalytics.m in Sources */ = {isa = PBXBuildFile; fileRef = 6BC6219319D3515A00597D4D /* CouponAnalytics.m */; };
		6BC6220519D3525500597D4D /* libCouponData.a in Frameworks */ = {isa = PBXBuildFile; fileRef = 6BC6220019D3524900597D4D /* libCouponData.a */; };
/* End PBXBuildFile section */

/* Begin PBXContainerItemProxy section */
		6BC621FF19D3524900597D4D /* PBXContainerItemProxy */ = {
			isa = PBXContainerItemProxy;
			containerPortal = 6BC621FA19D3524800597D4D /* CouponData.xcodeproj */;
			proxyType = 2;
			remoteGlobalIDString = 6BC621E319D3524700597D4D;
			remoteInfo = CouponData;
		};
		6BC6220119D3524900597D4D /* PBXContainerItemProxy */ = {
			isa = PBXContainerItemProxy;
			containerPortal = 6BC621FA19D3524800597D4D /* CouponData.xcodeproj */;
			proxyType = 2;
			remoteGlobalIDString = 6BC621EE19D3524800597D4D;
			remoteInfo = CouponDataTests;
		};
		6BC6220319D3525000597D4D /* PBXContainerItemProxy */ = {
			isa = PBXContainerItemProxy;
			containerPortal = 6BC621FA19D3524800597D4D /* CouponData.xcodeproj */;
			proxyType = 1;
			remoteGlobalIDString = 6BC621E219D3524700597D4D;
			remoteInfo = CouponData;
		};
/* End PBXContainerItemProxy section */

/* Begin PBXCopyFilesBuildPhase section */
		6BC6218C19D3515A00597D4D /* CopyFiles */ = {
			isa = PBXCopyFilesBuildPhase;
			buildActionMask = 2147483647;
			dstPath = "include/$(PRODUCT_NAME)";
			dstSubfolderSpec = 16;
			files = (
				6BC6219219D3515A00597D4D /* CouponAnalytics.h in CopyFiles */,
			);
			runOnlyForDeploymentPostprocessing = 0;
		};
/* End PBXCopyFilesBuildPhase section */

/* Begin PBXFileReference section */
		6BC6218E19D3515A00597D4D /* libCouponAnalytics.a */ = {isa = PBXFileReference; explicitFileType = archive.ar; includeInIndex = 0; path = libCouponAnalytics.a; sourceTree = BUILT_PRODUCTS_DIR; };
		6BC6219119D3515A00597D4D /* CouponAnalytics.h */ = {isa = PBXFileReference; lastKnownFileType = sourcecode.c.h; path = CouponAnalytics.h; sourceTree = "<group>"; };
		6BC6219319D3515A00597D4D /* CouponAnalytics.m */ = {isa = PBXFileReference; lastKnownFileType = sourcecode.c.objc; path = CouponAnalytics.m; sourceTree = "<group>"; };
		6BC6219919D3515A00597D4D /* CouponAnalyticsTests.xctest */ = {isa = PBXFileReference; explicitFileType = wrapper.cfbundle; includeInIndex = 0; path = CouponAnalyticsTests.xctest; sourceTree = BUILT_PRODUCTS_DIR; };
		6BC6219C19D3515A00597D4D /* Info.plist */ = {isa = PBXFileReference; lastKnownFileType = text.plist.xml; path = Info.plist; sourceTree = "<group>"; };
		6BC621FA19D3524800597D4D /* CouponData.xcodeproj */ = {isa = PBXFileReference; lastKnownFileType = "wrapper.pb-project"; name = CouponData.xcodeproj; path = CouponData/CouponData.xcodeproj; sourceTree = "<group>"; };
/* End PBXFileReference section */

/* Begin PBXFrameworksBuildPhase section */
		6BC6218B19D3515A00597D4D /* Frameworks */ = {
			isa = PBXFrameworksBuildPhase;
			buildActionMask = 2147483647;
			files = (
				6BC6220519D3525500597D4D /* libCouponData.a in Frameworks */,
			);
			runOnlyForDeploymentPostprocessing = 0;
		};
		6BC6219619D3515A00597D4D /* Frameworks */ = {
			isa = PBXFrameworksBuildPhase;
			buildActionMask = 2147483647;
			files = (
			);
			runOnlyForDeploymentPostprocessing = 0;
		};
/* End PBXFrameworksBuildPhase section */

/* Begin PBXGroup section */
		6BC6218519D3515A00597D4D = {
			isa = PBXGroup;
			children = (
				6BC621FA19D3524800597D4D /* CouponData.xcodeproj */,
				6BC6219019D3515A00597D4D /* CouponAnalytics */,
				6BC6219A19D3515A00597D4D /* CouponAnalyticsTests */,
				6BC6218F19D3515A00597D4D /* Products */,
			);
			sourceTree = "<group>";
		};
		6BC6218F19D3515A00597D4D /* Products */ = {
			isa = PBXGroup;
			children = (
				6BC6218E19D3515A00597D4D /* libCouponAnalytics.a */,
				6BC6219919D3515A00597D4D /* CouponAnalyticsTests.xctest */,
			);
			name = Products;
			sourceTree = "<group>";
		};
		6BC6219019D3515A00597D4D /* CouponAnalytics */ = {
			isa = PBXGroup;
			children = (
				6BC6219119D3515A00597D4D /* CouponAnalytics.h */,
				6BC6219319D3515A00597D4D /* CouponAnalytics.m */,
			);
			path = CouponAnalytics;
			sourceTree = "<group>";
		};
		6BC6219A19D3515A00597D4D /* CouponAnalyticsTests */ = {
			isa = PBXGroup;
			children = (
				6BC6219B19D3515A00597D4D /* Supporting Files */,
			);
			path = CouponAnalyticsTests;
			sourceTree = "<group>";
		};
		6BC6219B19D3515A00597D4D /* Supporting Files */ = {
			isa = PBXGroup;
			children = (
				6BC6219C19D3515A00597D4D /* Info.plist */,
			);
			name = "Supporting Files";
			sourceTree = "<group>";
		};
		6BC621FB19D3524800597D4D /* Products */ = {
			isa = PBXGroup;
			children = (
				6BC6220019D3524900597D4D /* libCouponData.a */,
				6BC6220219D3524900597D4D /* CouponDataTests.xctest */,
			);
			name = Products;
			sourceTree = "<group>";
		};
/* End PBXGroup section */

/* Begin PBXNativeTarget section */
		6BC6218D19D3515A00597D4D /* CouponAnalytics */ = {
			isa = PBXNativeTarget;
			buildConfigurationList = 6BC6219F19D3515A00597D4D /* Build configuration list for PBXNativeTarget "CouponAnalytics" */;
			buildPhases = (
				6BC6218A19D3515A00597D4D /* Sources */,
				6BC6218B19D3515A00597D4D /* Frameworks */,
				6BC6218C19D3515A00597D4D /* CopyFiles */,
			);
			buildRules = (
			);
			dependencies = (
				6BC6220419D3525000597D4D /* PBXTargetDependency */,
			);
			name = CouponAnalytics;
			productName = CouponAnalytics;
			productReference = 6BC6218E19D3515A00597D4D /* libCouponAnalytics.a */;
			productType = "com.apple.product-type.library.static";
		};
		6BC6219819D3515A00597D4D /* CouponAnalyticsTests */ = {
			isa = PBXNativeTarget;
			buildConfigurationList = 6BC621A219D3515A00597D4D /* Build configuration list for PBXNativeTarget "CouponAnalyticsTests" */;
			buildPhases = (
				6BC6219519D3515A00597D4D /* Sources */,
				6BC6219619D3515A00597D4D /* Frameworks */,
				6BC6219719D3515A00597D4D /* Resources */,
			);
			buildRules = (
			);
			dependencies = (
			);
			name = CouponAnalyticsTests;
			productName = CouponAnalyticsTests;
			productReference = 6BC6219919D3515A00597D4D /* CouponAnalyticsTests.xctest */;
			productType = "com.apple.product-type.bundle.unit-test";
		};
/* End PBXNativeTarget section */

/* Begin PBXProject section */
		6BC6218619D3515A00597D4D /* Project object */ = {
			isa = PBXProject;
			attributes = {
				LastUpgradeCheck = 0600;
				ORGANIZATIONNAME = "Balazs Ilsinszki";
				TargetAttributes = {
					6BC6218D19D3515A00597D4D = {
						CreatedOnToolsVersion = 6.0;
					};
					6BC6219819D3515A00597D4D = {
						CreatedOnToolsVersion = 6.0;
					};
				};
			};
			buildConfigurationList = 6BC6218919D3515A00597D4D /* Build configuration list for PBXProject "CouponAnalytics" */;
			compatibilityVersion = "Xcode 3.2";
			developmentRegion = English;
			hasScannedForEncodings = 0;
			knownRegions = (
				en,
			);
			mainGroup = 6BC6218519D3515A00597D4D;
			productRefGroup = 6BC6218F19D3515A00597D4D /* Products */;
			projectDirPath = "";
			projectReferences = (
				{
					ProductGroup = 6BC621FB19D3524800597D4D /* Products */;
					ProjectRef = 6BC621FA19D3524800597D4D /* CouponData.xcodeproj */;
				},
			);
			projectRoot = "";
			targets = (
				6BC6218D19D3515A00597D4D /* CouponAnalytics */,
				6BC6219819D3515A00597D4D /* CouponAnalyticsTests */,
			);
		};
/* End PBXProject section */

/* Begin PBXReferenceProxy section */
		6BC6220019D3524900597D4D /* libCouponData.a */ = {
			isa = PBXReferenceProxy;
			fileType = archive.ar;
			path = libCouponData.a;
			remoteRef = 6BC621FF19D3524900597D4D /* PBXContainerItemProxy */;
			sourceTree = BUILT_PRODUCTS_DIR;
		};
		6BC6220219D3524900597D4D /* CouponDataTests.xctest */ = {
			isa = PBXReferenceProxy;
			fileType = wrapper.cfbundle;
			path = CouponDataTests.xctest;
			remoteRef = 6BC6220119D3524900597D4D /* PBXContainerItemProxy */;
			sourceTree = BUILT_PRODUCTS_DIR;
		};
/* End PBXReferenceProxy section */

/* Begin PBXResourcesBuildPhase section */
		6BC6219719D3515A00597D4D /* Resources */ = {
			isa = PBXResourcesBuildPhase;
			buildActionMask = 2147483647;
			files = (
			);
			runOnlyForDeploymentPostprocessing = 0;
		};
/* End PBXResourcesBuildPhase section */

/* Begin PBXSourcesBuildPhase section */
		6BC6218A19D3515A00597D4D /* Sources */ = {
			isa = PBXSourcesBuildPhase;
			buildActionMask = 2147483647;
			files = (
				6BC6219419D3515A00597D4D /* CouponAnalytics.m in Sources */,
			);
			runOnlyForDeploymentPostprocessing = 0;
		};
		6BC6219519D3515A00597D4D /* Sources */ = {
			isa = PBXSourcesBuildPhase;
			buildActionMask = 2147483647;
			files = (
			);
			runOnlyForDeploymentPostprocessing = 0;
		};
/* End PBXSourcesBuildPhase section */

/* Begin PBXTargetDependency section */
		6BC6220419D3525000597D4D /* PBXTargetDependency */ = {
			isa = PBXTargetDependency;
			name = CouponData;
			targetProxy = 6BC6220319D3525000597D4D /* PBXContainerItemProxy */;
		};
/* End PBXTargetDependency section */

/* Begin XCBuildConfiguration section */
		6BC6219D19D3515A00597D4D /* Debug */ = {
			isa = XCBuildConfiguration;
			buildSettings = {
				ALWAYS_SEARCH_USER_PATHS = NO;
				CLANG_CXX_LANGUAGE_STANDARD = "gnu++0x";
				CLANG_CXX_LIBRARY = "libc++";
				CLANG_ENABLE_MODULES = YES;
				CLANG_ENABLE_OBJC_ARC = YES;
				CLANG_WARN_BOOL_CONVERSION = YES;
				CLANG_WARN_CONSTANT_CONVERSION = YES;
				CLANG_WARN_DIRECT_OBJC_ISA_USAGE = YES_ERROR;
				CLANG_WARN_EMPTY_BODY = YES;
				CLANG_WARN_ENUM_CONVERSION = YES;
				CLANG_WARN_INT_CONVERSION = YES;
				CLANG_WARN_OBJC_ROOT_CLASS = YES_ERROR;
				CLANG_WARN_UNREACHABLE_CODE = YES;
				CLANG_WARN__DUPLICATE_METHOD_MATCH = YES;
				COPY_PHASE_STRIP = NO;
				ENABLE_STRICT_OBJC_MSGSEND = YES;
				GCC_C_LANGUAGE_STANDARD = gnu99;
				GCC_DYNAMIC_NO_PIC = NO;
				GCC_OPTIMIZATION_LEVEL = 0;
				GCC_PREPROCESSOR_DEFINITIONS = (
					"DEBUG=1",
					"$(inherited)",
				);
				GCC_SYMBOLS_PRIVATE_EXTERN = NO;
				GCC_WARN_64_TO_32_BIT_CONVERSION = YES;
				GCC_WARN_ABOUT_RETURN_TYPE = YES_ERROR;
				GCC_WARN_UNDECLARED_SELECTOR = YES;
				GCC_WARN_UNINITIALIZED_AUTOS = YES_AGGRESSIVE;
				GCC_WARN_UNUSED_FUNCTION = YES;
				GCC_WARN_UNUSED_VARIABLE = YES;
				IPHONEOS_DEPLOYMENT_TARGET = 8.0;
				MTL_ENABLE_DEBUG_INFO = YES;
				ONLY_ACTIVE_ARCH = YES;
				SDKROOT = iphoneos;
			};
			name = Debug;
		};
		6BC6219E19D3515A00597D4D /* Release */ = {
			isa = XCBuildConfiguration;
			buildSettings = {
				ALWAYS_SEARCH_USER_PATHS = NO;
				CLANG_CXX_LANGUAGE_STANDARD = "gnu++0x";
				CLANG_CXX_LIBRARY = "libc++";
				CLANG_ENABLE_MODULES = YES;
				CLANG_ENABLE_OBJC_ARC = YES;
				CLANG_WARN_BOOL_CONVERSION = YES;
				CLANG_WARN_CONSTANT_CONVERSION = YES;
				CLANG_WARN_DIRECT_OBJC_ISA_USAGE = YES_ERROR;
				CLANG_WARN_EMPTY_BODY = YES;
				CLANG_WARN_ENUM_CONVERSION = YES;
				CLANG_WARN_INT_CONVERSION = YES;
				CLANG_WARN_OBJC_ROOT_CLASS = YES_ERROR;
				CLANG_WARN_UNREACHABLE_CODE = YES;
				CLANG_WARN__DUPLICATE_METHOD_MATCH = YES;
				COPY_PHASE_STRIP = YES;
				ENABLE_NS_ASSERTIONS = NO;
				ENABLE_STRICT_OBJC_MSGSEND = YES;
				GCC_C_LANGUAGE_STANDARD = gnu99;
				GCC_WARN_64_TO_32_BIT_CONVERSION = YES;
				GCC_WARN_ABOUT_RETURN_TYPE = YES_ERROR;
				GCC_WARN_UNDECLARED_SELECTOR = YES;
				GCC_WARN_UNINITIALIZED_AUTOS = YES_AGGRESSIVE;
				GCC_WARN_UNUSED_FUNCTION = YES;
				GCC_WARN_UNUSED_VARIABLE = YES;
				IPHONEOS_DEPLOYMENT_TARGET = 8.0;
				MTL_ENABLE_DEBUG_INFO = NO;
				SDKROOT = iphoneos;
				VALIDATE_PRODUCT = YES;
			};
			name = Release;
		};
		6BC621A019D3515A00597D4D /* Debug */ = {
			isa = XCBuildConfiguration;
			buildSettings = {
				FRAMEWORK_SEARCH_PATHS = "$(PROJECT_DIR)/CouponData/build/Debug-iphoneos/**";
				HEADER_SEARCH_PATHS = (
					"$(inherited)",
					/Applications/Xcode.app/Contents/Developer/Toolchains/XcodeDefault.xctoolchain/usr/include,
					"$(SRCROOT)/**",
				);
				LIBRARY_SEARCH_PATHS = "$(PROJECT_DIR)/CouponData/build/Debug-iphoneos/**";
				OTHER_LDFLAGS = "-ObjC";
				PRODUCT_NAME = "$(TARGET_NAME)";
				SKIP_INSTALL = YES;
			};
			name = Debug;
		};
		6BC621A119D3515A00597D4D /* Release */ = {
			isa = XCBuildConfiguration;
			buildSettings = {
				FRAMEWORK_SEARCH_PATHS = "$(PROJECT_DIR)/CouponData/build/Debug-iphoneos/**";
				HEADER_SEARCH_PATHS = (
					"$(inherited)",
					/Applications/Xcode.app/Contents/Developer/Toolchains/XcodeDefault.xctoolchain/usr/include,
					"$(SRCROOT)/**",
				);
				LIBRARY_SEARCH_PATHS = "$(PROJECT_DIR)/CouponData/build/Debug-iphoneos/**";
				OTHER_LDFLAGS = "-ObjC";
				PRODUCT_NAME = "$(TARGET_NAME)";
				SKIP_INSTALL = YES;
			};
			name = Release;
		};
		6BC621A319D3515A00597D4D /* Debug */ = {
			isa = XCBuildConfiguration;
			buildSettings = {
				FRAMEWORK_SEARCH_PATHS = (
					"$(SDKROOT)/Developer/Library/Frameworks",
					"$(inherited)",
				);
				GCC_PREPROCESSOR_DEFINITIONS = (
					"DEBUG=1",
					"$(inherited)",
				);
				INFOPLIST_FILE = CouponAnalyticsTests/Info.plist;
				LD_RUNPATH_SEARCH_PATHS = "$(inherited) @executable_path/Frameworks @loader_path/Frameworks";
				PRODUCT_NAME = "$(TARGET_NAME)";
			};
			name = Debug;
		};
		6BC621A419D3515A00597D4D /* Release */ = {
			isa = XCBuildConfiguration;
			buildSettings = {
				FRAMEWORK_SEARCH_PATHS = (
					"$(SDKROOT)/Developer/Library/Frameworks",
					"$(inherited)",
				);
				INFOPLIST_FILE = CouponAnalyticsTests/Info.plist;
				LD_RUNPATH_SEARCH_PATHS = "$(inherited) @executable_path/Frameworks @loader_path/Frameworks";
				PRODUCT_NAME = "$(TARGET_NAME)";
			};
			name = Release;
		};
/* End XCBuildConfiguration section */

/* Begin XCConfigurationList section */
		6BC6218919D3515A00597D4D /* Build configuration list for PBXProject "CouponAnalytics" */ = {
			isa = XCConfigurationList;
			buildConfigurations = (
				6BC6219D19D3515A00597D4D /* Debug */,
				6BC6219E19D3515A00597D4D /* Release */,
			);
			defaultConfigurationIsVisible = 0;
			defaultConfigurationName = Release;
		};
		6BC6219F19D3515A00597D4D /* Build configuration list for PBXNativeTarget "CouponAnalytics" */ = {
			isa = XCConfigurationList;
			buildConfigurations = (
				6BC621A019D3515A00597D4D /* Debug */,
				6BC621A119D3515A00597D4D /* Release */,
			);
			defaultConfigurationIsVisible = 0;
		};
		6BC621A219D3515A00597D4D /* Build configuration list for PBXNativeTarget "CouponAnalyticsTests" */ = {
			isa = XCConfigurationList;
			buildConfigurations = (
				6BC621A319D3515A00597D4D /* Debug */,
				6BC621A419D3515A00597D4D /* Release */,
			);
			defaultConfigurationIsVisible = 0;
		};
/* End XCConfigurationList section */
	};
	rootObject = 6BC6218619D3515A00597D4D /* Project object */;
}
