// !$*UTF8*$!
{
	archiveVersion = 1;
	classes = {
	};
	objectVersion = 46;
	objects = {

/* Begin PBXBuildFile section */
		6B77A80E19D6C4FA00FC0978 /* CTUtils.h in CopyFiles */ = {isa = PBXBuildFile; fileRef = 6B77A80D19D6C4FA00FC0978 /* CTUtils.h */; };
		6B77A81019D6C4FA00FC0978 /* CTUtils.m in Sources */ = {isa = PBXBuildFile; fileRef = 6B77A80F19D6C4FA00FC0978 /* CTUtils.m */; };
		6BB2AD4D19E30BA100525002 /* CTColor.m in Sources */ = {isa = PBXBuildFile; fileRef = 6BB2AD4C19E30BA100525002 /* CTColor.m */; };
		6BCDDFDC19E16600002599F4 /* CTSimpleAnimatedTransition.m in Sources */ = {isa = PBXBuildFile; fileRef = 6BCDDFD519E16600002599F4 /* CTSimpleAnimatedTransition.m */; };
		6BCDDFDD19E16600002599F4 /* CTPresentationController.m in Sources */ = {isa = PBXBuildFile; fileRef = 6BCDDFD819E16600002599F4 /* CTPresentationController.m */; };
		6BCDDFDE19E16600002599F4 /* CTBouncingAnimatedTransitioning.m in Sources */ = {isa = PBXBuildFile; fileRef = 6BCDDFDB19E16600002599F4 /* CTBouncingAnimatedTransitioning.m */; };
		6BCDDFE119E1667D002599F4 /* CTNavigationAnimatedTransitioning.m in Sources */ = {isa = PBXBuildFile; fileRef = 6BCDDFE019E1667D002599F4 /* CTNavigationAnimatedTransitioning.m */; };
		98DACD1BB3EA4D0D8EF9DEDA /* libPods-CTUtils.a in Frameworks */ = {isa = PBXBuildFile; fileRef = A6829225D3E24D5A9558EED8 /* libPods-CTUtils.a */; };
/* End PBXBuildFile section */

/* Begin PBXContainerItemProxy section */
		BD3BBAD819D701190006DE0F /* PBXContainerItemProxy */ = {
			isa = PBXContainerItemProxy;
			containerPortal = BD3BBAC819D701190006DE0F /* Pods.xcodeproj */;
			proxyType = 2;
			remoteGlobalIDString = 90B143B7614446A69922DE63;
			remoteInfo = "Pods-CTUtils";
		};
		BD3BBADA19D701190006DE0F /* PBXContainerItemProxy */ = {
			isa = PBXContainerItemProxy;
			containerPortal = BD3BBAC819D701190006DE0F /* Pods.xcodeproj */;
			proxyType = 2;
			remoteGlobalIDString = 5E2C329A4D0940EE83F6BFD6;
			remoteInfo = "Pods-CTUtils-AFNetworking";
		};
		BD3BBADC19D701190006DE0F /* PBXContainerItemProxy */ = {
			isa = PBXContainerItemProxy;
			containerPortal = BD3BBAC819D701190006DE0F /* Pods.xcodeproj */;
			proxyType = 2;
			remoteGlobalIDString = 5ED662AC9F17425E80D2B6DB;
			remoteInfo = "Pods-CTUtils-AFOAuth2Client";
		};
		BD3BBADE19D701190006DE0F /* PBXContainerItemProxy */ = {
			isa = PBXContainerItemProxy;
			containerPortal = BD3BBAC819D701190006DE0F /* Pods.xcodeproj */;
			proxyType = 2;
			remoteGlobalIDString = EAC85FACF36C4B2795CC503B;
			remoteInfo = "Pods-CTUtils-ISO8601DateFormatterValueTransformer";
		};
		BD3BBAE019D701190006DE0F /* PBXContainerItemProxy */ = {
			isa = PBXContainerItemProxy;
			containerPortal = BD3BBAC819D701190006DE0F /* Pods.xcodeproj */;
			proxyType = 2;
			remoteGlobalIDString = A57854C03FEA4819ADD9E8FE;
			remoteInfo = "Pods-CTUtils-RKValueTransformers";
		};
		BD3BBAE219D701190006DE0F /* PBXContainerItemProxy */ = {
			isa = PBXContainerItemProxy;
			containerPortal = BD3BBAC819D701190006DE0F /* Pods.xcodeproj */;
			proxyType = 2;
			remoteGlobalIDString = 37C6F87F359E4F0BB1BCFD85;
			remoteInfo = "Pods-CTUtils-Reachability";
		};
		BD3BBAE419D701190006DE0F /* PBXContainerItemProxy */ = {
			isa = PBXContainerItemProxy;
			containerPortal = BD3BBAC819D701190006DE0F /* Pods.xcodeproj */;
			proxyType = 2;
			remoteGlobalIDString = 19403750B1CE41E090B9CB42;
			remoteInfo = "Pods-CTUtils-RestKit";
		};
		BD3BBAE619D701190006DE0F /* PBXContainerItemProxy */ = {
			isa = PBXContainerItemProxy;
			containerPortal = BD3BBAC819D701190006DE0F /* Pods.xcodeproj */;
			proxyType = 2;
			remoteGlobalIDString = 423DFEDD55144F4FABC8DC1C;
			remoteInfo = "Pods-CTUtils-SDWebImage";
		};
		BD3BBAE819D701190006DE0F /* PBXContainerItemProxy */ = {
			isa = PBXContainerItemProxy;
			containerPortal = BD3BBAC819D701190006DE0F /* Pods.xcodeproj */;
			proxyType = 2;
			remoteGlobalIDString = 42744A0678B34DD1AA089F6E;
			remoteInfo = "Pods-CTUtils-SDWebImage-ProgressView";
		};
		BD3BBAEA19D701190006DE0F /* PBXContainerItemProxy */ = {
			isa = PBXContainerItemProxy;
			containerPortal = BD3BBAC819D701190006DE0F /* Pods.xcodeproj */;
			proxyType = 2;
			remoteGlobalIDString = D9B11B6B6FC241CCADD38308;
			remoteInfo = "Pods-CTUtils-SOCKit";
		};
		BD3BBAEC19D701190006DE0F /* PBXContainerItemProxy */ = {
			isa = PBXContainerItemProxy;
			containerPortal = BD3BBAC819D701190006DE0F /* Pods.xcodeproj */;
			proxyType = 2;
			remoteGlobalIDString = EB0CDD7BE1264D47A57759F5;
			remoteInfo = "Pods-CTUtils-TransitionKit";
		};
		BD3BBAEE19D701190006DE0F /* PBXContainerItemProxy */ = {
			isa = PBXContainerItemProxy;
			containerPortal = BD3BBAC819D701190006DE0F /* Pods.xcodeproj */;
			proxyType = 2;
			remoteGlobalIDString = 03A368CDB91A4B4D877F5A2F;
			remoteInfo = "Pods-CTUtils-UIActivityIndicator-for-SDWebImage";
		};
		BD3BBAF019D701190006DE0F /* PBXContainerItemProxy */ = {
			isa = PBXContainerItemProxy;
			containerPortal = BD3BBAC819D701190006DE0F /* Pods.xcodeproj */;
			proxyType = 2;
			remoteGlobalIDString = DDCAA3458C6347D8BC1C5B92;
			remoteInfo = "Pods-CTUtils-iOS-QR-Code-Encoder";
		};
		BD3BBAF219D7012A0006DE0F /* PBXContainerItemProxy */ = {
			isa = PBXContainerItemProxy;
			containerPortal = BD3BBAC819D701190006DE0F /* Pods.xcodeproj */;
			proxyType = 1;
			remoteGlobalIDString = 6F9915B008254F01A3D60656;
			remoteInfo = "Pods-CTUtils";
		};
		BD7AB20119E14DBB000D88AB /* PBXContainerItemProxy */ = {
			isa = PBXContainerItemProxy;
			containerPortal = BD3BBAC819D701190006DE0F /* Pods.xcodeproj */;
			proxyType = 2;
			remoteGlobalIDString = 8CCAAE791962474782C5186B;
			remoteInfo = "Pods-CTUtils-ReactiveCocoa";
		};
/* End PBXContainerItemProxy section */

/* Begin PBXCopyFilesBuildPhase section */
		6B77A80819D6C4FA00FC0978 /* CopyFiles */ = {
			isa = PBXCopyFilesBuildPhase;
			buildActionMask = 2147483647;
			dstPath = "include/$(PRODUCT_NAME)";
			dstSubfolderSpec = 16;
			files = (
				6B77A80E19D6C4FA00FC0978 /* CTUtils.h in CopyFiles */,
			);
			runOnlyForDeploymentPostprocessing = 0;
		};
/* End PBXCopyFilesBuildPhase section */

/* Begin PBXFileReference section */
		6B77A80A19D6C4FA00FC0978 /* libCTUtils.a */ = {isa = PBXFileReference; explicitFileType = archive.ar; includeInIndex = 0; path = libCTUtils.a; sourceTree = BUILT_PRODUCTS_DIR; };
		6B77A80D19D6C4FA00FC0978 /* CTUtils.h */ = {isa = PBXFileReference; lastKnownFileType = sourcecode.c.h; path = CTUtils.h; sourceTree = "<group>"; };
		6B77A80F19D6C4FA00FC0978 /* CTUtils.m */ = {isa = PBXFileReference; lastKnownFileType = sourcecode.c.objc; path = CTUtils.m; sourceTree = "<group>"; };
		6B77A81519D6C4FA00FC0978 /* CTUtilsTests.xctest */ = {isa = PBXFileReference; explicitFileType = wrapper.cfbundle; includeInIndex = 0; path = CTUtilsTests.xctest; sourceTree = BUILT_PRODUCTS_DIR; };
		6B77A81819D6C4FA00FC0978 /* Info.plist */ = {isa = PBXFileReference; lastKnownFileType = text.plist.xml; path = Info.plist; sourceTree = "<group>"; };
		6BB2AD4B19E30BA100525002 /* CTColor.h */ = {isa = PBXFileReference; fileEncoding = 4; lastKnownFileType = sourcecode.c.h; name = CTColor.h; path = Color/CTColor.h; sourceTree = "<group>"; };
		6BB2AD4C19E30BA100525002 /* CTColor.m */ = {isa = PBXFileReference; fileEncoding = 4; lastKnownFileType = sourcecode.c.objc; name = CTColor.m; path = Color/CTColor.m; sourceTree = "<group>"; };
		6BCDDFD419E16600002599F4 /* CTSimpleAnimatedTransition.h */ = {isa = PBXFileReference; fileEncoding = 4; lastKnownFileType = sourcecode.c.h; path = CTSimpleAnimatedTransition.h; sourceTree = "<group>"; };
		6BCDDFD519E16600002599F4 /* CTSimpleAnimatedTransition.m */ = {isa = PBXFileReference; fileEncoding = 4; lastKnownFileType = sourcecode.c.objc; path = CTSimpleAnimatedTransition.m; sourceTree = "<group>"; };
		6BCDDFD719E16600002599F4 /* CTPresentationController.h */ = {isa = PBXFileReference; fileEncoding = 4; lastKnownFileType = sourcecode.c.h; path = CTPresentationController.h; sourceTree = "<group>"; };
		6BCDDFD819E16600002599F4 /* CTPresentationController.m */ = {isa = PBXFileReference; fileEncoding = 4; lastKnownFileType = sourcecode.c.objc; path = CTPresentationController.m; sourceTree = "<group>"; };
		6BCDDFDA19E16600002599F4 /* CTBouncingAnimatedTransitioning.h */ = {isa = PBXFileReference; fileEncoding = 4; lastKnownFileType = sourcecode.c.h; path = CTBouncingAnimatedTransitioning.h; sourceTree = "<group>"; };
		6BCDDFDB19E16600002599F4 /* CTBouncingAnimatedTransitioning.m */ = {isa = PBXFileReference; fileEncoding = 4; lastKnownFileType = sourcecode.c.objc; path = CTBouncingAnimatedTransitioning.m; sourceTree = "<group>"; };
		6BCDDFDF19E1667D002599F4 /* CTNavigationAnimatedTransitioning.h */ = {isa = PBXFileReference; fileEncoding = 4; lastKnownFileType = sourcecode.c.h; path = CTNavigationAnimatedTransitioning.h; sourceTree = "<group>"; };
		6BCDDFE019E1667D002599F4 /* CTNavigationAnimatedTransitioning.m */ = {isa = PBXFileReference; fileEncoding = 4; lastKnownFileType = sourcecode.c.objc; path = CTNavigationAnimatedTransitioning.m; sourceTree = "<group>"; };
		A6829225D3E24D5A9558EED8 /* libPods-CTUtils.a */ = {isa = PBXFileReference; explicitFileType = archive.ar; includeInIndex = 0; path = "libPods-CTUtils.a"; sourceTree = BUILT_PRODUCTS_DIR; };
		BD3BBA0619D6FEAE0006DE0F /* libPods-CTUtils-RestKit.a */ = {isa = PBXFileReference; lastKnownFileType = archive.ar; name = "libPods-CTUtils-RestKit.a"; path = "../Pods/build/Debug-iphoneos/libPods-CTUtils-RestKit.a"; sourceTree = "<group>"; };
		BD3BBAA819D700BE0006DE0F /* libPods-CTUtils-AFNetworking.a */ = {isa = PBXFileReference; lastKnownFileType = archive.ar; name = "libPods-CTUtils-AFNetworking.a"; path = "../Pods/build/Debug-iphoneos/libPods-CTUtils-AFNetworking.a"; sourceTree = "<group>"; };
		BD3BBAA919D700BE0006DE0F /* libPods-CTUtils-AFOAuth2Client.a */ = {isa = PBXFileReference; lastKnownFileType = archive.ar; name = "libPods-CTUtils-AFOAuth2Client.a"; path = "../Pods/build/Debug-iphoneos/libPods-CTUtils-AFOAuth2Client.a"; sourceTree = "<group>"; };
		BD3BBAAA19D700BE0006DE0F /* libPods-CTUtils-iOS-QR-Code-Encoder.a */ = {isa = PBXFileReference; lastKnownFileType = archive.ar; name = "libPods-CTUtils-iOS-QR-Code-Encoder.a"; path = "../Pods/build/Debug-iphoneos/libPods-CTUtils-iOS-QR-Code-Encoder.a"; sourceTree = "<group>"; };
		BD3BBAAB19D700BE0006DE0F /* libPods-CTUtils-ISO8601DateFormatterValueTransformer.a */ = {isa = PBXFileReference; lastKnownFileType = archive.ar; name = "libPods-CTUtils-ISO8601DateFormatterValueTransformer.a"; path = "../Pods/build/Debug-iphoneos/libPods-CTUtils-ISO8601DateFormatterValueTransformer.a"; sourceTree = "<group>"; };
		BD3BBAAC19D700BE0006DE0F /* libPods-CTUtils-Reachability.a */ = {isa = PBXFileReference; lastKnownFileType = archive.ar; name = "libPods-CTUtils-Reachability.a"; path = "../Pods/build/Debug-iphoneos/libPods-CTUtils-Reachability.a"; sourceTree = "<group>"; };
		BD3BBAAD19D700BE0006DE0F /* libPods-CTUtils-RestKit.a */ = {isa = PBXFileReference; lastKnownFileType = archive.ar; name = "libPods-CTUtils-RestKit.a"; path = "../Pods/build/Debug-iphoneos/libPods-CTUtils-RestKit.a"; sourceTree = "<group>"; };
		BD3BBAAE19D700BE0006DE0F /* libPods-CTUtils-RKValueTransformers.a */ = {isa = PBXFileReference; lastKnownFileType = archive.ar; name = "libPods-CTUtils-RKValueTransformers.a"; path = "../Pods/build/Debug-iphoneos/libPods-CTUtils-RKValueTransformers.a"; sourceTree = "<group>"; };
		BD3BBAAF19D700BE0006DE0F /* libPods-CTUtils-SDWebImage-ProgressView.a */ = {isa = PBXFileReference; lastKnownFileType = archive.ar; name = "libPods-CTUtils-SDWebImage-ProgressView.a"; path = "../Pods/build/Debug-iphoneos/libPods-CTUtils-SDWebImage-ProgressView.a"; sourceTree = "<group>"; };
		BD3BBAB019D700BE0006DE0F /* libPods-CTUtils-SDWebImage.a */ = {isa = PBXFileReference; lastKnownFileType = archive.ar; name = "libPods-CTUtils-SDWebImage.a"; path = "../Pods/build/Debug-iphoneos/libPods-CTUtils-SDWebImage.a"; sourceTree = "<group>"; };
		BD3BBAB119D700BE0006DE0F /* libPods-CTUtils-SOCKit.a */ = {isa = PBXFileReference; lastKnownFileType = archive.ar; name = "libPods-CTUtils-SOCKit.a"; path = "../Pods/build/Debug-iphoneos/libPods-CTUtils-SOCKit.a"; sourceTree = "<group>"; };
		BD3BBAB219D700BE0006DE0F /* libPods-CTUtils-TransitionKit.a */ = {isa = PBXFileReference; lastKnownFileType = archive.ar; name = "libPods-CTUtils-TransitionKit.a"; path = "../Pods/build/Debug-iphoneos/libPods-CTUtils-TransitionKit.a"; sourceTree = "<group>"; };
		BD3BBAB319D700BE0006DE0F /* libPods-CTUtils-UIActivityIndicator-for-SDWebImage.a */ = {isa = PBXFileReference; lastKnownFileType = archive.ar; name = "libPods-CTUtils-UIActivityIndicator-for-SDWebImage.a"; path = "../Pods/build/Debug-iphoneos/libPods-CTUtils-UIActivityIndicator-for-SDWebImage.a"; sourceTree = "<group>"; };
		BD3BBAC819D701190006DE0F /* Pods.xcodeproj */ = {isa = PBXFileReference; lastKnownFileType = "wrapper.pb-project"; name = Pods.xcodeproj; path = ../Pods/Pods.xcodeproj; sourceTree = "<group>"; };
		BD3BBB2A19D701CC0006DE0F /* libCTAnalytics.a */ = {isa = PBXFileReference; lastKnownFileType = archive.ar; name = libCTAnalytics.a; path = "../../../../../../Library/Developer/Xcode/DerivedData/CouponTracker-acwfmdgdbdhriieqrdcaxmyadjae/Build/Products/Debug-iphoneos/libCTAnalytics.a"; sourceTree = "<group>"; };
		BD3BBB2B19D701CC0006DE0F /* libCTCommonUI.a */ = {isa = PBXFileReference; lastKnownFileType = archive.ar; name = libCTCommonUI.a; path = "../CTCommonUI/build/Debug-iphoneos/libCTCommonUI.a"; sourceTree = "<group>"; };
		BD3BBB2C19D701CC0006DE0F /* libCTData.a */ = {isa = PBXFileReference; lastKnownFileType = archive.ar; name = libCTData.a; path = "../../../../../../Library/Developer/Xcode/DerivedData/CouponTracker-acwfmdgdbdhriieqrdcaxmyadjae/Build/Products/Debug-iphoneos/libCTData.a"; sourceTree = "<group>"; };
		BD3BBB2D19D701CC0006DE0F /* libCTServices.a */ = {isa = PBXFileReference; lastKnownFileType = archive.ar; name = libCTServices.a; path = "../../../../../../Library/Developer/Xcode/DerivedData/CouponTracker-acwfmdgdbdhriieqrdcaxmyadjae/Build/Products/Debug-iphoneos/libCTServices.a"; sourceTree = "<group>"; };
		BD3BBB3519D703270006DE0F /* CoreData.framework */ = {isa = PBXFileReference; lastKnownFileType = wrapper.framework; name = CoreData.framework; path = System/Library/Frameworks/CoreData.framework; sourceTree = SDKROOT; };
		FDF09384091C4FF096AFA1DE /* Pods-CTUtils.xcconfig */ = {isa = PBXFileReference; includeInIndex = 1; lastKnownFileType = text.xcconfig; name = "Pods-CTUtils.xcconfig"; path = "../Pods/Pods-CTUtils.xcconfig"; sourceTree = "<group>"; };
/* End PBXFileReference section */

/* Begin PBXFrameworksBuildPhase section */
		6B77A80719D6C4FA00FC0978 /* Frameworks */ = {
			isa = PBXFrameworksBuildPhase;
			buildActionMask = 2147483647;
			files = (
				98DACD1BB3EA4D0D8EF9DEDA /* libPods-CTUtils.a in Frameworks */,
			);
			runOnlyForDeploymentPostprocessing = 0;
		};
		6B77A81219D6C4FA00FC0978 /* Frameworks */ = {
			isa = PBXFrameworksBuildPhase;
			buildActionMask = 2147483647;
			files = (
			);
			runOnlyForDeploymentPostprocessing = 0;
		};
/* End PBXFrameworksBuildPhase section */

/* Begin PBXGroup section */
		6B77A80119D6C4FA00FC0978 = {
			isa = PBXGroup;
			children = (
				BD3BBAC819D701190006DE0F /* Pods.xcodeproj */,
				6B77A80C19D6C4FA00FC0978 /* CTUtils */,
				6B77A81619D6C4FA00FC0978 /* CTUtilsTests */,
				6B77A80B19D6C4FA00FC0978 /* Products */,
				FDF09384091C4FF096AFA1DE /* Pods-CTUtils.xcconfig */,
				F25FE91731FC49FDADD97AE3 /* Frameworks */,
			);
			sourceTree = "<group>";
		};
		6B77A80B19D6C4FA00FC0978 /* Products */ = {
			isa = PBXGroup;
			children = (
				6B77A80A19D6C4FA00FC0978 /* libCTUtils.a */,
				6B77A81519D6C4FA00FC0978 /* CTUtilsTests.xctest */,
			);
			name = Products;
			sourceTree = "<group>";
		};
		6B77A80C19D6C4FA00FC0978 /* CTUtils */ = {
			isa = PBXGroup;
			children = (
				6BB2AD3D19E30B8E00525002 /* Color */,
				6BCDDFD319E16600002599F4 /* TransitioningDelegate */,
				6B77A80D19D6C4FA00FC0978 /* CTUtils.h */,
				6B77A80F19D6C4FA00FC0978 /* CTUtils.m */,
			);
			path = CTUtils;
			sourceTree = "<group>";
		};
		6B77A81619D6C4FA00FC0978 /* CTUtilsTests */ = {
			isa = PBXGroup;
			children = (
				6B77A81719D6C4FA00FC0978 /* Supporting Files */,
			);
			path = CTUtilsTests;
			sourceTree = "<group>";
		};
		6B77A81719D6C4FA00FC0978 /* Supporting Files */ = {
			isa = PBXGroup;
			children = (
				6B77A81819D6C4FA00FC0978 /* Info.plist */,
			);
			name = "Supporting Files";
			sourceTree = "<group>";
		};
		6BB2AD3D19E30B8E00525002 /* Color */ = {
			isa = PBXGroup;
			children = (
				6BB2AD4B19E30BA100525002 /* CTColor.h */,
				6BB2AD4C19E30BA100525002 /* CTColor.m */,
			);
			name = Color;
			sourceTree = "<group>";
		};
		6BCDDFD319E16600002599F4 /* TransitioningDelegate */ = {
			isa = PBXGroup;
			children = (
				6BCDDFD419E16600002599F4 /* CTSimpleAnimatedTransition.h */,
				6BCDDFD519E16600002599F4 /* CTSimpleAnimatedTransition.m */,
				6BCDDFD619E16600002599F4 /* PresentationController */,
				6BCDDFD919E16600002599F4 /* Transitions */,
			);
			path = TransitioningDelegate;
			sourceTree = "<group>";
		};
		6BCDDFD619E16600002599F4 /* PresentationController */ = {
			isa = PBXGroup;
			children = (
				6BCDDFD719E16600002599F4 /* CTPresentationController.h */,
				6BCDDFD819E16600002599F4 /* CTPresentationController.m */,
			);
			path = PresentationController;
			sourceTree = "<group>";
		};
		6BCDDFD919E16600002599F4 /* Transitions */ = {
			isa = PBXGroup;
			children = (
				6BCDDFDA19E16600002599F4 /* CTBouncingAnimatedTransitioning.h */,
				6BCDDFDB19E16600002599F4 /* CTBouncingAnimatedTransitioning.m */,
				6BCDDFDF19E1667D002599F4 /* CTNavigationAnimatedTransitioning.h */,
				6BCDDFE019E1667D002599F4 /* CTNavigationAnimatedTransitioning.m */,
			);
			path = Transitions;
			sourceTree = "<group>";
		};
		BD3BBAC919D701190006DE0F /* Products */ = {
			isa = PBXGroup;
			children = (
				BD3BBAD919D701190006DE0F /* libPods-CTUtils.a */,
				BD3BBADB19D701190006DE0F /* libPods-CTUtils-AFNetworking.a */,
				BD3BBADD19D701190006DE0F /* libPods-CTUtils-AFOAuth2Client.a */,
				BD3BBADF19D701190006DE0F /* libPods-CTUtils-ISO8601DateFormatterValueTransformer.a */,
				BD3BBAE119D701190006DE0F /* libPods-CTUtils-RKValueTransformers.a */,
				BD3BBAE319D701190006DE0F /* libPods-CTUtils-Reachability.a */,
				BD7AB20219E14DBB000D88AB /* libPods-CTUtils-ReactiveCocoa.a */,
				BD3BBAE519D701190006DE0F /* libPods-CTUtils-RestKit.a */,
				BD3BBAE719D701190006DE0F /* libPods-CTUtils-SDWebImage.a */,
				BD3BBAE919D701190006DE0F /* libPods-CTUtils-SDWebImage-ProgressView.a */,
				BD3BBAEB19D701190006DE0F /* libPods-CTUtils-SOCKit.a */,
				BD3BBAED19D701190006DE0F /* libPods-CTUtils-TransitionKit.a */,
				BD3BBAEF19D701190006DE0F /* libPods-CTUtils-UIActivityIndicator-for-SDWebImage.a */,
				BD3BBAF119D701190006DE0F /* libPods-CTUtils-iOS-QR-Code-Encoder.a */,
			);
			name = Products;
			sourceTree = "<group>";
		};
		F25FE91731FC49FDADD97AE3 /* Frameworks */ = {
			isa = PBXGroup;
			children = (
				BD3BBB3519D703270006DE0F /* CoreData.framework */,
				BD3BBB2A19D701CC0006DE0F /* libCTAnalytics.a */,
				BD3BBB2B19D701CC0006DE0F /* libCTCommonUI.a */,
				BD3BBB2C19D701CC0006DE0F /* libCTData.a */,
				BD3BBB2D19D701CC0006DE0F /* libCTServices.a */,
				BD3BBAA819D700BE0006DE0F /* libPods-CTUtils-AFNetworking.a */,
				BD3BBAA919D700BE0006DE0F /* libPods-CTUtils-AFOAuth2Client.a */,
				BD3BBAAA19D700BE0006DE0F /* libPods-CTUtils-iOS-QR-Code-Encoder.a */,
				BD3BBAAB19D700BE0006DE0F /* libPods-CTUtils-ISO8601DateFormatterValueTransformer.a */,
				BD3BBAAC19D700BE0006DE0F /* libPods-CTUtils-Reachability.a */,
				BD3BBAAD19D700BE0006DE0F /* libPods-CTUtils-RestKit.a */,
				BD3BBAAE19D700BE0006DE0F /* libPods-CTUtils-RKValueTransformers.a */,
				BD3BBAAF19D700BE0006DE0F /* libPods-CTUtils-SDWebImage-ProgressView.a */,
				BD3BBAB019D700BE0006DE0F /* libPods-CTUtils-SDWebImage.a */,
				BD3BBAB119D700BE0006DE0F /* libPods-CTUtils-SOCKit.a */,
				BD3BBAB219D700BE0006DE0F /* libPods-CTUtils-TransitionKit.a */,
				BD3BBAB319D700BE0006DE0F /* libPods-CTUtils-UIActivityIndicator-for-SDWebImage.a */,
				BD3BBA0619D6FEAE0006DE0F /* libPods-CTUtils-RestKit.a */,
				A6829225D3E24D5A9558EED8 /* libPods-CTUtils.a */,
			);
			name = Frameworks;
			sourceTree = "<group>";
		};
/* End PBXGroup section */

/* Begin PBXNativeTarget section */
		6B77A80919D6C4FA00FC0978 /* CTUtils */ = {
			isa = PBXNativeTarget;
			buildConfigurationList = 6B77A81B19D6C4FA00FC0978 /* Build configuration list for PBXNativeTarget "CTUtils" */;
			buildPhases = (
				FE195B995CE344C4B0E6BEB4 /* Check Pods Manifest.lock */,
				6B77A80619D6C4FA00FC0978 /* Sources */,
				6B77A80719D6C4FA00FC0978 /* Frameworks */,
				6B77A80819D6C4FA00FC0978 /* CopyFiles */,
				8BC8A22E53774CB88E1918B6 /* Copy Pods Resources */,
			);
			buildRules = (
			);
			dependencies = (
				BD3BBAF319D7012A0006DE0F /* PBXTargetDependency */,
			);
			name = CTUtils;
			productName = CTUtils;
			productReference = 6B77A80A19D6C4FA00FC0978 /* libCTUtils.a */;
			productType = "com.apple.product-type.library.static";
		};
		6B77A81419D6C4FA00FC0978 /* CTUtilsTests */ = {
			isa = PBXNativeTarget;
			buildConfigurationList = 6B77A81E19D6C4FA00FC0978 /* Build configuration list for PBXNativeTarget "CTUtilsTests" */;
			buildPhases = (
				6B77A81119D6C4FA00FC0978 /* Sources */,
				6B77A81219D6C4FA00FC0978 /* Frameworks */,
				6B77A81319D6C4FA00FC0978 /* Resources */,
			);
			buildRules = (
			);
			dependencies = (
			);
			name = CTUtilsTests;
			productName = CTUtilsTests;
			productReference = 6B77A81519D6C4FA00FC0978 /* CTUtilsTests.xctest */;
			productType = "com.apple.product-type.bundle.unit-test";
		};
/* End PBXNativeTarget section */

/* Begin PBXProject section */
		6B77A80219D6C4FA00FC0978 /* Project object */ = {
			isa = PBXProject;
			attributes = {
				LastUpgradeCheck = 0600;
				ORGANIZATIONNAME = "Balazs Ilsinszki";
				TargetAttributes = {
					6B77A80919D6C4FA00FC0978 = {
						CreatedOnToolsVersion = 6.0;
					};
					6B77A81419D6C4FA00FC0978 = {
						CreatedOnToolsVersion = 6.0;
					};
				};
			};
			buildConfigurationList = 6B77A80519D6C4FA00FC0978 /* Build configuration list for PBXProject "CTUtils" */;
			compatibilityVersion = "Xcode 3.2";
			developmentRegion = English;
			hasScannedForEncodings = 0;
			knownRegions = (
				en,
			);
			mainGroup = 6B77A80119D6C4FA00FC0978;
			productRefGroup = 6B77A80B19D6C4FA00FC0978 /* Products */;
			projectDirPath = "";
			projectReferences = (
				{
					ProductGroup = BD3BBAC919D701190006DE0F /* Products */;
					ProjectRef = BD3BBAC819D701190006DE0F /* Pods.xcodeproj */;
				},
			);
			projectRoot = "";
			targets = (
				6B77A80919D6C4FA00FC0978 /* CTUtils */,
				6B77A81419D6C4FA00FC0978 /* CTUtilsTests */,
			);
		};
/* End PBXProject section */

/* Begin PBXReferenceProxy section */
		BD3BBAD919D701190006DE0F /* libPods-CTUtils.a */ = {
			isa = PBXReferenceProxy;
			fileType = archive.ar;
			path = "libPods-CTUtils.a";
			remoteRef = BD3BBAD819D701190006DE0F /* PBXContainerItemProxy */;
			sourceTree = BUILT_PRODUCTS_DIR;
		};
		BD3BBADB19D701190006DE0F /* libPods-CTUtils-AFNetworking.a */ = {
			isa = PBXReferenceProxy;
			fileType = archive.ar;
			path = "libPods-CTUtils-AFNetworking.a";
			remoteRef = BD3BBADA19D701190006DE0F /* PBXContainerItemProxy */;
			sourceTree = BUILT_PRODUCTS_DIR;
		};
		BD3BBADD19D701190006DE0F /* libPods-CTUtils-AFOAuth2Client.a */ = {
			isa = PBXReferenceProxy;
			fileType = archive.ar;
			path = "libPods-CTUtils-AFOAuth2Client.a";
			remoteRef = BD3BBADC19D701190006DE0F /* PBXContainerItemProxy */;
			sourceTree = BUILT_PRODUCTS_DIR;
		};
		BD3BBADF19D701190006DE0F /* libPods-CTUtils-ISO8601DateFormatterValueTransformer.a */ = {
			isa = PBXReferenceProxy;
			fileType = archive.ar;
			path = "libPods-CTUtils-ISO8601DateFormatterValueTransformer.a";
			remoteRef = BD3BBADE19D701190006DE0F /* PBXContainerItemProxy */;
			sourceTree = BUILT_PRODUCTS_DIR;
		};
		BD3BBAE119D701190006DE0F /* libPods-CTUtils-RKValueTransformers.a */ = {
			isa = PBXReferenceProxy;
			fileType = archive.ar;
			path = "libPods-CTUtils-RKValueTransformers.a";
			remoteRef = BD3BBAE019D701190006DE0F /* PBXContainerItemProxy */;
			sourceTree = BUILT_PRODUCTS_DIR;
		};
		BD3BBAE319D701190006DE0F /* libPods-CTUtils-Reachability.a */ = {
			isa = PBXReferenceProxy;
			fileType = archive.ar;
			path = "libPods-CTUtils-Reachability.a";
			remoteRef = BD3BBAE219D701190006DE0F /* PBXContainerItemProxy */;
			sourceTree = BUILT_PRODUCTS_DIR;
		};
		BD3BBAE519D701190006DE0F /* libPods-CTUtils-RestKit.a */ = {
			isa = PBXReferenceProxy;
			fileType = archive.ar;
			path = "libPods-CTUtils-RestKit.a";
			remoteRef = BD3BBAE419D701190006DE0F /* PBXContainerItemProxy */;
			sourceTree = BUILT_PRODUCTS_DIR;
		};
		BD3BBAE719D701190006DE0F /* libPods-CTUtils-SDWebImage.a */ = {
			isa = PBXReferenceProxy;
			fileType = archive.ar;
			path = "libPods-CTUtils-SDWebImage.a";
			remoteRef = BD3BBAE619D701190006DE0F /* PBXContainerItemProxy */;
			sourceTree = BUILT_PRODUCTS_DIR;
		};
		BD3BBAE919D701190006DE0F /* libPods-CTUtils-SDWebImage-ProgressView.a */ = {
			isa = PBXReferenceProxy;
			fileType = archive.ar;
			path = "libPods-CTUtils-SDWebImage-ProgressView.a";
			remoteRef = BD3BBAE819D701190006DE0F /* PBXContainerItemProxy */;
			sourceTree = BUILT_PRODUCTS_DIR;
		};
		BD3BBAEB19D701190006DE0F /* libPods-CTUtils-SOCKit.a */ = {
			isa = PBXReferenceProxy;
			fileType = archive.ar;
			path = "libPods-CTUtils-SOCKit.a";
			remoteRef = BD3BBAEA19D701190006DE0F /* PBXContainerItemProxy */;
			sourceTree = BUILT_PRODUCTS_DIR;
		};
		BD3BBAED19D701190006DE0F /* libPods-CTUtils-TransitionKit.a */ = {
			isa = PBXReferenceProxy;
			fileType = archive.ar;
			path = "libPods-CTUtils-TransitionKit.a";
			remoteRef = BD3BBAEC19D701190006DE0F /* PBXContainerItemProxy */;
			sourceTree = BUILT_PRODUCTS_DIR;
		};
		BD3BBAEF19D701190006DE0F /* libPods-CTUtils-UIActivityIndicator-for-SDWebImage.a */ = {
			isa = PBXReferenceProxy;
			fileType = archive.ar;
			path = "libPods-CTUtils-UIActivityIndicator-for-SDWebImage.a";
			remoteRef = BD3BBAEE19D701190006DE0F /* PBXContainerItemProxy */;
			sourceTree = BUILT_PRODUCTS_DIR;
		};
		BD3BBAF119D701190006DE0F /* libPods-CTUtils-iOS-QR-Code-Encoder.a */ = {
			isa = PBXReferenceProxy;
			fileType = archive.ar;
			path = "libPods-CTUtils-iOS-QR-Code-Encoder.a";
			remoteRef = BD3BBAF019D701190006DE0F /* PBXContainerItemProxy */;
			sourceTree = BUILT_PRODUCTS_DIR;
		};
		BD7AB20219E14DBB000D88AB /* libPods-CTUtils-ReactiveCocoa.a */ = {
			isa = PBXReferenceProxy;
			fileType = archive.ar;
			path = "libPods-CTUtils-ReactiveCocoa.a";
			remoteRef = BD7AB20119E14DBB000D88AB /* PBXContainerItemProxy */;
			sourceTree = BUILT_PRODUCTS_DIR;
		};
/* End PBXReferenceProxy section */

/* Begin PBXResourcesBuildPhase section */
		6B77A81319D6C4FA00FC0978 /* Resources */ = {
			isa = PBXResourcesBuildPhase;
			buildActionMask = 2147483647;
			files = (
			);
			runOnlyForDeploymentPostprocessing = 0;
		};
/* End PBXResourcesBuildPhase section */

/* Begin PBXShellScriptBuildPhase section */
		8BC8A22E53774CB88E1918B6 /* Copy Pods Resources */ = {
			isa = PBXShellScriptBuildPhase;
			buildActionMask = 2147483647;
			files = (
			);
			inputPaths = (
			);
			name = "Copy Pods Resources";
			outputPaths = (
			);
			runOnlyForDeploymentPostprocessing = 0;
			shellPath = /bin/sh;
			shellScript = "\"${SRCROOT}/../Pods/Pods-CTUtils-resources.sh\"\n";
			showEnvVarsInLog = 0;
		};
		FE195B995CE344C4B0E6BEB4 /* Check Pods Manifest.lock */ = {
			isa = PBXShellScriptBuildPhase;
			buildActionMask = 2147483647;
			files = (
			);
			inputPaths = (
			);
			name = "Check Pods Manifest.lock";
			outputPaths = (
			);
			runOnlyForDeploymentPostprocessing = 0;
			shellPath = /bin/sh;
			shellScript = "diff \"${PODS_ROOT}/../Podfile.lock\" \"${PODS_ROOT}/Manifest.lock\" > /dev/null\nif [[ $? != 0 ]] ; then\n    cat << EOM\nerror: The sandbox is not in sync with the Podfile.lock. Run 'pod install' or update your CocoaPods installation.\nEOM\n    exit 1\nfi\n";
			showEnvVarsInLog = 0;
		};
/* End PBXShellScriptBuildPhase section */

/* Begin PBXSourcesBuildPhase section */
		6B77A80619D6C4FA00FC0978 /* Sources */ = {
			isa = PBXSourcesBuildPhase;
			buildActionMask = 2147483647;
			files = (
				6BCDDFDE19E16600002599F4 /* CTBouncingAnimatedTransitioning.m in Sources */,
				6BCDDFE119E1667D002599F4 /* CTNavigationAnimatedTransitioning.m in Sources */,
				6BB2AD4D19E30BA100525002 /* CTColor.m in Sources */,
				6BCDDFDC19E16600002599F4 /* CTSimpleAnimatedTransition.m in Sources */,
				6B77A81019D6C4FA00FC0978 /* CTUtils.m in Sources */,
				6BCDDFDD19E16600002599F4 /* CTPresentationController.m in Sources */,
			);
			runOnlyForDeploymentPostprocessing = 0;
		};
		6B77A81119D6C4FA00FC0978 /* Sources */ = {
			isa = PBXSourcesBuildPhase;
			buildActionMask = 2147483647;
			files = (
			);
			runOnlyForDeploymentPostprocessing = 0;
		};
/* End PBXSourcesBuildPhase section */

/* Begin PBXTargetDependency section */
		BD3BBAF319D7012A0006DE0F /* PBXTargetDependency */ = {
			isa = PBXTargetDependency;
			name = "Pods-CTUtils";
			targetProxy = BD3BBAF219D7012A0006DE0F /* PBXContainerItemProxy */;
		};
/* End PBXTargetDependency section */

/* Begin XCBuildConfiguration section */
		6B77A81919D6C4FA00FC0978 /* Debug */ = {
			isa = XCBuildConfiguration;
			buildSettings = {
				ALWAYS_SEARCH_USER_PATHS = NO;
				CLANG_CXX_LANGUAGE_STANDARD = "gnu++0x";
				CLANG_CXX_LIBRARY = "libc++";
				CLANG_ENABLE_MODULES = YES;
				CLANG_ENABLE_OBJC_ARC = YES;
				CLANG_WARN_BOOL_CONVERSION = YES;
				CLANG_WARN_CONSTANT_CONVERSION = YES;
				CLANG_WARN_DIRECT_OBJC_ISA_USAGE = YES_ERROR;
				CLANG_WARN_EMPTY_BODY = YES;
				CLANG_WARN_ENUM_CONVERSION = YES;
				CLANG_WARN_INT_CONVERSION = YES;
				CLANG_WARN_OBJC_ROOT_CLASS = YES_ERROR;
				CLANG_WARN_UNREACHABLE_CODE = YES;
				CLANG_WARN__DUPLICATE_METHOD_MATCH = YES;
				COPY_PHASE_STRIP = NO;
				ENABLE_STRICT_OBJC_MSGSEND = YES;
				GCC_C_LANGUAGE_STANDARD = gnu99;
				GCC_DYNAMIC_NO_PIC = NO;
				GCC_OPTIMIZATION_LEVEL = 0;
				GCC_PREPROCESSOR_DEFINITIONS = (
					"DEBUG=1",
					"$(inherited)",
				);
				GCC_SYMBOLS_PRIVATE_EXTERN = NO;
				GCC_WARN_64_TO_32_BIT_CONVERSION = YES;
				GCC_WARN_ABOUT_RETURN_TYPE = YES_ERROR;
				GCC_WARN_UNDECLARED_SELECTOR = YES;
				GCC_WARN_UNINITIALIZED_AUTOS = YES_AGGRESSIVE;
				GCC_WARN_UNUSED_FUNCTION = YES;
				GCC_WARN_UNUSED_VARIABLE = YES;
				IPHONEOS_DEPLOYMENT_TARGET = 8.0;
				MTL_ENABLE_DEBUG_INFO = YES;
				ONLY_ACTIVE_ARCH = YES;
				SDKROOT = iphoneos;
			};
			name = Debug;
		};
		6B77A81A19D6C4FA00FC0978 /* Release */ = {
			isa = XCBuildConfiguration;
			buildSettings = {
				ALWAYS_SEARCH_USER_PATHS = NO;
				CLANG_CXX_LANGUAGE_STANDARD = "gnu++0x";
				CLANG_CXX_LIBRARY = "libc++";
				CLANG_ENABLE_MODULES = YES;
				CLANG_ENABLE_OBJC_ARC = YES;
				CLANG_WARN_BOOL_CONVERSION = YES;
				CLANG_WARN_CONSTANT_CONVERSION = YES;
				CLANG_WARN_DIRECT_OBJC_ISA_USAGE = YES_ERROR;
				CLANG_WARN_EMPTY_BODY = YES;
				CLANG_WARN_ENUM_CONVERSION = YES;
				CLANG_WARN_INT_CONVERSION = YES;
				CLANG_WARN_OBJC_ROOT_CLASS = YES_ERROR;
				CLANG_WARN_UNREACHABLE_CODE = YES;
				CLANG_WARN__DUPLICATE_METHOD_MATCH = YES;
				COPY_PHASE_STRIP = YES;
				ENABLE_NS_ASSERTIONS = NO;
				ENABLE_STRICT_OBJC_MSGSEND = YES;
				GCC_C_LANGUAGE_STANDARD = gnu99;
				GCC_WARN_64_TO_32_BIT_CONVERSION = YES;
				GCC_WARN_ABOUT_RETURN_TYPE = YES_ERROR;
				GCC_WARN_UNDECLARED_SELECTOR = YES;
				GCC_WARN_UNINITIALIZED_AUTOS = YES_AGGRESSIVE;
				GCC_WARN_UNUSED_FUNCTION = YES;
				GCC_WARN_UNUSED_VARIABLE = YES;
				IPHONEOS_DEPLOYMENT_TARGET = 8.0;
				MTL_ENABLE_DEBUG_INFO = NO;
				SDKROOT = iphoneos;
				VALIDATE_PRODUCT = YES;
			};
			name = Release;
		};
		6B77A81C19D6C4FA00FC0978 /* Debug */ = {
			isa = XCBuildConfiguration;
			baseConfigurationReference = FDF09384091C4FF096AFA1DE /* Pods-CTUtils.xcconfig */;
			buildSettings = {
				FRAMEWORK_SEARCH_PATHS = "";
				HEADER_SEARCH_PATHS = (
					"$(inherited)",
					/Applications/Xcode.app/Contents/Developer/Toolchains/XcodeDefault.xctoolchain/usr/include,
				);
				LIBRARY_SEARCH_PATHS = (
					"/Volumes/Data/Users/tevelilaszlo/Dropbox/Teve/Dev/Apps/CouponTracker/Pods/build/Debug-iphoneos",
					"$(USER_LIBRARY_DIR)/Developer/Xcode/DerivedData/CouponTracker-acwfmdgdbdhriieqrdcaxmyadjae/Build/Products/Debug-iphoneos",
					"/Volumes/Data/Users/tevelilaszlo/Dropbox/Teve/Dev/Apps/CouponTracker/CTCommonUI/build/Debug-iphoneos",
				);
				OTHER_LDFLAGS = "-ObjC";
				PRODUCT_NAME = "$(TARGET_NAME)";
				SKIP_INSTALL = YES;
			};
			name = Debug;
		};
		6B77A81D19D6C4FA00FC0978 /* Release */ = {
			isa = XCBuildConfiguration;
			baseConfigurationReference = FDF09384091C4FF096AFA1DE /* Pods-CTUtils.xcconfig */;
			buildSettings = {
				FRAMEWORK_SEARCH_PATHS = "";
				HEADER_SEARCH_PATHS = (
					"$(inherited)",
					/Applications/Xcode.app/Contents/Developer/Toolchains/XcodeDefault.xctoolchain/usr/include,
				);
				LIBRARY_SEARCH_PATHS = (
					"/Volumes/Data/Users/tevelilaszlo/Dropbox/Teve/Dev/Apps/CouponTracker/Pods/build/Debug-iphoneos",
					"$(USER_LIBRARY_DIR)/Developer/Xcode/DerivedData/CouponTracker-acwfmdgdbdhriieqrdcaxmyadjae/Build/Products/Debug-iphoneos",
					"/Volumes/Data/Users/tevelilaszlo/Dropbox/Teve/Dev/Apps/CouponTracker/CTCommonUI/build/Debug-iphoneos",
				);
				OTHER_LDFLAGS = "-ObjC";
				PRODUCT_NAME = "$(TARGET_NAME)";
				SKIP_INSTALL = YES;
			};
			name = Release;
		};
		6B77A81F19D6C4FA00FC0978 /* Debug */ = {
			isa = XCBuildConfiguration;
			buildSettings = {
				FRAMEWORK_SEARCH_PATHS = (
					"$(SDKROOT)/Developer/Library/Frameworks",
					"$(inherited)",
				);
				GCC_PREPROCESSOR_DEFINITIONS = (
					"DEBUG=1",
					"$(inherited)",
				);
				INFOPLIST_FILE = CTUtilsTests/Info.plist;
				LD_RUNPATH_SEARCH_PATHS = "$(inherited) @executable_path/Frameworks @loader_path/Frameworks";
				PRODUCT_NAME = "$(TARGET_NAME)";
			};
			name = Debug;
		};
		6B77A82019D6C4FA00FC0978 /* Release */ = {
			isa = XCBuildConfiguration;
			buildSettings = {
				FRAMEWORK_SEARCH_PATHS = (
					"$(SDKROOT)/Developer/Library/Frameworks",
					"$(inherited)",
				);
				INFOPLIST_FILE = CTUtilsTests/Info.plist;
				LD_RUNPATH_SEARCH_PATHS = "$(inherited) @executable_path/Frameworks @loader_path/Frameworks";
				PRODUCT_NAME = "$(TARGET_NAME)";
			};
			name = Release;
		};
/* End XCBuildConfiguration section */

/* Begin XCConfigurationList section */
		6B77A80519D6C4FA00FC0978 /* Build configuration list for PBXProject "CTUtils" */ = {
			isa = XCConfigurationList;
			buildConfigurations = (
				6B77A81919D6C4FA00FC0978 /* Debug */,
				6B77A81A19D6C4FA00FC0978 /* Release */,
			);
			defaultConfigurationIsVisible = 0;
			defaultConfigurationName = Release;
		};
		6B77A81B19D6C4FA00FC0978 /* Build configuration list for PBXNativeTarget "CTUtils" */ = {
			isa = XCConfigurationList;
			buildConfigurations = (
				6B77A81C19D6C4FA00FC0978 /* Debug */,
				6B77A81D19D6C4FA00FC0978 /* Release */,
			);
			defaultConfigurationIsVisible = 0;
			defaultConfigurationName = Release;
		};
		6B77A81E19D6C4FA00FC0978 /* Build configuration list for PBXNativeTarget "CTUtilsTests" */ = {
			isa = XCConfigurationList;
			buildConfigurations = (
				6B77A81F19D6C4FA00FC0978 /* Debug */,
				6B77A82019D6C4FA00FC0978 /* Release */,
			);
			defaultConfigurationIsVisible = 0;
			defaultConfigurationName = Release;
		};
/* End XCConfigurationList section */
	};
	rootObject = 6B77A80219D6C4FA00FC0978 /* Project object */;
}
