// !$*UTF8*$!
{
	archiveVersion = 1;
	classes = {
	};
	objectVersion = 46;
	objects = {

/* Begin PBXBuildFile section */
		1FDECD6CD8A7440496F22596 /* libPods-CouponUtils.a in Frameworks */ = {isa = PBXBuildFile; fileRef = D68375E7FCC34EDAA88CE458 /* libPods-CouponUtils.a */; };
		6BC6223D19D3545A00597D4D /* CCMapAnnotation.m in Sources */ = {isa = PBXBuildFile; fileRef = 6BC6223419D3545A00597D4D /* CCMapAnnotation.m */; };
		6BC6223E19D3545A00597D4D /* CCMapCouponPositions.m in Sources */ = {isa = PBXBuildFile; fileRef = 6BC6223619D3545A00597D4D /* CCMapCouponPositions.m */; };
		6BC6223F19D3545A00597D4D /* CCMapPageControlView.m in Sources */ = {isa = PBXBuildFile; fileRef = 6BC6223819D3545A00597D4D /* CCMapPageControlView.m */; };
		6BC6224019D3545A00597D4D /* CCMapPosition.m in Sources */ = {isa = PBXBuildFile; fileRef = 6BC6223A19D3545A00597D4D /* CCMapPosition.m */; };
		6BC6224119D3545A00597D4D /* CCMapView.m in Sources */ = {isa = PBXBuildFile; fileRef = 6BC6223C19D3545A00597D4D /* CCMapView.m */; };
/* End PBXBuildFile section */

/* Begin PBXCopyFilesBuildPhase section */
		6BC6220D19D3530E00597D4D /* CopyFiles */ = {
			isa = PBXCopyFilesBuildPhase;
			buildActionMask = 2147483647;
			dstPath = "include/$(PRODUCT_NAME)";
			dstSubfolderSpec = 16;
			files = (
			);
			runOnlyForDeploymentPostprocessing = 0;
		};
/* End PBXCopyFilesBuildPhase section */

/* Begin PBXFileReference section */
		68AE9833227A46B8A42796F6 /* Pods-CouponUtils.xcconfig */ = {isa = PBXFileReference; includeInIndex = 1; lastKnownFileType = text.xcconfig; name = "Pods-CouponUtils.xcconfig"; path = "../../../../../../../Pods/Pods-CouponUtils.xcconfig"; sourceTree = "<group>"; };
		6BC6220F19D3530E00597D4D /* libCouponUtils.a */ = {isa = PBXFileReference; explicitFileType = archive.ar; includeInIndex = 0; path = libCouponUtils.a; sourceTree = BUILT_PRODUCTS_DIR; };
		6BC6223319D3545A00597D4D /* CCMapAnnotation.h */ = {isa = PBXFileReference; fileEncoding = 4; lastKnownFileType = sourcecode.c.h; name = CCMapAnnotation.h; path = CouponMap/CCMapAnnotation.h; sourceTree = "<group>"; };
		6BC6223419D3545A00597D4D /* CCMapAnnotation.m */ = {isa = PBXFileReference; fileEncoding = 4; lastKnownFileType = sourcecode.c.objc; name = CCMapAnnotation.m; path = CouponMap/CCMapAnnotation.m; sourceTree = "<group>"; };
		6BC6223519D3545A00597D4D /* CCMapCouponPositions.h */ = {isa = PBXFileReference; fileEncoding = 4; lastKnownFileType = sourcecode.c.h; name = CCMapCouponPositions.h; path = CouponMap/CCMapCouponPositions.h; sourceTree = "<group>"; };
		6BC6223619D3545A00597D4D /* CCMapCouponPositions.m */ = {isa = PBXFileReference; fileEncoding = 4; lastKnownFileType = sourcecode.c.objc; name = CCMapCouponPositions.m; path = CouponMap/CCMapCouponPositions.m; sourceTree = "<group>"; };
		6BC6223719D3545A00597D4D /* CCMapPageControlView.h */ = {isa = PBXFileReference; fileEncoding = 4; lastKnownFileType = sourcecode.c.h; name = CCMapPageControlView.h; path = CouponMap/CCMapPageControlView.h; sourceTree = "<group>"; };
		6BC6223819D3545A00597D4D /* CCMapPageControlView.m */ = {isa = PBXFileReference; fileEncoding = 4; lastKnownFileType = sourcecode.c.objc; name = CCMapPageControlView.m; path = CouponMap/CCMapPageControlView.m; sourceTree = "<group>"; };
		6BC6223919D3545A00597D4D /* CCMapPosition.h */ = {isa = PBXFileReference; fileEncoding = 4; lastKnownFileType = sourcecode.c.h; name = CCMapPosition.h; path = CouponMap/CCMapPosition.h; sourceTree = "<group>"; };
		6BC6223A19D3545A00597D4D /* CCMapPosition.m */ = {isa = PBXFileReference; fileEncoding = 4; lastKnownFileType = sourcecode.c.objc; name = CCMapPosition.m; path = CouponMap/CCMapPosition.m; sourceTree = "<group>"; };
		6BC6223B19D3545A00597D4D /* CCMapView.h */ = {isa = PBXFileReference; fileEncoding = 4; lastKnownFileType = sourcecode.c.h; name = CCMapView.h; path = CouponMap/CCMapView.h; sourceTree = "<group>"; };
		6BC6223C19D3545A00597D4D /* CCMapView.m */ = {isa = PBXFileReference; fileEncoding = 4; lastKnownFileType = sourcecode.c.objc; name = CCMapView.m; path = CouponMap/CCMapView.m; sourceTree = "<group>"; };
		D68375E7FCC34EDAA88CE458 /* libPods-CouponUtils.a */ = {isa = PBXFileReference; explicitFileType = archive.ar; includeInIndex = 0; path = "libPods-CouponUtils.a"; sourceTree = BUILT_PRODUCTS_DIR; };
/* End PBXFileReference section */

/* Begin PBXFrameworksBuildPhase section */
		6BC6220C19D3530E00597D4D /* Frameworks */ = {
			isa = PBXFrameworksBuildPhase;
			buildActionMask = 2147483647;
			files = (
				1FDECD6CD8A7440496F22596 /* libPods-CouponUtils.a in Frameworks */,
			);
			runOnlyForDeploymentPostprocessing = 0;
		};
/* End PBXFrameworksBuildPhase section */

/* Begin PBXGroup section */
		2495545D8FF341CAA0B6DCE6 /* Frameworks */ = {
			isa = PBXGroup;
			children = (
				D68375E7FCC34EDAA88CE458 /* libPods-CouponUtils.a */,
			);
			name = Frameworks;
			sourceTree = "<group>";
		};
		6BC6220619D3530E00597D4D = {
			isa = PBXGroup;
			children = (
				6BC6221119D3530E00597D4D /* CouponUtils */,
				6BC6221019D3530E00597D4D /* Products */,
				68AE9833227A46B8A42796F6 /* Pods-CouponUtils.xcconfig */,
				2495545D8FF341CAA0B6DCE6 /* Frameworks */,
			);
			sourceTree = "<group>";
		};
		6BC6221019D3530E00597D4D /* Products */ = {
			isa = PBXGroup;
			children = (
				6BC6220F19D3530E00597D4D /* libCouponUtils.a */,
			);
			name = Products;
			sourceTree = "<group>";
		};
		6BC6221119D3530E00597D4D /* CouponUtils */ = {
			isa = PBXGroup;
			children = (
				6BC6223219D3544C00597D4D /* CouponMaps */,
			);
			path = CouponUtils;
			sourceTree = "<group>";
		};
		6BC6223219D3544C00597D4D /* CouponMaps */ = {
			isa = PBXGroup;
			children = (
				6BC6223319D3545A00597D4D /* CCMapAnnotation.h */,
				6BC6223419D3545A00597D4D /* CCMapAnnotation.m */,
				6BC6223519D3545A00597D4D /* CCMapCouponPositions.h */,
				6BC6223619D3545A00597D4D /* CCMapCouponPositions.m */,
				6BC6223719D3545A00597D4D /* CCMapPageControlView.h */,
				6BC6223819D3545A00597D4D /* CCMapPageControlView.m */,
				6BC6223919D3545A00597D4D /* CCMapPosition.h */,
				6BC6223A19D3545A00597D4D /* CCMapPosition.m */,
				6BC6223B19D3545A00597D4D /* CCMapView.h */,
				6BC6223C19D3545A00597D4D /* CCMapView.m */,
			);
			name = CouponMaps;
			sourceTree = "<group>";
		};
/* End PBXGroup section */

/* Begin PBXNativeTarget section */
		6BC6220E19D3530E00597D4D /* CouponUtils */ = {
			isa = PBXNativeTarget;
			buildConfigurationList = 6BC6222019D3530E00597D4D /* Build configuration list for PBXNativeTarget "CouponUtils" */;
			buildPhases = (
				58E0ED5EF358440FB843BE94 /* Check Pods Manifest.lock */,
				6BC6220B19D3530E00597D4D /* Sources */,
				6BC6220C19D3530E00597D4D /* Frameworks */,
				6BC6220D19D3530E00597D4D /* CopyFiles */,
				4E07CD74A46F4656BEFADC57 /* Copy Pods Resources */,
			);
			buildRules = (
			);
			dependencies = (
			);
			name = CouponUtils;
			productName = CouponUtils;
			productReference = 6BC6220F19D3530E00597D4D /* libCouponUtils.a */;
			productType = "com.apple.product-type.library.static";
		};
/* End PBXNativeTarget section */

/* Begin PBXProject section */
		6BC6220719D3530E00597D4D /* Project object */ = {
			isa = PBXProject;
			attributes = {
				LastUpgradeCheck = 0600;
				ORGANIZATIONNAME = "Balazs Ilsinszki";
				TargetAttributes = {
					6BC6220E19D3530E00597D4D = {
						CreatedOnToolsVersion = 6.0;
					};
				};
			};
			buildConfigurationList = 6BC6220A19D3530E00597D4D /* Build configuration list for PBXProject "CouponUtils" */;
			compatibilityVersion = "Xcode 3.2";
			developmentRegion = English;
			hasScannedForEncodings = 0;
			knownRegions = (
				en,
			);
			mainGroup = 6BC6220619D3530E00597D4D;
			productRefGroup = 6BC6221019D3530E00597D4D /* Products */;
			projectDirPath = "";
			projectRoot = "";
			targets = (
				6BC6220E19D3530E00597D4D /* CouponUtils */,
			);
		};
/* End PBXProject section */

/* Begin PBXShellScriptBuildPhase section */
		4E07CD74A46F4656BEFADC57 /* Copy Pods Resources */ = {
			isa = PBXShellScriptBuildPhase;
			buildActionMask = 2147483647;
			files = (
			);
			inputPaths = (
			);
			name = "Copy Pods Resources";
			outputPaths = (
			);
			runOnlyForDeploymentPostprocessing = 0;
			shellPath = /bin/sh;
			shellScript = "\"${SRCROOT}/../../../../../../../Pods/Pods-CouponUtils-resources.sh\"\n";
			showEnvVarsInLog = 0;
		};
		58E0ED5EF358440FB843BE94 /* Check Pods Manifest.lock */ = {
			isa = PBXShellScriptBuildPhase;
			buildActionMask = 2147483647;
			files = (
			);
			inputPaths = (
			);
			name = "Check Pods Manifest.lock";
			outputPaths = (
			);
			runOnlyForDeploymentPostprocessing = 0;
			shellPath = /bin/sh;
			shellScript = "diff \"${PODS_ROOT}/../Podfile.lock\" \"${PODS_ROOT}/Manifest.lock\" > /dev/null\nif [[ $? != 0 ]] ; then\n    cat << EOM\nerror: The sandbox is not in sync with the Podfile.lock. Run 'pod install' or update your CocoaPods installation.\nEOM\n    exit 1\nfi\n";
			showEnvVarsInLog = 0;
		};
/* End PBXShellScriptBuildPhase section */

/* Begin PBXSourcesBuildPhase section */
		6BC6220B19D3530E00597D4D /* Sources */ = {
			isa = PBXSourcesBuildPhase;
			buildActionMask = 2147483647;
			files = (
				6BC6223E19D3545A00597D4D /* CCMapCouponPositions.m in Sources */,
				6BC6224019D3545A00597D4D /* CCMapPosition.m in Sources */,
				6BC6223F19D3545A00597D4D /* CCMapPageControlView.m in Sources */,
				6BC6223D19D3545A00597D4D /* CCMapAnnotation.m in Sources */,
				6BC6224119D3545A00597D4D /* CCMapView.m in Sources */,
			);
			runOnlyForDeploymentPostprocessing = 0;
		};
/* End PBXSourcesBuildPhase section */

/* Begin XCBuildConfiguration section */
		6BC6221E19D3530E00597D4D /* Debug */ = {
			isa = XCBuildConfiguration;
			buildSettings = {
				ALWAYS_SEARCH_USER_PATHS = NO;
				CLANG_CXX_LANGUAGE_STANDARD = "gnu++0x";
				CLANG_CXX_LIBRARY = "libc++";
				CLANG_ENABLE_MODULES = YES;
				CLANG_ENABLE_OBJC_ARC = YES;
				CLANG_WARN_BOOL_CONVERSION = YES;
				CLANG_WARN_CONSTANT_CONVERSION = YES;
				CLANG_WARN_DIRECT_OBJC_ISA_USAGE = YES_ERROR;
				CLANG_WARN_EMPTY_BODY = YES;
				CLANG_WARN_ENUM_CONVERSION = YES;
				CLANG_WARN_INT_CONVERSION = YES;
				CLANG_WARN_OBJC_ROOT_CLASS = YES_ERROR;
				CLANG_WARN_UNREACHABLE_CODE = YES;
				CLANG_WARN__DUPLICATE_METHOD_MATCH = YES;
				COPY_PHASE_STRIP = NO;
				ENABLE_STRICT_OBJC_MSGSEND = YES;
				GCC_C_LANGUAGE_STANDARD = gnu99;
				GCC_DYNAMIC_NO_PIC = NO;
				GCC_OPTIMIZATION_LEVEL = 0;
				GCC_PREPROCESSOR_DEFINITIONS = (
					"DEBUG=1",
					"$(inherited)",
				);
				GCC_SYMBOLS_PRIVATE_EXTERN = NO;
				GCC_WARN_64_TO_32_BIT_CONVERSION = YES;
				GCC_WARN_ABOUT_RETURN_TYPE = YES_ERROR;
				GCC_WARN_UNDECLARED_SELECTOR = YES;
				GCC_WARN_UNINITIALIZED_AUTOS = YES_AGGRESSIVE;
				GCC_WARN_UNUSED_FUNCTION = YES;
				GCC_WARN_UNUSED_VARIABLE = YES;
				IPHONEOS_DEPLOYMENT_TARGET = 8.0;
				MTL_ENABLE_DEBUG_INFO = YES;
				ONLY_ACTIVE_ARCH = YES;
				SDKROOT = iphoneos;
			};
			name = Debug;
		};
		6BC6221F19D3530E00597D4D /* Release */ = {
			isa = XCBuildConfiguration;
			buildSettings = {
				ALWAYS_SEARCH_USER_PATHS = NO;
				CLANG_CXX_LANGUAGE_STANDARD = "gnu++0x";
				CLANG_CXX_LIBRARY = "libc++";
				CLANG_ENABLE_MODULES = YES;
				CLANG_ENABLE_OBJC_ARC = YES;
				CLANG_WARN_BOOL_CONVERSION = YES;
				CLANG_WARN_CONSTANT_CONVERSION = YES;
				CLANG_WARN_DIRECT_OBJC_ISA_USAGE = YES_ERROR;
				CLANG_WARN_EMPTY_BODY = YES;
				CLANG_WARN_ENUM_CONVERSION = YES;
				CLANG_WARN_INT_CONVERSION = YES;
				CLANG_WARN_OBJC_ROOT_CLASS = YES_ERROR;
				CLANG_WARN_UNREACHABLE_CODE = YES;
				CLANG_WARN__DUPLICATE_METHOD_MATCH = YES;
				COPY_PHASE_STRIP = YES;
				ENABLE_NS_ASSERTIONS = NO;
				ENABLE_STRICT_OBJC_MSGSEND = YES;
				GCC_C_LANGUAGE_STANDARD = gnu99;
				GCC_WARN_64_TO_32_BIT_CONVERSION = YES;
				GCC_WARN_ABOUT_RETURN_TYPE = YES_ERROR;
				GCC_WARN_UNDECLARED_SELECTOR = YES;
				GCC_WARN_UNINITIALIZED_AUTOS = YES_AGGRESSIVE;
				GCC_WARN_UNUSED_FUNCTION = YES;
				GCC_WARN_UNUSED_VARIABLE = YES;
				IPHONEOS_DEPLOYMENT_TARGET = 8.0;
				MTL_ENABLE_DEBUG_INFO = NO;
				SDKROOT = iphoneos;
				VALIDATE_PRODUCT = YES;
			};
			name = Release;
		};
		6BC6222119D3530E00597D4D /* Debug */ = {
			isa = XCBuildConfiguration;
			baseConfigurationReference = 68AE9833227A46B8A42796F6 /* Pods-CouponUtils.xcconfig */;
			buildSettings = {
				FRAMEWORK_SEARCH_PATHS = "$(PROJECT_DIR)/CouponUtils/build/Debug-iphoneos";
				HEADER_SEARCH_PATHS = (
					"$(inherited)",
					/Applications/Xcode.app/Contents/Developer/Toolchains/XcodeDefault.xctoolchain/usr/include,
					"$(SRCROOT)",
				);
				LIBRARY_SEARCH_PATHS = "$(PROJECT_DIR)/CouponUtils/build/Debug-iphoneos";
				OTHER_LDFLAGS = "$(inherited)";
				PRODUCT_NAME = "$(TARGET_NAME)";
				SKIP_INSTALL = YES;
			};
			name = Debug;
		};
		6BC6222219D3530E00597D4D /* Release */ = {
			isa = XCBuildConfiguration;
			baseConfigurationReference = 68AE9833227A46B8A42796F6 /* Pods-CouponUtils.xcconfig */;
			buildSettings = {
				FRAMEWORK_SEARCH_PATHS = "$(PROJECT_DIR)/CouponUtils/build/Debug-iphoneos";
				HEADER_SEARCH_PATHS = (
					"$(inherited)",
					/Applications/Xcode.app/Contents/Developer/Toolchains/XcodeDefault.xctoolchain/usr/include,
					"$(SRCROOT)",
				);
				LIBRARY_SEARCH_PATHS = "$(PROJECT_DIR)/CouponUtils/build/Debug-iphoneos";
				OTHER_LDFLAGS = "$(inherited)";
				PRODUCT_NAME = "$(TARGET_NAME)";
				SKIP_INSTALL = YES;
			};
			name = Release;
		};
/* End XCBuildConfiguration section */

/* Begin XCConfigurationList section */
		6BC6220A19D3530E00597D4D /* Build configuration list for PBXProject "CouponUtils" */ = {
			isa = XCConfigurationList;
			buildConfigurations = (
				6BC6221E19D3530E00597D4D /* Debug */,
				6BC6221F19D3530E00597D4D /* Release */,
			);
			defaultConfigurationIsVisible = 0;
			defaultConfigurationName = Release;
		};
		6BC6222019D3530E00597D4D /* Build configuration list for PBXNativeTarget "CouponUtils" */ = {
			isa = XCConfigurationList;
			buildConfigurations = (
				6BC6222119D3530E00597D4D /* Debug */,
				6BC6222219D3530E00597D4D /* Release */,
			);
			defaultConfigurationIsVisible = 0;
			defaultConfigurationName = Release;
		};
/* End XCConfigurationList section */
	};
	rootObject = 6BC6220719D3530E00597D4D /* Project object */;
}
